{
  "version": 4,
  "terraform_version": "1.10.4",
  "serial": 3872,
  "lineage": "e22e59e4-b6c8-2c04-e3b4-c3f55f6eb42c",
  "outputs": {
    "alb_dns_name": {
      "value": "ext-alb-1573351467.eu-west-2.elb.amazonaws.com",
      "type": "string"
    },
    "alb_target_group_arn": {
      "value": "arn:aws:elasticloadbalancing:eu-west-2:412381775336:targetgroup/nginx-tgt/fe568f93338d150f",
      "type": "string"
    },
    "bastion_public_ip": {
      "value": "35.178.185.52",
      "type": "string"
    },
    "test-serv_public_ip": {
      "value": "18.130.137.117",
      "type": "string"
    }
  },
  "resources": [
    {
      "mode": "data",
      "type": "aws_availability_zones",
      "name": "available",
      "provider": "provider[\"registry.terraform.io/hashicorp/aws\"]",
      "instances": [
        {
          "schema_version": 0,
          "attributes": {
            "all_availability_zones": null,
            "exclude_names": null,
            "exclude_zone_ids": null,
            "filter": null,
            "group_names": [
              "eu-west-2-zg-1"
            ],
            "id": "eu-west-2",
            "names": [
              "eu-west-2a",
              "eu-west-2b",
              "eu-west-2c"
            ],
            "state": "available",
            "timeouts": null,
            "zone_ids": [
              "euw2-az2",
              "euw2-az3",
              "euw2-az1"
            ]
          },
          "sensitive_attributes": []
        }
      ]
    },
    {
      "mode": "managed",
      "type": "aws_acm_certificate",
      "name": "project_cert",
      "provider": "provider[\"registry.terraform.io/hashicorp/aws\"]",
      "instances": [
        {
          "schema_version": 0,
          "attributes": {
            "arn": "arn:aws:acm:eu-west-2:412381775336:certificate/885c9ff5-ac20-4e0c-9d2b-268c26779da3",
            "certificate_authority_arn": "",
            "certificate_body": null,
            "certificate_chain": null,
            "domain_name": "*.kosenuel.ip-ddns.com",
            "domain_validation_options": [
              {
                "domain_name": "*.kosenuel.ip-ddns.com",
                "resource_record_name": "_c07d1107c3beebf9385736e846c3586d.kosenuel.ip-ddns.com.",
                "resource_record_type": "CNAME",
                "resource_record_value": "_c7cf0d591ac30d58112ee6b10b714f6b.zfyfvmchrl.acm-validations.aws."
              }
            ],
            "early_renewal_duration": "",
            "id": "arn:aws:acm:eu-west-2:412381775336:certificate/885c9ff5-ac20-4e0c-9d2b-268c26779da3",
            "key_algorithm": "RSA_2048",
            "not_after": "2026-03-02T23:59:59Z",
            "not_before": "2025-02-01T00:00:00Z",
            "options": [
              {
                "certificate_transparency_logging_preference": "ENABLED"
              }
            ],
            "pending_renewal": false,
            "private_key": null,
            "renewal_eligibility": "ELIGIBLE",
            "renewal_summary": [],
            "status": "ISSUED",
            "subject_alternative_names": [
              "*.kosenuel.ip-ddns.com"
            ],
            "tags": {
              "Environment": "production",
              "Name": "kosenuel.ip-ddns.com-project-cert",
              "Owner": "Emmanuel@kosenuel.com",
              "Project": "PBL",
              "Terraform": "true"
            },
            "tags_all": {
              "Environment": "production",
              "Name": "kosenuel.ip-ddns.com-project-cert",
              "Owner": "Emmanuel@kosenuel.com",
              "Project": "PBL",
              "Terraform": "true"
            },
            "type": "AMAZON_ISSUED",
            "validation_emails": [],
            "validation_method": "DNS",
            "validation_option": []
          },
          "sensitive_attributes": [
            [
              {
                "type": "get_attr",
                "value": "private_key"
              }
            ]
          ],
          "private": "bnVsbA==",
          "dependencies": [
            "aws_route53_zone.project_zone"
          ],
          "create_before_destroy": true
        }
      ]
    },
    {
      "mode": "managed",
      "type": "aws_acm_certificate_validation",
      "name": "project_cert",
      "provider": "provider[\"registry.terraform.io/hashicorp/aws\"]",
      "instances": [
        {
          "schema_version": 0,
          "attributes": {
            "certificate_arn": "arn:aws:acm:eu-west-2:412381775336:certificate/885c9ff5-ac20-4e0c-9d2b-268c26779da3",
            "id": "2025-02-01 23:49:15.265 +0000 UTC",
            "timeouts": null,
            "validation_record_fqdns": [
              "_c07d1107c3beebf9385736e846c3586d.kosenuel.ip-ddns.com"
            ]
          },
          "sensitive_attributes": [],
          "private": "eyJlMmJmYjczMC1lY2FhLTExZTYtOGY4OC0zNDM2M2JjN2M0YzAiOnsiY3JlYXRlIjo0NTAwMDAwMDAwMDAwfX0=",
          "dependencies": [
            "aws_acm_certificate.project_cert",
            "aws_route53_record.project_cert_validation",
            "aws_route53_zone.project_zone"
          ]
        }
      ]
    },
    {
      "mode": "managed",
      "type": "aws_autoscaling_group",
      "name": "nginx-asg",
      "provider": "provider[\"registry.terraform.io/hashicorp/aws\"]",
      "instances": [
        {
          "schema_version": 1,
          "attributes": {
            "arn": "arn:aws:autoscaling:eu-west-2:412381775336:autoScalingGroup:844f0187-14ef-405a-8b96-971afa227786:autoScalingGroupName/nginx-asg",
            "availability_zone_distribution": [
              {
                "capacity_distribution_strategy": "balanced-best-effort"
              }
            ],
            "availability_zones": [
              "eu-west-2a",
              "eu-west-2b",
              "eu-west-2c"
            ],
            "capacity_rebalance": false,
            "context": "",
            "default_cooldown": 300,
            "default_instance_warmup": 0,
            "desired_capacity": 1,
            "desired_capacity_type": "",
            "enabled_metrics": [],
            "force_delete": false,
            "force_delete_warm_pool": false,
            "health_check_grace_period": 300,
            "health_check_type": "ELB",
            "id": "nginx-asg",
            "ignore_failed_scaling_activities": false,
            "initial_lifecycle_hook": [],
            "instance_maintenance_policy": [],
            "instance_refresh": [],
            "launch_configuration": "",
            "launch_template": [
              {
                "id": "lt-0896b7aef09429480",
                "name": "nginx-launch-template",
                "version": "$Latest"
              }
            ],
            "load_balancers": [],
            "max_instance_lifetime": 0,
            "max_size": 2,
            "metrics_granularity": "1Minute",
            "min_elb_capacity": null,
            "min_size": 1,
            "mixed_instances_policy": [],
            "name": "nginx-asg",
            "name_prefix": "",
            "placement_group": "",
            "predicted_capacity": 0,
            "protect_from_scale_in": false,
            "service_linked_role_arn": "arn:aws:iam::412381775336:role/aws-service-role/autoscaling.amazonaws.com/AWSServiceRoleForAutoScaling",
            "suspended_processes": [],
            "tag": [
              {
                "key": "Name",
                "propagate_at_launch": true,
                "value": "nginx-asg"
              }
            ],
            "target_group_arns": [
              "arn:aws:elasticloadbalancing:eu-west-2:412381775336:targetgroup/nginx-tgt/fe568f93338d150f"
            ],
            "termination_policies": [],
            "timeouts": null,
            "traffic_source": [
              {
                "identifier": "arn:aws:elasticloadbalancing:eu-west-2:412381775336:targetgroup/nginx-tgt/fe568f93338d150f",
                "type": "elbv2"
              }
            ],
            "vpc_zone_identifier": [
              "subnet-0986c2d9e5f76b4c8",
              "subnet-0b6d6f9a61dc493f9",
              "subnet-0df3d9cbb64fab087",
              "subnet-0f79c333cf01a648c"
            ],
            "wait_for_capacity_timeout": "10m",
            "wait_for_elb_capacity": null,
            "warm_pool": [],
            "warm_pool_size": 0
          },
          "sensitive_attributes": [],
          "private": "eyJlMmJmYjczMC1lY2FhLTExZTYtOGY4OC0zNDM2M2JjN2M0YzAiOnsiZGVsZXRlIjo2MDAwMDAwMDAwMDAsInVwZGF0ZSI6NjAwMDAwMDAwMDAwfSwic2NoZW1hX3ZlcnNpb24iOiIxIn0=",
          "dependencies": [
            "aws_iam_instance_profile.ip",
            "aws_iam_role.ec2_instance_role",
            "aws_launch_template.nginx-launch-template",
            "aws_lb.int-alb",
            "aws_lb_target_group.nginx-tgt",
            "aws_security_group.int-alb-sg",
            "aws_security_group.webserver-sg",
            "aws_subnet.private",
            "aws_vpc.main",
            "data.aws_availability_zones.available",
            "random_shuffle.az_list"
          ]
        }
      ]
    },
    {
      "mode": "managed",
      "type": "aws_autoscaling_group",
      "name": "tooling-asg",
      "provider": "provider[\"registry.terraform.io/hashicorp/aws\"]",
      "instances": [
        {
          "schema_version": 1,
          "attributes": {
            "arn": "arn:aws:autoscaling:eu-west-2:412381775336:autoScalingGroup:27916bbd-0917-4738-8edb-f81652aec172:autoScalingGroupName/tooling-asg",
            "availability_zone_distribution": [
              {
                "capacity_distribution_strategy": "balanced-best-effort"
              }
            ],
            "availability_zones": [
              "eu-west-2a",
              "eu-west-2b",
              "eu-west-2c"
            ],
            "capacity_rebalance": false,
            "context": "",
            "default_cooldown": 300,
            "default_instance_warmup": 0,
            "desired_capacity": 1,
            "desired_capacity_type": "",
            "enabled_metrics": [],
            "force_delete": false,
            "force_delete_warm_pool": false,
            "health_check_grace_period": 915,
            "health_check_type": "ELB",
            "id": "tooling-asg",
            "ignore_failed_scaling_activities": false,
            "initial_lifecycle_hook": [],
            "instance_maintenance_policy": [],
            "instance_refresh": [],
            "launch_configuration": "",
            "launch_template": [
              {
                "id": "lt-0e8d5ae2f3a2dbaa7",
                "name": "tooling-launch-template",
                "version": "$Latest"
              }
            ],
            "load_balancers": [],
            "max_instance_lifetime": 0,
            "max_size": 2,
            "metrics_granularity": "1Minute",
            "min_elb_capacity": null,
            "min_size": 1,
            "mixed_instances_policy": [],
            "name": "tooling-asg",
            "name_prefix": "",
            "placement_group": "",
            "predicted_capacity": 0,
            "protect_from_scale_in": false,
            "service_linked_role_arn": "arn:aws:iam::412381775336:role/aws-service-role/autoscaling.amazonaws.com/AWSServiceRoleForAutoScaling",
            "suspended_processes": [],
            "tag": [
              {
                "key": "Name",
                "propagate_at_launch": true,
                "value": "tooling-asg"
              }
            ],
            "target_group_arns": [
              "arn:aws:elasticloadbalancing:eu-west-2:412381775336:targetgroup/tooling-tgt/3eaac93e92fa9eed"
            ],
            "termination_policies": [],
            "timeouts": null,
            "traffic_source": [
              {
                "identifier": "arn:aws:elasticloadbalancing:eu-west-2:412381775336:targetgroup/tooling-tgt/3eaac93e92fa9eed",
                "type": "elbv2"
              }
            ],
            "vpc_zone_identifier": [
              "subnet-0986c2d9e5f76b4c8",
              "subnet-0b6d6f9a61dc493f9",
              "subnet-0df3d9cbb64fab087",
              "subnet-0f79c333cf01a648c"
            ],
            "wait_for_capacity_timeout": "10m",
            "wait_for_elb_capacity": null,
            "warm_pool": [],
            "warm_pool_size": 0
          },
          "sensitive_attributes": [],
          "private": "eyJlMmJmYjczMC1lY2FhLTExZTYtOGY4OC0zNDM2M2JjN2M0YzAiOnsiZGVsZXRlIjo2MDAwMDAwMDAwMDAsInVwZGF0ZSI6NjAwMDAwMDAwMDAwfSwic2NoZW1hX3ZlcnNpb24iOiIxIn0=",
          "dependencies": [
            "aws_db_instance.project-rds",
            "aws_db_subnet_group.project-rds",
            "aws_efs_access_point.tooling",
            "aws_efs_file_system.project-efs",
            "aws_iam_instance_profile.ip",
            "aws_iam_role.ec2_instance_role",
            "aws_kms_key.project-kms",
            "aws_launch_template.tooling-launch-template",
            "aws_lb_target_group.tooling-tgt",
            "aws_security_group.datalayer-sg",
            "aws_security_group.webserver-sg",
            "aws_subnet.private",
            "aws_vpc.main",
            "data.aws_availability_zones.available",
            "random_shuffle.az_list"
          ]
        }
      ]
    },
    {
      "mode": "managed",
      "type": "aws_autoscaling_group",
      "name": "wordpress-asg",
      "provider": "provider[\"registry.terraform.io/hashicorp/aws\"]",
      "instances": [
        {
          "schema_version": 1,
          "attributes": {
            "arn": "arn:aws:autoscaling:eu-west-2:412381775336:autoScalingGroup:571fcc66-6dd7-4e2f-97ca-b788af1dfb70:autoScalingGroupName/wordpress-asg",
            "availability_zone_distribution": [
              {
                "capacity_distribution_strategy": "balanced-best-effort"
              }
            ],
            "availability_zones": [
              "eu-west-2a",
              "eu-west-2b",
              "eu-west-2c"
            ],
            "capacity_rebalance": false,
            "context": "",
            "default_cooldown": 300,
            "default_instance_warmup": 0,
            "desired_capacity": 1,
            "desired_capacity_type": "",
            "enabled_metrics": [],
            "force_delete": false,
            "force_delete_warm_pool": false,
            "health_check_grace_period": 915,
            "health_check_type": "ELB",
            "id": "wordpress-asg",
            "ignore_failed_scaling_activities": false,
            "initial_lifecycle_hook": [],
            "instance_maintenance_policy": [],
            "instance_refresh": [],
            "launch_configuration": "",
            "launch_template": [
              {
                "id": "lt-0d3ddface4e3e05c8",
                "name": "wordpress-launch-template",
                "version": "$Latest"
              }
            ],
            "load_balancers": [],
            "max_instance_lifetime": 0,
            "max_size": 2,
            "metrics_granularity": "1Minute",
            "min_elb_capacity": null,
            "min_size": 1,
            "mixed_instances_policy": [],
            "name": "wordpress-asg",
            "name_prefix": "",
            "placement_group": "",
            "predicted_capacity": 0,
            "protect_from_scale_in": false,
            "service_linked_role_arn": "arn:aws:iam::412381775336:role/aws-service-role/autoscaling.amazonaws.com/AWSServiceRoleForAutoScaling",
            "suspended_processes": [],
            "tag": [
              {
                "key": "Name",
                "propagate_at_launch": true,
                "value": "wordpress-asg"
              }
            ],
            "target_group_arns": [
              "arn:aws:elasticloadbalancing:eu-west-2:412381775336:targetgroup/wordpress-tgt/666e87eddc8e252d"
            ],
            "termination_policies": [],
            "timeouts": null,
            "traffic_source": [
              {
                "identifier": "arn:aws:elasticloadbalancing:eu-west-2:412381775336:targetgroup/wordpress-tgt/666e87eddc8e252d",
                "type": "elbv2"
              }
            ],
            "vpc_zone_identifier": [
              "subnet-0986c2d9e5f76b4c8",
              "subnet-0b6d6f9a61dc493f9",
              "subnet-0df3d9cbb64fab087",
              "subnet-0f79c333cf01a648c"
            ],
            "wait_for_capacity_timeout": "10m",
            "wait_for_elb_capacity": null,
            "warm_pool": [],
            "warm_pool_size": 0
          },
          "sensitive_attributes": [],
          "private": "eyJlMmJmYjczMC1lY2FhLTExZTYtOGY4OC0zNDM2M2JjN2M0YzAiOnsiZGVsZXRlIjo2MDAwMDAwMDAwMDAsInVwZGF0ZSI6NjAwMDAwMDAwMDAwfSwic2NoZW1hX3ZlcnNpb24iOiIxIn0=",
          "dependencies": [
            "aws_db_instance.project-rds",
            "aws_db_subnet_group.project-rds",
            "aws_efs_access_point.wordpress",
            "aws_efs_file_system.project-efs",
            "aws_iam_instance_profile.ip",
            "aws_iam_role.ec2_instance_role",
            "aws_kms_key.project-kms",
            "aws_launch_template.wordpress-launch-template",
            "aws_lb_target_group.wordpress-tgt",
            "aws_security_group.datalayer-sg",
            "aws_security_group.webserver-sg",
            "aws_subnet.private",
            "aws_vpc.main",
            "data.aws_availability_zones.available",
            "random_shuffle.az_list"
          ]
        }
      ]
    },
    {
      "mode": "managed",
      "type": "aws_autoscaling_notification",
      "name": "project_notifications",
      "provider": "provider[\"registry.terraform.io/hashicorp/aws\"]",
      "instances": [
        {
          "schema_version": 0,
          "attributes": {
            "group_names": [
              "nginx-asg",
              "tooling-asg",
              "wordpress-asg"
            ],
            "id": "arn:aws:sns:eu-west-2:412381775336:Default_CloudWatch_Alarms_Topic",
            "notifications": [
              "autoscaling:EC2_INSTANCE_LAUNCH",
              "autoscaling:EC2_INSTANCE_LAUNCH_ERROR",
              "autoscaling:EC2_INSTANCE_TERMINATE",
              "autoscaling:EC2_INSTANCE_TERMINATE_ERROR"
            ],
            "topic_arn": "arn:aws:sns:eu-west-2:412381775336:Default_CloudWatch_Alarms_Topic"
          },
          "sensitive_attributes": [],
          "private": "bnVsbA==",
          "dependencies": [
            "aws_autoscaling_group.nginx-asg",
            "aws_autoscaling_group.tooling-asg",
            "aws_autoscaling_group.wordpress-asg",
            "aws_db_instance.project-rds",
            "aws_db_subnet_group.project-rds",
            "aws_efs_access_point.tooling",
            "aws_efs_access_point.wordpress",
            "aws_efs_file_system.project-efs",
            "aws_iam_instance_profile.ip",
            "aws_iam_role.ec2_instance_role",
            "aws_kms_key.project-kms",
            "aws_launch_template.nginx-launch-template",
            "aws_launch_template.tooling-launch-template",
            "aws_launch_template.wordpress-launch-template",
            "aws_lb.int-alb",
            "aws_lb_target_group.nginx-tgt",
            "aws_lb_target_group.tooling-tgt",
            "aws_lb_target_group.wordpress-tgt",
            "aws_security_group.datalayer-sg",
            "aws_security_group.int-alb-sg",
            "aws_security_group.webserver-sg",
            "aws_sns_topic.project-sns",
            "aws_subnet.private",
            "aws_vpc.main",
            "data.aws_availability_zones.available",
            "random_shuffle.az_list"
          ]
        }
      ]
    },
    {
      "mode": "managed",
      "type": "aws_autoscaling_policy",
      "name": "nginx-scale-down",
      "provider": "provider[\"registry.terraform.io/hashicorp/aws\"]",
      "instances": [
        {
          "schema_version": 0,
          "attributes": {
            "adjustment_type": "ChangeInCapacity",
            "arn": "arn:aws:autoscaling:eu-west-2:412381775336:scalingPolicy:e48890b2-f22a-40c1-ae67-454343d60160:autoScalingGroupName/nginx-asg:policyName/nginx-scale-down",
            "autoscaling_group_name": "nginx-asg",
            "cooldown": 300,
            "enabled": true,
            "estimated_instance_warmup": 0,
            "id": "nginx-scale-down",
            "metric_aggregation_type": "",
            "min_adjustment_magnitude": 0,
            "name": "nginx-scale-down",
            "policy_type": "SimpleScaling",
            "predictive_scaling_configuration": [],
            "scaling_adjustment": -1,
            "step_adjustment": [],
            "target_tracking_configuration": []
          },
          "sensitive_attributes": [],
          "private": "bnVsbA==",
          "dependencies": [
            "aws_autoscaling_group.nginx-asg",
            "aws_iam_instance_profile.ip",
            "aws_iam_role.ec2_instance_role",
            "aws_launch_template.nginx-launch-template",
            "aws_lb.int-alb",
            "aws_lb_target_group.nginx-tgt",
            "aws_security_group.int-alb-sg",
            "aws_security_group.webserver-sg",
            "aws_subnet.private",
            "aws_vpc.main",
            "data.aws_availability_zones.available",
            "random_shuffle.az_list"
          ]
        }
      ]
    },
    {
      "mode": "managed",
      "type": "aws_autoscaling_policy",
      "name": "nginx-scale-up",
      "provider": "provider[\"registry.terraform.io/hashicorp/aws\"]",
      "instances": [
        {
          "schema_version": 0,
          "attributes": {
            "adjustment_type": "ChangeInCapacity",
            "arn": "arn:aws:autoscaling:eu-west-2:412381775336:scalingPolicy:5b54c875-b3c0-4865-9736-651e84c78f95:autoScalingGroupName/nginx-asg:policyName/nginx-scale-up",
            "autoscaling_group_name": "nginx-asg",
            "cooldown": 300,
            "enabled": true,
            "estimated_instance_warmup": 0,
            "id": "nginx-scale-up",
            "metric_aggregation_type": "",
            "min_adjustment_magnitude": 0,
            "name": "nginx-scale-up",
            "policy_type": "SimpleScaling",
            "predictive_scaling_configuration": [],
            "scaling_adjustment": 1,
            "step_adjustment": [],
            "target_tracking_configuration": []
          },
          "sensitive_attributes": [],
          "private": "bnVsbA==",
          "dependencies": [
            "aws_autoscaling_group.nginx-asg",
            "aws_iam_instance_profile.ip",
            "aws_iam_role.ec2_instance_role",
            "aws_launch_template.nginx-launch-template",
            "aws_lb.int-alb",
            "aws_lb_target_group.nginx-tgt",
            "aws_security_group.int-alb-sg",
            "aws_security_group.webserver-sg",
            "aws_subnet.private",
            "aws_vpc.main",
            "data.aws_availability_zones.available",
            "random_shuffle.az_list"
          ]
        }
      ]
    },
    {
      "mode": "managed",
      "type": "aws_autoscaling_policy",
      "name": "tooling-scale-down",
      "provider": "provider[\"registry.terraform.io/hashicorp/aws\"]",
      "instances": [
        {
          "schema_version": 0,
          "attributes": {
            "adjustment_type": "ChangeInCapacity",
            "arn": "arn:aws:autoscaling:eu-west-2:412381775336:scalingPolicy:87879ce4-6209-435a-adaa-29c94eea3000:autoScalingGroupName/tooling-asg:policyName/tooling-scale-down",
            "autoscaling_group_name": "tooling-asg",
            "cooldown": 300,
            "enabled": true,
            "estimated_instance_warmup": 0,
            "id": "tooling-scale-down",
            "metric_aggregation_type": "",
            "min_adjustment_magnitude": 0,
            "name": "tooling-scale-down",
            "policy_type": "SimpleScaling",
            "predictive_scaling_configuration": [],
            "scaling_adjustment": -1,
            "step_adjustment": [],
            "target_tracking_configuration": []
          },
          "sensitive_attributes": [],
          "private": "bnVsbA==",
          "dependencies": [
            "aws_autoscaling_group.tooling-asg",
            "aws_db_instance.project-rds",
            "aws_db_subnet_group.project-rds",
            "aws_efs_access_point.tooling",
            "aws_efs_file_system.project-efs",
            "aws_iam_instance_profile.ip",
            "aws_iam_role.ec2_instance_role",
            "aws_kms_key.project-kms",
            "aws_launch_template.tooling-launch-template",
            "aws_lb_target_group.tooling-tgt",
            "aws_security_group.datalayer-sg",
            "aws_security_group.webserver-sg",
            "aws_subnet.private",
            "aws_vpc.main",
            "data.aws_availability_zones.available",
            "random_shuffle.az_list"
          ]
        }
      ]
    },
    {
      "mode": "managed",
      "type": "aws_autoscaling_policy",
      "name": "tooling-scale-up",
      "provider": "provider[\"registry.terraform.io/hashicorp/aws\"]",
      "instances": [
        {
          "schema_version": 0,
          "attributes": {
            "adjustment_type": "ChangeInCapacity",
            "arn": "arn:aws:autoscaling:eu-west-2:412381775336:scalingPolicy:cf3678ca-a700-4d95-a368-5bcf58a9e141:autoScalingGroupName/tooling-asg:policyName/tooling-scale-up",
            "autoscaling_group_name": "tooling-asg",
            "cooldown": 915,
            "enabled": true,
            "estimated_instance_warmup": 0,
            "id": "tooling-scale-up",
            "metric_aggregation_type": "",
            "min_adjustment_magnitude": 0,
            "name": "tooling-scale-up",
            "policy_type": "SimpleScaling",
            "predictive_scaling_configuration": [],
            "scaling_adjustment": 1,
            "step_adjustment": [],
            "target_tracking_configuration": []
          },
          "sensitive_attributes": [],
          "private": "bnVsbA==",
          "dependencies": [
            "aws_autoscaling_group.tooling-asg",
            "aws_db_instance.project-rds",
            "aws_db_subnet_group.project-rds",
            "aws_efs_access_point.tooling",
            "aws_efs_file_system.project-efs",
            "aws_iam_instance_profile.ip",
            "aws_iam_role.ec2_instance_role",
            "aws_kms_key.project-kms",
            "aws_launch_template.tooling-launch-template",
            "aws_lb_target_group.tooling-tgt",
            "aws_security_group.datalayer-sg",
            "aws_security_group.webserver-sg",
            "aws_subnet.private",
            "aws_vpc.main",
            "data.aws_availability_zones.available",
            "random_shuffle.az_list"
          ]
        }
      ]
    },
    {
      "mode": "managed",
      "type": "aws_autoscaling_policy",
      "name": "wordpress-scale-down",
      "provider": "provider[\"registry.terraform.io/hashicorp/aws\"]",
      "instances": [
        {
          "schema_version": 0,
          "attributes": {
            "adjustment_type": "ChangeInCapacity",
            "arn": "arn:aws:autoscaling:eu-west-2:412381775336:scalingPolicy:a7673d47-4830-49d8-aec8-1432d4ae05e6:autoScalingGroupName/wordpress-asg:policyName/wordpress-scale-down",
            "autoscaling_group_name": "wordpress-asg",
            "cooldown": 300,
            "enabled": true,
            "estimated_instance_warmup": 0,
            "id": "wordpress-scale-down",
            "metric_aggregation_type": "",
            "min_adjustment_magnitude": 0,
            "name": "wordpress-scale-down",
            "policy_type": "SimpleScaling",
            "predictive_scaling_configuration": [],
            "scaling_adjustment": -1,
            "step_adjustment": [],
            "target_tracking_configuration": []
          },
          "sensitive_attributes": [],
          "private": "bnVsbA==",
          "dependencies": [
            "aws_autoscaling_group.wordpress-asg",
            "aws_db_instance.project-rds",
            "aws_db_subnet_group.project-rds",
            "aws_efs_access_point.wordpress",
            "aws_efs_file_system.project-efs",
            "aws_iam_instance_profile.ip",
            "aws_iam_role.ec2_instance_role",
            "aws_kms_key.project-kms",
            "aws_launch_template.wordpress-launch-template",
            "aws_lb_target_group.wordpress-tgt",
            "aws_security_group.datalayer-sg",
            "aws_security_group.webserver-sg",
            "aws_subnet.private",
            "aws_vpc.main",
            "data.aws_availability_zones.available",
            "random_shuffle.az_list"
          ]
        }
      ]
    },
    {
      "mode": "managed",
      "type": "aws_autoscaling_policy",
      "name": "wordpress-scale-up",
      "provider": "provider[\"registry.terraform.io/hashicorp/aws\"]",
      "instances": [
        {
          "schema_version": 0,
          "attributes": {
            "adjustment_type": "ChangeInCapacity",
            "arn": "arn:aws:autoscaling:eu-west-2:412381775336:scalingPolicy:43fe5d7b-b7f6-49e3-9c14-d17979b36d01:autoScalingGroupName/wordpress-asg:policyName/wordpress-scale-up",
            "autoscaling_group_name": "wordpress-asg",
            "cooldown": 915,
            "enabled": true,
            "estimated_instance_warmup": 0,
            "id": "wordpress-scale-up",
            "metric_aggregation_type": "",
            "min_adjustment_magnitude": 0,
            "name": "wordpress-scale-up",
            "policy_type": "SimpleScaling",
            "predictive_scaling_configuration": [],
            "scaling_adjustment": 1,
            "step_adjustment": [],
            "target_tracking_configuration": []
          },
          "sensitive_attributes": [],
          "private": "bnVsbA==",
          "dependencies": [
            "aws_autoscaling_group.wordpress-asg",
            "aws_db_instance.project-rds",
            "aws_db_subnet_group.project-rds",
            "aws_efs_access_point.wordpress",
            "aws_efs_file_system.project-efs",
            "aws_iam_instance_profile.ip",
            "aws_iam_role.ec2_instance_role",
            "aws_kms_key.project-kms",
            "aws_launch_template.wordpress-launch-template",
            "aws_lb_target_group.wordpress-tgt",
            "aws_security_group.datalayer-sg",
            "aws_security_group.webserver-sg",
            "aws_subnet.private",
            "aws_vpc.main",
            "data.aws_availability_zones.available",
            "random_shuffle.az_list"
          ]
        }
      ]
    },
    {
      "mode": "managed",
      "type": "aws_cloudwatch_metric_alarm",
      "name": "nginx-cpu-alarm-down",
      "provider": "provider[\"registry.terraform.io/hashicorp/aws\"]",
      "instances": [
        {
          "schema_version": 1,
          "attributes": {
            "actions_enabled": true,
            "alarm_actions": [
              "arn:aws:autoscaling:eu-west-2:412381775336:scalingPolicy:e48890b2-f22a-40c1-ae67-454343d60160:autoScalingGroupName/nginx-asg:policyName/nginx-scale-down"
            ],
            "alarm_description": "This metric monitors the CPU utilization of the Nginx ASG to scale down when CPU usage is low",
            "alarm_name": "nginx-cpu-alarm-down",
            "arn": "arn:aws:cloudwatch:eu-west-2:412381775336:alarm:nginx-cpu-alarm-down",
            "comparison_operator": "LessThanOrEqualToThreshold",
            "datapoints_to_alarm": 0,
            "dimensions": {
              "AutoScalingGroupName": "nginx-asg"
            },
            "evaluate_low_sample_count_percentiles": "",
            "evaluation_periods": 2,
            "extended_statistic": "",
            "id": "nginx-cpu-alarm-down",
            "insufficient_data_actions": [],
            "metric_name": "CPUUtilization",
            "metric_query": [],
            "namespace": "AWS/EC2",
            "ok_actions": [],
            "period": 120,
            "statistic": "Average",
            "tags": {},
            "tags_all": {},
            "threshold": 20,
            "threshold_metric_id": "",
            "treat_missing_data": "missing",
            "unit": ""
          },
          "sensitive_attributes": [],
          "private": "eyJzY2hlbWFfdmVyc2lvbiI6IjEifQ==",
          "dependencies": [
            "aws_autoscaling_group.nginx-asg",
            "aws_autoscaling_policy.nginx-scale-down",
            "aws_iam_instance_profile.ip",
            "aws_iam_role.ec2_instance_role",
            "aws_launch_template.nginx-launch-template",
            "aws_lb.int-alb",
            "aws_lb_target_group.nginx-tgt",
            "aws_security_group.int-alb-sg",
            "aws_security_group.webserver-sg",
            "aws_subnet.private",
            "aws_vpc.main",
            "data.aws_availability_zones.available",
            "random_shuffle.az_list"
          ]
        }
      ]
    },
    {
      "mode": "managed",
      "type": "aws_cloudwatch_metric_alarm",
      "name": "nginx-cpu-alarm-up",
      "provider": "provider[\"registry.terraform.io/hashicorp/aws\"]",
      "instances": [
        {
          "schema_version": 1,
          "attributes": {
            "actions_enabled": true,
            "alarm_actions": [
              "arn:aws:autoscaling:eu-west-2:412381775336:scalingPolicy:5b54c875-b3c0-4865-9736-651e84c78f95:autoScalingGroupName/nginx-asg:policyName/nginx-scale-up"
            ],
            "alarm_description": "This metric monitors the CPU utilization of the Nginx ASG",
            "alarm_name": "nginx-cpu-alarm-up",
            "arn": "arn:aws:cloudwatch:eu-west-2:412381775336:alarm:nginx-cpu-alarm-up",
            "comparison_operator": "GreaterThanOrEqualToThreshold",
            "datapoints_to_alarm": 0,
            "dimensions": {
              "AutoScalingGroupName": "nginx-asg"
            },
            "evaluate_low_sample_count_percentiles": "",
            "evaluation_periods": 2,
            "extended_statistic": "",
            "id": "nginx-cpu-alarm-up",
            "insufficient_data_actions": [],
            "metric_name": "CPUUtilization",
            "metric_query": [],
            "namespace": "AWS/EC2",
            "ok_actions": [],
            "period": 120,
            "statistic": "Average",
            "tags": {},
            "tags_all": {},
            "threshold": 60,
            "threshold_metric_id": "",
            "treat_missing_data": "missing",
            "unit": ""
          },
          "sensitive_attributes": [],
          "private": "eyJzY2hlbWFfdmVyc2lvbiI6IjEifQ==",
          "dependencies": [
            "aws_autoscaling_group.nginx-asg",
            "aws_autoscaling_policy.nginx-scale-up",
            "aws_iam_instance_profile.ip",
            "aws_iam_role.ec2_instance_role",
            "aws_launch_template.nginx-launch-template",
            "aws_lb.int-alb",
            "aws_lb_target_group.nginx-tgt",
            "aws_security_group.int-alb-sg",
            "aws_security_group.webserver-sg",
            "aws_subnet.private",
            "aws_vpc.main",
            "data.aws_availability_zones.available",
            "random_shuffle.az_list"
          ]
        }
      ]
    },
    {
      "mode": "managed",
      "type": "aws_cloudwatch_metric_alarm",
      "name": "tooling-cpu-alarm-down",
      "provider": "provider[\"registry.terraform.io/hashicorp/aws\"]",
      "instances": [
        {
          "schema_version": 1,
          "attributes": {
            "actions_enabled": true,
            "alarm_actions": [
              "arn:aws:autoscaling:eu-west-2:412381775336:scalingPolicy:87879ce4-6209-435a-adaa-29c94eea3000:autoScalingGroupName/tooling-asg:policyName/tooling-scale-down"
            ],
            "alarm_description": "This metric monitors the CPU utilization of the Tooling ASG to scale down when CPU usage is low",
            "alarm_name": "tooling-cpu-alarm-down",
            "arn": "arn:aws:cloudwatch:eu-west-2:412381775336:alarm:tooling-cpu-alarm-down",
            "comparison_operator": "LessThanOrEqualToThreshold",
            "datapoints_to_alarm": 0,
            "dimensions": {
              "AutoScalingGroupName": "tooling-asg"
            },
            "evaluate_low_sample_count_percentiles": "",
            "evaluation_periods": 2,
            "extended_statistic": "",
            "id": "tooling-cpu-alarm-down",
            "insufficient_data_actions": [],
            "metric_name": "CPUUtilization",
            "metric_query": [],
            "namespace": "AWS/EC2",
            "ok_actions": [],
            "period": 120,
            "statistic": "Average",
            "tags": {},
            "tags_all": {},
            "threshold": 20,
            "threshold_metric_id": "",
            "treat_missing_data": "missing",
            "unit": ""
          },
          "sensitive_attributes": [],
          "private": "eyJzY2hlbWFfdmVyc2lvbiI6IjEifQ==",
          "dependencies": [
            "aws_autoscaling_group.tooling-asg",
            "aws_autoscaling_policy.tooling-scale-down",
            "aws_db_instance.project-rds",
            "aws_db_subnet_group.project-rds",
            "aws_efs_access_point.tooling",
            "aws_efs_file_system.project-efs",
            "aws_iam_instance_profile.ip",
            "aws_iam_role.ec2_instance_role",
            "aws_kms_key.project-kms",
            "aws_launch_template.tooling-launch-template",
            "aws_lb_target_group.tooling-tgt",
            "aws_security_group.datalayer-sg",
            "aws_security_group.webserver-sg",
            "aws_subnet.private",
            "aws_vpc.main",
            "data.aws_availability_zones.available",
            "random_shuffle.az_list"
          ]
        }
      ]
    },
    {
      "mode": "managed",
      "type": "aws_cloudwatch_metric_alarm",
      "name": "tooling-cpu-alarm-up",
      "provider": "provider[\"registry.terraform.io/hashicorp/aws\"]",
      "instances": [
        {
          "schema_version": 1,
          "attributes": {
            "actions_enabled": true,
            "alarm_actions": [
              "arn:aws:autoscaling:eu-west-2:412381775336:scalingPolicy:cf3678ca-a700-4d95-a368-5bcf58a9e141:autoScalingGroupName/tooling-asg:policyName/tooling-scale-up"
            ],
            "alarm_description": "This metric monitors the CPU utilization of the Tooling ASG",
            "alarm_name": "tooling-cpu-alarm-up",
            "arn": "arn:aws:cloudwatch:eu-west-2:412381775336:alarm:tooling-cpu-alarm-up",
            "comparison_operator": "GreaterThanOrEqualToThreshold",
            "datapoints_to_alarm": 0,
            "dimensions": {
              "AutoScalingGroupName": "tooling-asg"
            },
            "evaluate_low_sample_count_percentiles": "",
            "evaluation_periods": 2,
            "extended_statistic": "",
            "id": "tooling-cpu-alarm-up",
            "insufficient_data_actions": [],
            "metric_name": "CPUUtilization",
            "metric_query": [],
            "namespace": "AWS/EC2",
            "ok_actions": [],
            "period": 120,
            "statistic": "Average",
            "tags": {},
            "tags_all": {},
            "threshold": 60,
            "threshold_metric_id": "",
            "treat_missing_data": "missing",
            "unit": ""
          },
          "sensitive_attributes": [],
          "private": "eyJzY2hlbWFfdmVyc2lvbiI6IjEifQ==",
          "dependencies": [
            "aws_autoscaling_group.tooling-asg",
            "aws_autoscaling_policy.tooling-scale-up",
            "aws_db_instance.project-rds",
            "aws_db_subnet_group.project-rds",
            "aws_efs_access_point.tooling",
            "aws_efs_file_system.project-efs",
            "aws_iam_instance_profile.ip",
            "aws_iam_role.ec2_instance_role",
            "aws_kms_key.project-kms",
            "aws_launch_template.tooling-launch-template",
            "aws_lb_target_group.tooling-tgt",
            "aws_security_group.datalayer-sg",
            "aws_security_group.webserver-sg",
            "aws_subnet.private",
            "aws_vpc.main",
            "data.aws_availability_zones.available",
            "random_shuffle.az_list"
          ]
        }
      ]
    },
    {
      "mode": "managed",
      "type": "aws_cloudwatch_metric_alarm",
      "name": "wordpress-cpu-alarm-down",
      "provider": "provider[\"registry.terraform.io/hashicorp/aws\"]",
      "instances": [
        {
          "schema_version": 1,
          "attributes": {
            "actions_enabled": true,
            "alarm_actions": [
              "arn:aws:autoscaling:eu-west-2:412381775336:scalingPolicy:a7673d47-4830-49d8-aec8-1432d4ae05e6:autoScalingGroupName/wordpress-asg:policyName/wordpress-scale-down"
            ],
            "alarm_description": "This metric monitors the CPU utilization of the WordPress ASG to scale down when CPU usage is low",
            "alarm_name": "wordpress-cpu-alarm-down",
            "arn": "arn:aws:cloudwatch:eu-west-2:412381775336:alarm:wordpress-cpu-alarm-down",
            "comparison_operator": "LessThanOrEqualToThreshold",
            "datapoints_to_alarm": 0,
            "dimensions": {
              "AutoScalingGroupName": "wordpress-asg"
            },
            "evaluate_low_sample_count_percentiles": "",
            "evaluation_periods": 2,
            "extended_statistic": "",
            "id": "wordpress-cpu-alarm-down",
            "insufficient_data_actions": [],
            "metric_name": "CPUUtilization",
            "metric_query": [],
            "namespace": "AWS/EC2",
            "ok_actions": [],
            "period": 120,
            "statistic": "Average",
            "tags": {},
            "tags_all": {},
            "threshold": 20,
            "threshold_metric_id": "",
            "treat_missing_data": "missing",
            "unit": ""
          },
          "sensitive_attributes": [],
          "private": "eyJzY2hlbWFfdmVyc2lvbiI6IjEifQ==",
          "dependencies": [
            "aws_autoscaling_group.wordpress-asg",
            "aws_autoscaling_policy.wordpress-scale-down",
            "aws_db_instance.project-rds",
            "aws_db_subnet_group.project-rds",
            "aws_efs_access_point.wordpress",
            "aws_efs_file_system.project-efs",
            "aws_iam_instance_profile.ip",
            "aws_iam_role.ec2_instance_role",
            "aws_kms_key.project-kms",
            "aws_launch_template.wordpress-launch-template",
            "aws_lb_target_group.wordpress-tgt",
            "aws_security_group.datalayer-sg",
            "aws_security_group.webserver-sg",
            "aws_subnet.private",
            "aws_vpc.main",
            "data.aws_availability_zones.available",
            "random_shuffle.az_list"
          ]
        }
      ]
    },
    {
      "mode": "managed",
      "type": "aws_cloudwatch_metric_alarm",
      "name": "wordpress-cpu-alarm-up",
      "provider": "provider[\"registry.terraform.io/hashicorp/aws\"]",
      "instances": [
        {
          "schema_version": 1,
          "attributes": {
            "actions_enabled": true,
            "alarm_actions": [
              "arn:aws:autoscaling:eu-west-2:412381775336:scalingPolicy:43fe5d7b-b7f6-49e3-9c14-d17979b36d01:autoScalingGroupName/wordpress-asg:policyName/wordpress-scale-up"
            ],
            "alarm_description": "This metric monitors the CPU utilization of the WordPress ASG",
            "alarm_name": "wordpress-cpu-alarm-up",
            "arn": "arn:aws:cloudwatch:eu-west-2:412381775336:alarm:wordpress-cpu-alarm-up",
            "comparison_operator": "GreaterThanOrEqualToThreshold",
            "datapoints_to_alarm": 0,
            "dimensions": {
              "AutoScalingGroupName": "wordpress-asg"
            },
            "evaluate_low_sample_count_percentiles": "",
            "evaluation_periods": 2,
            "extended_statistic": "",
            "id": "wordpress-cpu-alarm-up",
            "insufficient_data_actions": [],
            "metric_name": "CPUUtilization",
            "metric_query": [],
            "namespace": "AWS/EC2",
            "ok_actions": [],
            "period": 120,
            "statistic": "Average",
            "tags": {},
            "tags_all": {},
            "threshold": 60,
            "threshold_metric_id": "",
            "treat_missing_data": "missing",
            "unit": ""
          },
          "sensitive_attributes": [],
          "private": "eyJzY2hlbWFfdmVyc2lvbiI6IjEifQ==",
          "dependencies": [
            "aws_autoscaling_group.wordpress-asg",
            "aws_autoscaling_policy.wordpress-scale-up",
            "aws_db_instance.project-rds",
            "aws_db_subnet_group.project-rds",
            "aws_efs_access_point.wordpress",
            "aws_efs_file_system.project-efs",
            "aws_iam_instance_profile.ip",
            "aws_iam_role.ec2_instance_role",
            "aws_kms_key.project-kms",
            "aws_launch_template.wordpress-launch-template",
            "aws_lb_target_group.wordpress-tgt",
            "aws_security_group.datalayer-sg",
            "aws_security_group.webserver-sg",
            "aws_subnet.private",
            "aws_vpc.main",
            "data.aws_availability_zones.available",
            "random_shuffle.az_list"
          ]
        }
      ]
    },
    {
      "mode": "managed",
      "type": "aws_db_instance",
      "name": "project-rds",
      "provider": "provider[\"registry.terraform.io/hashicorp/aws\"]",
      "instances": [
        {
          "schema_version": 2,
          "attributes": {
            "address": "terraform-20250201234858070800000007.c3e2qugyuyx8.eu-west-2.rds.amazonaws.com",
            "allocated_storage": 20,
            "allow_major_version_upgrade": null,
            "apply_immediately": false,
            "arn": "arn:aws:rds:eu-west-2:412381775336:db:terraform-20250201234858070800000007",
            "auto_minor_version_upgrade": true,
            "availability_zone": "eu-west-2b",
            "backup_retention_period": 0,
            "backup_target": "region",
            "backup_window": "04:27-04:57",
            "blue_green_update": [],
            "ca_cert_identifier": "rds-ca-rsa2048-g1",
            "character_set_name": "",
            "copy_tags_to_snapshot": false,
            "custom_iam_instance_profile": "",
            "customer_owned_ip_enabled": false,
            "db_name": "projectdb",
            "db_subnet_group_name": "project-rds",
            "dedicated_log_volume": false,
            "delete_automated_backups": true,
            "deletion_protection": false,
            "domain": "",
            "domain_auth_secret_arn": "",
            "domain_dns_ips": [],
            "domain_fqdn": "",
            "domain_iam_role_name": "",
            "domain_ou": "",
            "enabled_cloudwatch_logs_exports": [],
            "endpoint": "terraform-20250201234858070800000007.c3e2qugyuyx8.eu-west-2.rds.amazonaws.com:3306",
            "engine": "mysql",
            "engine_lifecycle_support": "open-source-rds-extended-support",
            "engine_version": "8.0.35",
            "engine_version_actual": "8.0.35",
            "final_snapshot_identifier": null,
            "hosted_zone_id": "Z1TTGA775OQIYO",
            "iam_database_authentication_enabled": false,
            "id": "db-5MSV3WDM3ONIJAYTFIU3NI4VMA",
            "identifier": "terraform-20250201234858070800000007",
            "identifier_prefix": "terraform-",
            "instance_class": "db.t3.micro",
            "iops": 3000,
            "kms_key_id": "",
            "latest_restorable_time": "",
            "license_model": "general-public-license",
            "listener_endpoint": [],
            "maintenance_window": "sat:02:44-sat:03:14",
            "manage_master_user_password": null,
            "master_user_secret": [],
            "master_user_secret_kms_key_id": null,
            "max_allocated_storage": 0,
            "monitoring_interval": 0,
            "monitoring_role_arn": "",
            "multi_az": false,
            "nchar_character_set_name": "",
            "network_type": "IPV4",
            "option_group_name": "default:mysql-8-0",
            "parameter_group_name": "default.mysql8.0",
            "password": "devopsacts",
            "performance_insights_enabled": false,
            "performance_insights_kms_key_id": "",
            "performance_insights_retention_period": 0,
            "port": 3306,
            "publicly_accessible": false,
            "replica_mode": "",
            "replicas": [],
            "replicate_source_db": "",
            "resource_id": "db-5MSV3WDM3ONIJAYTFIU3NI4VMA",
            "restore_to_point_in_time": [],
            "s3_import": [],
            "skip_final_snapshot": true,
            "snapshot_identifier": null,
            "status": "available",
            "storage_encrypted": false,
            "storage_throughput": 125,
            "storage_type": "gp3",
            "tags": {
              "Environment": "production",
              "Name": "project-rds",
              "Owner": "Emmanuel@kosenuel.com",
              "Project": "PBL",
              "Terraform": "true"
            },
            "tags_all": {
              "Environment": "production",
              "Name": "project-rds",
              "Owner": "Emmanuel@kosenuel.com",
              "Project": "PBL",
              "Terraform": "true"
            },
            "timeouts": null,
            "timezone": "",
            "upgrade_storage_config": null,
            "username": "admin",
            "vpc_security_group_ids": [
              "sg-09d2a9ba50800b8d9"
            ]
          },
          "sensitive_attributes": [
            [
              {
                "type": "get_attr",
                "value": "password"
              }
            ]
          ],
          "private": "eyJlMmJmYjczMC1lY2FhLTExZTYtOGY4OC0zNDM2M2JjN2M0YzAiOnsiY3JlYXRlIjozMDAwMDAwMDAwMDAwLCJkZWxldGUiOjM2MDAwMDAwMDAwMDAsInVwZGF0ZSI6NDgwMDAwMDAwMDAwMH0sInNjaGVtYV92ZXJzaW9uIjoiMiJ9",
          "dependencies": [
            "aws_db_subnet_group.project-rds",
            "aws_security_group.datalayer-sg",
            "aws_subnet.private",
            "aws_vpc.main",
            "data.aws_availability_zones.available"
          ]
        }
      ]
    },
    {
      "mode": "managed",
      "type": "aws_db_subnet_group",
      "name": "project-rds",
      "provider": "provider[\"registry.terraform.io/hashicorp/aws\"]",
      "instances": [
        {
          "schema_version": 0,
          "attributes": {
            "arn": "arn:aws:rds:eu-west-2:412381775336:subgrp:project-rds",
            "description": "Project RDS Subnet Group",
            "id": "project-rds",
            "name": "project-rds",
            "name_prefix": "",
            "subnet_ids": [
              "subnet-0df3d9cbb64fab087",
              "subnet-0f79c333cf01a648c"
            ],
            "supported_network_types": [
              "IPV4"
            ],
            "tags": {
              "Environment": "production",
              "Name": "project-rds",
              "Owner": "Emmanuel@kosenuel.com",
              "Project": "PBL",
              "Terraform": "true"
            },
            "tags_all": {
              "Environment": "production",
              "Name": "project-rds",
              "Owner": "Emmanuel@kosenuel.com",
              "Project": "PBL",
              "Terraform": "true"
            },
            "vpc_id": "vpc-083b2309153c374d3"
          },
          "sensitive_attributes": [],
          "private": "bnVsbA==",
          "dependencies": [
            "aws_subnet.private",
            "aws_vpc.main",
            "data.aws_availability_zones.available"
          ]
        }
      ]
    },
    {
      "mode": "managed",
      "type": "aws_efs_access_point",
      "name": "tooling",
      "provider": "provider[\"registry.terraform.io/hashicorp/aws\"]",
      "instances": [
        {
          "schema_version": 0,
          "attributes": {
            "arn": "arn:aws:elasticfilesystem:eu-west-2:412381775336:access-point/fsap-016623d9e27ea85ab",
            "file_system_arn": "arn:aws:elasticfilesystem:eu-west-2:412381775336:file-system/fs-0a0c0dcac3d31ce0f",
            "file_system_id": "fs-0a0c0dcac3d31ce0f",
            "id": "fsap-016623d9e27ea85ab",
            "owner_id": "412381775336",
            "posix_user": [
              {
                "gid": 0,
                "secondary_gids": [],
                "uid": 0
              }
            ],
            "root_directory": [
              {
                "creation_info": [
                  {
                    "owner_gid": 0,
                    "owner_uid": 0,
                    "permissions": "755"
                  }
                ],
                "path": "/tooling"
              }
            ],
            "tags": {
              "Environment": "production",
              "Name": "tooling-ap",
              "Owner": "Emmanuel@kosenuel.com",
              "Project": "PBL",
              "Terraform": "true"
            },
            "tags_all": {
              "Environment": "production",
              "Name": "tooling-ap",
              "Owner": "Emmanuel@kosenuel.com",
              "Project": "PBL",
              "Terraform": "true"
            }
          },
          "sensitive_attributes": [],
          "private": "bnVsbA==",
          "dependencies": [
            "aws_efs_file_system.project-efs",
            "aws_kms_key.project-kms"
          ]
        }
      ]
    },
    {
      "mode": "managed",
      "type": "aws_efs_access_point",
      "name": "wordpress",
      "provider": "provider[\"registry.terraform.io/hashicorp/aws\"]",
      "instances": [
        {
          "schema_version": 0,
          "attributes": {
            "arn": "arn:aws:elasticfilesystem:eu-west-2:412381775336:access-point/fsap-096008f016acc742f",
            "file_system_arn": "arn:aws:elasticfilesystem:eu-west-2:412381775336:file-system/fs-0a0c0dcac3d31ce0f",
            "file_system_id": "fs-0a0c0dcac3d31ce0f",
            "id": "fsap-096008f016acc742f",
            "owner_id": "412381775336",
            "posix_user": [
              {
                "gid": 0,
                "secondary_gids": [],
                "uid": 0
              }
            ],
            "root_directory": [
              {
                "creation_info": [
                  {
                    "owner_gid": 0,
                    "owner_uid": 0,
                    "permissions": "755"
                  }
                ],
                "path": "/wordpress"
              }
            ],
            "tags": {
              "Environment": "production",
              "Name": "wordpress-ap",
              "Owner": "Emmanuel@kosenuel.com",
              "Project": "PBL",
              "Terraform": "true"
            },
            "tags_all": {
              "Environment": "production",
              "Name": "wordpress-ap",
              "Owner": "Emmanuel@kosenuel.com",
              "Project": "PBL",
              "Terraform": "true"
            }
          },
          "sensitive_attributes": [],
          "private": "bnVsbA==",
          "dependencies": [
            "aws_efs_file_system.project-efs",
            "aws_kms_key.project-kms"
          ],
          "create_before_destroy": true
        }
      ]
    },
    {
      "mode": "managed",
      "type": "aws_efs_file_system",
      "name": "project-efs",
      "provider": "provider[\"registry.terraform.io/hashicorp/aws\"]",
      "instances": [
        {
          "schema_version": 0,
          "attributes": {
            "arn": "arn:aws:elasticfilesystem:eu-west-2:412381775336:file-system/fs-0a0c0dcac3d31ce0f",
            "availability_zone_id": "",
            "availability_zone_name": "",
            "creation_token": "terraform-20250201234832419000000002",
            "dns_name": "fs-0a0c0dcac3d31ce0f.efs.eu-west-2.amazonaws.com",
            "encrypted": true,
            "id": "fs-0a0c0dcac3d31ce0f",
            "kms_key_id": "arn:aws:kms:eu-west-2:412381775336:key/ff80e783-fd4c-4f39-99ae-85fab018a531",
            "lifecycle_policy": [],
            "name": "project-efs",
            "number_of_mount_targets": 2,
            "owner_id": "412381775336",
            "performance_mode": "generalPurpose",
            "protection": [
              {
                "replication_overwrite": "ENABLED"
              }
            ],
            "provisioned_throughput_in_mibps": 0,
            "size_in_bytes": [
              {
                "value": 91482112,
                "value_in_ia": 0,
                "value_in_standard": 91482112
              }
            ],
            "tags": {
              "Environment": "production",
              "Name": "project-efs",
              "Owner": "Emmanuel@kosenuel.com",
              "Project": "PBL",
              "Terraform": "true"
            },
            "tags_all": {
              "Environment": "production",
              "Name": "project-efs",
              "Owner": "Emmanuel@kosenuel.com",
              "Project": "PBL",
              "Terraform": "true"
            },
            "throughput_mode": "bursting"
          },
          "sensitive_attributes": [],
          "private": "bnVsbA==",
          "dependencies": [
            "aws_kms_key.project-kms"
          ]
        }
      ]
    },
    {
      "mode": "managed",
      "type": "aws_efs_mount_target",
      "name": "private-1",
      "provider": "provider[\"registry.terraform.io/hashicorp/aws\"]",
      "instances": [
        {
          "schema_version": 0,
          "attributes": {
            "availability_zone_id": "euw2-az2",
            "availability_zone_name": "eu-west-2a",
            "dns_name": "fs-0a0c0dcac3d31ce0f.efs.eu-west-2.amazonaws.com",
            "file_system_arn": "arn:aws:elasticfilesystem:eu-west-2:412381775336:file-system/fs-0a0c0dcac3d31ce0f",
            "file_system_id": "fs-0a0c0dcac3d31ce0f",
            "id": "fsmt-007cb806f192819df",
            "ip_address": "172.16.14.199",
            "mount_target_dns_name": "eu-west-2a.fs-0a0c0dcac3d31ce0f.efs.eu-west-2.amazonaws.com",
            "network_interface_id": "eni-05fd324cfc7596a77",
            "owner_id": "412381775336",
            "security_groups": [
              "sg-09d2a9ba50800b8d9"
            ],
            "subnet_id": "subnet-0f79c333cf01a648c",
            "timeouts": null
          },
          "sensitive_attributes": [],
          "private": "eyJlMmJmYjczMC1lY2FhLTExZTYtOGY4OC0zNDM2M2JjN2M0YzAiOnsiY3JlYXRlIjoxODAwMDAwMDAwMDAwLCJkZWxldGUiOjYwMDAwMDAwMDAwMH19",
          "dependencies": [
            "aws_efs_file_system.project-efs",
            "aws_kms_key.project-kms",
            "aws_security_group.datalayer-sg",
            "aws_subnet.private",
            "aws_vpc.main",
            "data.aws_availability_zones.available"
          ]
        }
      ]
    },
    {
      "mode": "managed",
      "type": "aws_efs_mount_target",
      "name": "private-2",
      "provider": "provider[\"registry.terraform.io/hashicorp/aws\"]",
      "instances": [
        {
          "schema_version": 0,
          "attributes": {
            "availability_zone_id": "euw2-az3",
            "availability_zone_name": "eu-west-2b",
            "dns_name": "fs-0a0c0dcac3d31ce0f.efs.eu-west-2.amazonaws.com",
            "file_system_arn": "arn:aws:elasticfilesystem:eu-west-2:412381775336:file-system/fs-0a0c0dcac3d31ce0f",
            "file_system_id": "fs-0a0c0dcac3d31ce0f",
            "id": "fsmt-062dce4592c97a8f1",
            "ip_address": "172.16.28.226",
            "mount_target_dns_name": "eu-west-2b.fs-0a0c0dcac3d31ce0f.efs.eu-west-2.amazonaws.com",
            "network_interface_id": "eni-0f583366b9516d3a7",
            "owner_id": "412381775336",
            "security_groups": [
              "sg-09d2a9ba50800b8d9"
            ],
            "subnet_id": "subnet-0df3d9cbb64fab087",
            "timeouts": null
          },
          "sensitive_attributes": [],
          "private": "eyJlMmJmYjczMC1lY2FhLTExZTYtOGY4OC0zNDM2M2JjN2M0YzAiOnsiY3JlYXRlIjoxODAwMDAwMDAwMDAwLCJkZWxldGUiOjYwMDAwMDAwMDAwMH19",
          "dependencies": [
            "aws_efs_file_system.project-efs",
            "aws_kms_key.project-kms",
            "aws_security_group.datalayer-sg",
            "aws_subnet.private",
            "aws_vpc.main",
            "data.aws_availability_zones.available"
          ]
        }
      ]
    },
    {
      "mode": "managed",
      "type": "aws_eip",
      "name": "nat_eip",
      "provider": "provider[\"registry.terraform.io/hashicorp/aws\"]",
      "instances": [
        {
          "schema_version": 0,
          "attributes": {
            "address": null,
            "allocation_id": "eipalloc-0d8acea104f4be7f3",
            "arn": "arn:aws:ec2:eu-west-2:412381775336:elastic-ip/eipalloc-0d8acea104f4be7f3",
            "associate_with_private_ip": null,
            "association_id": "eipassoc-0fd74c706c256dfb1",
            "carrier_ip": "",
            "customer_owned_ip": "",
            "customer_owned_ipv4_pool": "",
            "domain": "vpc",
            "id": "eipalloc-0d8acea104f4be7f3",
            "instance": "",
            "ipam_pool_id": null,
            "network_border_group": "eu-west-2",
            "network_interface": "eni-0d2b45cff0f940e62",
            "private_dns": "ip-172-16-73-218.eu-west-2.compute.internal",
            "private_ip": "172.16.73.218",
            "ptr_record": "",
            "public_dns": "ec2-18-135-25-164.eu-west-2.compute.amazonaws.com",
            "public_ip": "18.135.25.164",
            "public_ipv4_pool": "amazon",
            "tags": {
              "Environment": "production",
              "Name": "production-EIP",
              "Owner": "Emmanuel@kosenuel.com",
              "Project": "PBL",
              "Terraform": "true"
            },
            "tags_all": {
              "Environment": "production",
              "Name": "production-EIP",
              "Owner": "Emmanuel@kosenuel.com",
              "Project": "PBL",
              "Terraform": "true"
            },
            "timeouts": null,
            "vpc": true
          },
          "sensitive_attributes": [],
          "private": "eyJlMmJmYjczMC1lY2FhLTExZTYtOGY4OC0zNDM2M2JjN2M0YzAiOnsiZGVsZXRlIjoxODAwMDAwMDAwMDAsInJlYWQiOjkwMDAwMDAwMDAwMCwidXBkYXRlIjozMDAwMDAwMDAwMDB9fQ=="
        }
      ]
    },
    {
      "mode": "managed",
      "type": "aws_iam_instance_profile",
      "name": "ip",
      "provider": "provider[\"registry.terraform.io/hashicorp/aws\"]",
      "instances": [
        {
          "schema_version": 0,
          "attributes": {
            "arn": "arn:aws:iam::412381775336:instance-profile/aws_iam_instance_profile_test",
            "create_date": "2025-02-01T23:48:30Z",
            "id": "aws_iam_instance_profile_test",
            "name": "aws_iam_instance_profile_test",
            "name_prefix": "",
            "path": "/",
            "role": "ec2_instance_role",
            "tags": {},
            "tags_all": {},
            "unique_id": "AIPAWAA66QXUDRL73PLJV"
          },
          "sensitive_attributes": [],
          "private": "bnVsbA==",
          "dependencies": [
            "aws_iam_role.ec2_instance_role"
          ],
          "create_before_destroy": true
        }
      ]
    },
    {
      "mode": "managed",
      "type": "aws_iam_policy",
      "name": "ec2_policy",
      "provider": "provider[\"registry.terraform.io/hashicorp/aws\"]",
      "instances": [
        {
          "schema_version": 0,
          "attributes": {
            "arn": "arn:aws:iam::412381775336:policy/ec2_instance_policy",
            "attachment_count": 1,
            "description": "This is a policy to grant access to all ec2 resource(s)",
            "id": "arn:aws:iam::412381775336:policy/ec2_instance_policy",
            "name": "ec2_instance_policy",
            "name_prefix": "",
            "path": "/",
            "policy": "{\"Statement\":[{\"Action\":[\"ec2:Describe*\"],\"Effect\":\"Allow\",\"Resource\":\"*\"}],\"Version\":\"2012-10-17\"}",
            "policy_id": "ANPAWAA66QXUDPAX43PKX",
            "tags": {
              "Environment": "production",
              "Name": "aws assume policy",
              "Owner": "Emmanuel@kosenuel.com",
              "Project": "PBL",
              "Terraform": "true"
            },
            "tags_all": {
              "Environment": "production",
              "Name": "aws assume policy",
              "Owner": "Emmanuel@kosenuel.com",
              "Project": "PBL",
              "Terraform": "true"
            }
          },
          "sensitive_attributes": [],
          "private": "bnVsbA=="
        }
      ]
    },
    {
      "mode": "managed",
      "type": "aws_iam_role",
      "name": "ec2_instance_role",
      "provider": "provider[\"registry.terraform.io/hashicorp/aws\"]",
      "instances": [
        {
          "schema_version": 0,
          "attributes": {
            "arn": "arn:aws:iam::412381775336:role/ec2_instance_role",
            "assume_role_policy": "{\"Statement\":[{\"Action\":\"sts:AssumeRole\",\"Effect\":\"Allow\",\"Principal\":{\"Service\":\"ec2.amazonaws.com\"},\"Sid\":\"\"}],\"Version\":\"2012-10-17\"}",
            "create_date": "2025-02-01T23:48:28Z",
            "description": "",
            "force_detach_policies": false,
            "id": "ec2_instance_role",
            "inline_policy": [
              {
                "name": "AllowEFSToDecryptKMSKey",
                "policy": "{\"Version\":\"2012-10-17\",\"Statement\":[{\"Action\":\"kms:Decrypt\",\"Effect\":\"Allow\",\"Resource\":\"arn:aws:kms:eu-west-2:412381775336:key/ff80e783-fd4c-4f39-99ae-85fab018a531\"}]}"
              }
            ],
            "managed_policy_arns": [
              "arn:aws:iam::412381775336:policy/ec2_instance_policy"
            ],
            "max_session_duration": 3600,
            "name": "ec2_instance_role",
            "name_prefix": "",
            "path": "/",
            "permissions_boundary": "",
            "tags": {
              "Environment": "production",
              "Name": "aws assume role",
              "Owner": "Emmanuel@kosenuel.com",
              "Project": "PBL",
              "Terraform": "true"
            },
            "tags_all": {
              "Environment": "production",
              "Name": "aws assume role",
              "Owner": "Emmanuel@kosenuel.com",
              "Project": "PBL",
              "Terraform": "true"
            },
            "unique_id": "AROAWAA66QXUIYWXQUJZS"
          },
          "sensitive_attributes": [],
          "private": "bnVsbA==",
          "create_before_destroy": true
        }
      ]
    },
    {
      "mode": "managed",
      "type": "aws_iam_role_policy",
      "name": "efs_kms_decrypt",
      "provider": "provider[\"registry.terraform.io/hashicorp/aws\"]",
      "instances": [
        {
          "schema_version": 0,
          "attributes": {
            "id": "ec2_instance_role:AllowEFSToDecryptKMSKey",
            "name": "AllowEFSToDecryptKMSKey",
            "name_prefix": "",
            "policy": "{\"Version\":\"2012-10-17\",\"Statement\":[{\"Action\":\"kms:Decrypt\",\"Effect\":\"Allow\",\"Resource\":\"arn:aws:kms:eu-west-2:412381775336:key/ff80e783-fd4c-4f39-99ae-85fab018a531\"}]}",
            "role": "ec2_instance_role"
          },
          "sensitive_attributes": [],
          "private": "bnVsbA==",
          "dependencies": [
            "aws_iam_role.ec2_instance_role",
            "aws_kms_key.project-kms"
          ]
        }
      ]
    },
    {
      "mode": "managed",
      "type": "aws_iam_role_policy_attachment",
      "name": "ec2-attach-policy",
      "provider": "provider[\"registry.terraform.io/hashicorp/aws\"]",
      "instances": [
        {
          "schema_version": 0,
          "attributes": {
            "id": "ec2_instance_role-20250201234833566700000003",
            "policy_arn": "arn:aws:iam::412381775336:policy/ec2_instance_policy",
            "role": "ec2_instance_role"
          },
          "sensitive_attributes": [],
          "private": "bnVsbA==",
          "dependencies": [
            "aws_iam_policy.ec2_policy",
            "aws_iam_role.ec2_instance_role"
          ]
        }
      ]
    },
    {
      "mode": "managed",
      "type": "aws_instance",
      "name": "bastion-host",
      "provider": "provider[\"registry.terraform.io/hashicorp/aws\"]",
      "instances": [
        {
          "schema_version": 1,
          "attributes": {
            "ami": "ami-091f18e98bc129c4e",
            "arn": "arn:aws:ec2:eu-west-2:412381775336:instance/i-0888bdaf8c182293e",
            "associate_public_ip_address": true,
            "availability_zone": "eu-west-2a",
            "capacity_reservation_specification": [
              {
                "capacity_reservation_preference": "open",
                "capacity_reservation_target": []
              }
            ],
            "cpu_core_count": 1,
            "cpu_options": [
              {
                "amd_sev_snp": "",
                "core_count": 1,
                "threads_per_core": 1
              }
            ],
            "cpu_threads_per_core": 1,
            "credit_specification": [
              {
                "cpu_credits": "standard"
              }
            ],
            "disable_api_stop": false,
            "disable_api_termination": false,
            "ebs_block_device": [],
            "ebs_optimized": false,
            "enable_primary_ipv6": null,
            "enclave_options": [
              {
                "enabled": false
              }
            ],
            "ephemeral_block_device": [],
            "get_password_data": false,
            "hibernation": false,
            "host_id": "",
            "host_resource_group_arn": null,
            "iam_instance_profile": "",
            "id": "i-0888bdaf8c182293e",
            "instance_initiated_shutdown_behavior": "stop",
            "instance_lifecycle": "",
            "instance_market_options": [],
            "instance_state": "running",
            "instance_type": "t2.micro",
            "ipv6_address_count": 0,
            "ipv6_addresses": [],
            "key_name": "Bukasiation's-SSH-Key",
            "launch_template": [],
            "maintenance_options": [
              {
                "auto_recovery": "default"
              }
            ],
            "metadata_options": [
              {
                "http_endpoint": "enabled",
                "http_protocol_ipv6": "disabled",
                "http_put_response_hop_limit": 2,
                "http_tokens": "required",
                "instance_metadata_tags": "disabled"
              }
            ],
            "monitoring": false,
            "network_interface": [],
            "outpost_arn": "",
            "password_data": "",
            "placement_group": "",
            "placement_partition_number": 0,
            "primary_network_interface_id": "eni-0acc03ae898543c11",
            "private_dns": "ip-172-16-70-82.eu-west-2.compute.internal",
            "private_dns_name_options": [
              {
                "enable_resource_name_dns_a_record": false,
                "enable_resource_name_dns_aaaa_record": false,
                "hostname_type": "ip-name"
              }
            ],
            "private_ip": "172.16.70.82",
            "public_dns": "ec2-35-178-185-52.eu-west-2.compute.amazonaws.com",
            "public_ip": "35.178.185.52",
            "root_block_device": [
              {
                "delete_on_termination": true,
                "device_name": "/dev/sda1",
                "encrypted": false,
                "iops": 3000,
                "kms_key_id": "",
                "tags": {},
                "tags_all": {},
                "throughput": 125,
                "volume_id": "vol-05173bacbd7a7baa4",
                "volume_size": 8,
                "volume_type": "gp3"
              }
            ],
            "secondary_private_ips": [],
            "security_groups": [
              "sg-0b2e2cd060b6cbf68"
            ],
            "source_dest_check": true,
            "spot_instance_request_id": "",
            "subnet_id": "subnet-022250ff7a0a7c4ae",
            "tags": {
              "Environment": "production",
              "Name": "Bastion-Host",
              "Owner": "Emmanuel@kosenuel.com",
              "Project": "PBL",
              "Terraform": "true"
            },
            "tags_all": {
              "Environment": "production",
              "Name": "Bastion-Host",
              "Owner": "Emmanuel@kosenuel.com",
              "Project": "PBL",
              "Terraform": "true"
            },
            "tenancy": "default",
            "timeouts": null,
            "user_data": null,
            "user_data_base64": null,
            "user_data_replace_on_change": false,
            "volume_tags": null,
            "vpc_security_group_ids": [
              "sg-0b2e2cd060b6cbf68"
            ]
          },
          "sensitive_attributes": [],
          "private": "eyJlMmJmYjczMC1lY2FhLTExZTYtOGY4OC0zNDM2M2JjN2M0YzAiOnsiY3JlYXRlIjo2MDAwMDAwMDAwMDAsImRlbGV0ZSI6MTIwMDAwMDAwMDAwMCwicmVhZCI6OTAwMDAwMDAwMDAwLCJ1cGRhdGUiOjYwMDAwMDAwMDAwMH0sInNjaGVtYV92ZXJzaW9uIjoiMSJ9",
          "dependencies": [
            "aws_security_group.bastion-sg",
            "aws_subnet.public",
            "aws_vpc.main",
            "data.aws_availability_zones.available"
          ]
        }
      ]
    },
    {
      "mode": "managed",
      "type": "aws_instance",
      "name": "test-serv",
      "provider": "provider[\"registry.terraform.io/hashicorp/aws\"]",
      "instances": [
        {
          "schema_version": 1,
          "attributes": {
            "ami": "ami-0aa938b5c246ef111",
            "arn": "arn:aws:ec2:eu-west-2:412381775336:instance/i-098fd2f1fccaf0a7c",
            "associate_public_ip_address": true,
            "availability_zone": "eu-west-2a",
            "capacity_reservation_specification": [
              {
                "capacity_reservation_preference": "open",
                "capacity_reservation_target": []
              }
            ],
            "cpu_core_count": 1,
            "cpu_options": [
              {
                "amd_sev_snp": "",
                "core_count": 1,
                "threads_per_core": 2
              }
            ],
            "cpu_threads_per_core": 2,
            "credit_specification": [
              {
                "cpu_credits": "unlimited"
              }
            ],
            "disable_api_stop": false,
            "disable_api_termination": false,
            "ebs_block_device": [],
            "ebs_optimized": false,
            "enable_primary_ipv6": null,
            "enclave_options": [
              {
                "enabled": false
              }
            ],
            "ephemeral_block_device": [],
            "get_password_data": false,
            "hibernation": false,
            "host_id": "",
            "host_resource_group_arn": null,
            "iam_instance_profile": "",
            "id": "i-098fd2f1fccaf0a7c",
            "instance_initiated_shutdown_behavior": "stop",
            "instance_lifecycle": "",
            "instance_market_options": [],
            "instance_state": "running",
            "instance_type": "t3.medium",
            "ipv6_address_count": 0,
            "ipv6_addresses": [],
            "key_name": "Bukasiation's-SSH-Key",
            "launch_template": [],
            "maintenance_options": [
              {
                "auto_recovery": "default"
              }
            ],
            "metadata_options": [
              {
                "http_endpoint": "enabled",
                "http_protocol_ipv6": "disabled",
                "http_put_response_hop_limit": 1,
                "http_tokens": "optional",
                "instance_metadata_tags": "disabled"
              }
            ],
            "monitoring": false,
            "network_interface": [],
            "outpost_arn": "",
            "password_data": "",
            "placement_group": "",
            "placement_partition_number": 0,
            "primary_network_interface_id": "eni-00a58e49a16fbf930",
            "private_dns": "ip-172-16-70-128.eu-west-2.compute.internal",
            "private_dns_name_options": [
              {
                "enable_resource_name_dns_a_record": false,
                "enable_resource_name_dns_aaaa_record": false,
                "hostname_type": "ip-name"
              }
            ],
            "private_ip": "172.16.70.128",
            "public_dns": "ec2-18-130-137-117.eu-west-2.compute.amazonaws.com",
            "public_ip": "18.130.137.117",
            "root_block_device": [
              {
                "delete_on_termination": true,
                "device_name": "/dev/sda1",
                "encrypted": false,
                "iops": 100,
                "kms_key_id": "",
                "tags": {},
                "tags_all": {},
                "throughput": 0,
                "volume_id": "vol-09bcbfa5a1fbb32d7",
                "volume_size": 10,
                "volume_type": "gp2"
              }
            ],
            "secondary_private_ips": [],
            "security_groups": [
              "sg-0b2e2cd060b6cbf68",
              "sg-0fe84438557969ae9"
            ],
            "source_dest_check": true,
            "spot_instance_request_id": "",
            "subnet_id": "subnet-022250ff7a0a7c4ae",
            "tags": {
              "Environment": "production",
              "Name": "Test-Server",
              "Owner": "Emmanuel@kosenuel.com",
              "Project": "PBL",
              "Terraform": "true"
            },
            "tags_all": {
              "Environment": "production",
              "Name": "Test-Server",
              "Owner": "Emmanuel@kosenuel.com",
              "Project": "PBL",
              "Terraform": "true"
            },
            "tenancy": "default",
            "timeouts": null,
            "user_data": "4bf2a54b35569de11018b0af7e82e80f078a7e70",
            "user_data_base64": null,
            "user_data_replace_on_change": false,
            "volume_tags": null,
            "vpc_security_group_ids": [
              "sg-0b2e2cd060b6cbf68",
              "sg-0fe84438557969ae9"
            ]
          },
          "sensitive_attributes": [],
          "private": "eyJlMmJmYjczMC1lY2FhLTExZTYtOGY4OC0zNDM2M2JjN2M0YzAiOnsiY3JlYXRlIjo2MDAwMDAwMDAwMDAsImRlbGV0ZSI6MTIwMDAwMDAwMDAwMCwicmVhZCI6OTAwMDAwMDAwMDAwLCJ1cGRhdGUiOjYwMDAwMDAwMDAwMH0sInNjaGVtYV92ZXJzaW9uIjoiMSJ9",
          "dependencies": [
            "aws_db_instance.project-rds",
            "aws_db_subnet_group.project-rds",
            "aws_efs_access_point.tooling",
            "aws_efs_file_system.project-efs",
            "aws_kms_key.project-kms",
            "aws_security_group.bastion-sg",
            "aws_security_group.datalayer-sg",
            "aws_security_group.webserver-sg",
            "aws_subnet.private",
            "aws_subnet.public",
            "aws_vpc.main",
            "data.aws_availability_zones.available"
          ]
        }
      ]
    },
    {
      "mode": "managed",
      "type": "aws_internet_gateway",
      "name": "igw",
      "provider": "provider[\"registry.terraform.io/hashicorp/aws\"]",
      "instances": [
        {
          "schema_version": 0,
          "attributes": {
            "arn": "arn:aws:ec2:eu-west-2:412381775336:internet-gateway/igw-00d2b70d09526c39e",
            "id": "igw-00d2b70d09526c39e",
            "owner_id": "412381775336",
            "tags": {
              "Environment": "production",
              "Name": "Production-VPC-IGW",
              "Owner": "Emmanuel@kosenuel.com",
              "Project": "PBL",
              "Terraform": "true"
            },
            "tags_all": {
              "Environment": "production",
              "Name": "Production-VPC-IGW",
              "Owner": "Emmanuel@kosenuel.com",
              "Project": "PBL",
              "Terraform": "true"
            },
            "timeouts": null,
            "vpc_id": "vpc-083b2309153c374d3"
          },
          "sensitive_attributes": [],
          "private": "eyJlMmJmYjczMC1lY2FhLTExZTYtOGY4OC0zNDM2M2JjN2M0YzAiOnsiY3JlYXRlIjoxMjAwMDAwMDAwMDAwLCJkZWxldGUiOjEyMDAwMDAwMDAwMDAsInVwZGF0ZSI6MTIwMDAwMDAwMDAwMH19",
          "dependencies": [
            "aws_vpc.main"
          ]
        }
      ]
    },
    {
      "mode": "managed",
      "type": "aws_kms_key",
      "name": "project-kms",
      "provider": "provider[\"registry.terraform.io/hashicorp/aws\"]",
      "instances": [
        {
          "schema_version": 0,
          "attributes": {
            "arn": "arn:aws:kms:eu-west-2:412381775336:key/ff80e783-fd4c-4f39-99ae-85fab018a531",
            "bypass_policy_lockout_safety_check": false,
            "custom_key_store_id": "",
            "customer_master_key_spec": "SYMMETRIC_DEFAULT",
            "deletion_window_in_days": null,
            "description": "KMS key for EFS",
            "enable_key_rotation": false,
            "id": "ff80e783-fd4c-4f39-99ae-85fab018a531",
            "is_enabled": true,
            "key_id": "ff80e783-fd4c-4f39-99ae-85fab018a531",
            "key_usage": "ENCRYPT_DECRYPT",
            "multi_region": false,
            "policy": "{\"Id\":\"key-default-1\",\"Statement\":[{\"Action\":\"kms:*\",\"Effect\":\"Allow\",\"Principal\":{\"AWS\":\"arn:aws:iam::412381775336:root\"},\"Resource\":\"*\",\"Sid\":\"Enable IAM User Permissions\"}],\"Version\":\"2012-10-17\"}",
            "rotation_period_in_days": 0,
            "tags": {},
            "tags_all": {},
            "timeouts": null,
            "xks_key_id": ""
          },
          "sensitive_attributes": [],
          "private": "eyJlMmJmYjczMC1lY2FhLTExZTYtOGY4OC0zNDM2M2JjN2M0YzAiOnsiY3JlYXRlIjoxMjAwMDAwMDAwMDB9fQ=="
        }
      ]
    },
    {
      "mode": "managed",
      "type": "aws_launch_template",
      "name": "nginx-launch-template",
      "provider": "provider[\"registry.terraform.io/hashicorp/aws\"]",
      "instances": [
        {
          "schema_version": 0,
          "attributes": {
            "arn": "arn:aws:ec2:eu-west-2:412381775336:launch-template/lt-0896b7aef09429480",
            "block_device_mappings": [],
            "capacity_reservation_specification": [],
            "cpu_options": [],
            "credit_specification": [],
            "default_version": 1,
            "description": "",
            "disable_api_stop": false,
            "disable_api_termination": false,
            "ebs_optimized": "",
            "elastic_gpu_specifications": [],
            "elastic_inference_accelerator": [],
            "enclave_options": [],
            "hibernation_options": [],
            "iam_instance_profile": [
              {
                "arn": "",
                "name": "aws_iam_instance_profile_test"
              }
            ],
            "id": "lt-0896b7aef09429480",
            "image_id": "ami-0aa938b5c246ef111",
            "instance_initiated_shutdown_behavior": "",
            "instance_market_options": [],
            "instance_requirements": [],
            "instance_type": "t3.small",
            "kernel_id": "",
            "key_name": "Bukasiation's-SSH-Key",
            "latest_version": 1,
            "license_specification": [],
            "maintenance_options": [],
            "metadata_options": [],
            "monitoring": [],
            "name": "nginx-launch-template",
            "name_prefix": "",
            "network_interfaces": [],
            "placement": [
              {
                "affinity": "",
                "availability_zone": "eu-west-2b",
                "group_name": "",
                "host_id": "",
                "host_resource_group_arn": "",
                "partition_number": 0,
                "spread_domain": "",
                "tenancy": ""
              }
            ],
            "private_dns_name_options": [],
            "ram_disk_id": "",
            "security_group_names": [],
            "tag_specifications": [
              {
                "resource_type": "instance",
                "tags": {
                  "Environment": "production",
                  "Name": "nginx-launch-template",
                  "Owner": "Emmanuel@kosenuel.com",
                  "Project": "PBL",
                  "Terraform": "true"
                }
              }
            ],
            "tags": {},
            "tags_all": {},
            "update_default_version": null,
            "user_data": "IyEvYmluL2Jhc2gKCiMgVXBkYXRlIHJlcG8gaW5kZXgKeXVtIHVwZGF0ZSAteQoKIyBJbnN0YWxsIGFuZCBzZXR1cCBuZ2lueAp5dW0gaW5zdGFsbCAteSBuZ2lueApzeXN0ZW1jdGwgc3RhcnQgbmdpbngKc3lzdGVtY3RsIGVuYWJsZSAKCiMgU2V0dXAgaGVhbHRoIGNoZWNrIGZpbGUKbWtkaXIgLXAgL3Zhci93d3cvaHRtbC8KZWNobyAiSGVhbHRoeSIgPiAvdmFyL3d3dy9odG1sL2hlYWx0aHoKY2F0IDw8RU9GID4gL2V0Yy9uZ2lueC9uZ2lueC5jb25mCiMgRm9yIG1vcmUgaW5mb3JtYXRpb24gb24gY29uZmlndXJhdGlvbiwgc2VlOgojICAgKiBPZmZpY2lhbCBFbmdsaXNoIERvY3VtZW50YXRpb246IGh0dHA6Ly9uZ2lueC5vcmcvZW4vZG9jcy8KIyAgICogT2ZmaWNpYWwgUnVzc2lhbiBEb2N1bWVudGF0aW9uOiBodHRwOi8vbmdpbngub3JnL3J1L2RvY3MvCgp1c2VyIG5naW54Owp3b3JrZXJfcHJvY2Vzc2VzIGF1dG87CmVycm9yX2xvZyAvdmFyL2xvZy9uZ2lueC9lcnJvci5sb2c7CnBpZCAvcnVuL25naW54LnBpZDsKCiMgTG9hZCBkeW5hbWljIG1vZHVsZXMuIFNlZSAvdXNyL3NoYXJlL2RvYy9uZ2lueC9SRUFETUUuZHluYW1pYy4KaW5jbHVkZSAvdXNyL3NoYXJlL25naW54L21vZHVsZXMvKi5jb25mOwoKZXZlbnRzIHsKICAgIHdvcmtlcl9jb25uZWN0aW9ucyAxMDI0Owp9CgpodHRwIHsKICAgIGxvZ19mb3JtYXQgIG1haW4gICckcmVtb3RlX2FkZHIgLSAkcmVtb3RlX3VzZXIgWyR0aW1lX2xvY2FsXSAiJHJlcXVlc3QiICcKICAgICAgICAgICAgICAgICAgICAgICckc3RhdHVzICRib2R5X2J5dGVzX3NlbnQgIiRodHRwX3JlZmVyZXIiICcKICAgICAgICAgICAgICAgICAgICAgICciJGh0dHBfdXNlcl9hZ2VudCIgIiRodHRwX3hfZm9yd2FyZGVkX2ZvciInOwoKICAgIGFjY2Vzc19sb2cgIC92YXIvbG9nL25naW54L2FjY2Vzcy5sb2cgIG1haW47CgogICAgc2VuZGZpbGUgICAgICAgICAgICBvbjsKICAgIHRjcF9ub3B1c2ggICAgICAgICAgb247CiAgICB0Y3Bfbm9kZWxheSAgICAgICAgIG9uOwogICAga2VlcGFsaXZlX3RpbWVvdXQgICA2NTsKICAgIHR5cGVzX2hhc2hfbWF4X3NpemUgNDA5NjsKCiAgICBpbmNsdWRlICAgICAgICAgICAgIC9ldGMvbmdpbngvbWltZS50eXBlczsKICAgIGRlZmF1bHRfdHlwZSAgICAgICAgYXBwbGljYXRpb24vb2N0ZXQtc3RyZWFtOwoKICAgICMgTG9hZCBtb2R1bGFyIGNvbmZpZ3VyYXRpb24gZmlsZXMgZnJvbSB0aGUgL2V0Yy9uZ2lueC9jb25mLmQgZGlyZWN0b3J5LgogICAgIyBTZWUgaHR0cDovL25naW54Lm9yZy9lbi9kb2NzL25neF9jb3JlX21vZHVsZS5odG1sI2luY2x1ZGUKICAgICMgZm9yIG1vcmUgaW5mb3JtYXRpb24uCiAgICBpbmNsdWRlIC9ldGMvbmdpbngvY29uZi5kLyouY29uZjsKCiAgICBzZXJ2ZXIgewogICAgICAgIGxpc3RlbiAgICAgICA4MDsKICAgICAgICBsaXN0ZW4gICAgICAgWzo6XTo4MDsKICAgICAgICBzZXJ2ZXJfbmFtZSAgXzsKICAgICAgICByb290ICAgICAgICAgL3Vzci9zaGFyZS9uZ2lueC9odG1sOwoKICAgICAgICAjIExvYWQgY29uZmlndXJhdGlvbiBmaWxlcyBmb3IgdGhlIGRlZmF1bHQgc2VydmVyIGJsb2NrLgogICAgICAgIGluY2x1ZGUgL2V0Yy9uZ2lueC9kZWZhdWx0LmQvKi5jb25mOwoKICAgICAgICBlcnJvcl9wYWdlIDQwNCAvNDA0Lmh0bWw7CiAgICAgICAgbG9jYXRpb24gPSAvNDA0Lmh0bWwgewogICAgICAgIH0KCiAgICAgICAgZXJyb3JfcGFnZSA1MDAgNTAyIDUwMyA1MDQgLzUweC5odG1sOwogICAgICAgIGxvY2F0aW9uID0gLzUweC5odG1sIHsKICAgICAgICB9CgogICAgICAgICBsb2NhdGlvbiAvaGVhbHRoeiB7CiAgICAgICAgICAgICAgICBhbGlhcyAvdmFyL3d3dy9odG1sL2hlYWx0aHo7CiAgICAgICAgICAgICAgICBhY2Nlc3NfbG9nIG9mZjsKICAgICAgICAgICAgICAgIHJldHVybiAyMDAgJ0hlYWx0aHknOwogICAgICAgICAgICAgICAgYWRkX2hlYWRlciBDb250ZW50LVR5cGUgdGV4dC9wbGFpbjsKICAgIH0KCiAgICBsb2NhdGlvbiAvIHsKICAgICAgICBwcm94eV9wYXNzIGh0dHA6Ly9pbnRlcm5hbC1pbnQtYWxiLTE3NTkxNjQxMzMuZXUtd2VzdC0yLmVsYi5hbWF6b25hd3MuY29tOwogICAgICAgIHByb3h5X3NldF9oZWFkZXIgSG9zdCBcJGhvc3Q7CiAgICAgICAgcHJveHlfc2V0X2hlYWRlciBYLVJlYWwtSVAgXCRyZW1vdGVfYWRkcjsKICAgICAgICBwcm94eV9zZXRfaGVhZGVyIFgtRm9yd2FyZGVkLUZvciBcJHByb3h5X2FkZF94X2ZvcndhcmRlZF9mb3I7CiAgICAgICAgcHJveHlfc2V0X2hlYWRlciBYLUZvcndhcmRlZC1Qcm90byBcJHNjaGVtZTsKICAgIH0KCiB9CiMgU2V0dGluZ3MgZm9yIGEgVExTIGVuYWJsZWQgc2VydmVyLgojCiMgICAgc2VydmVyIHsKIyAgICAgICAgbGlzdGVuICAgICAgIDQ0MyBzc2wgaHR0cDI7CiMgICAgICAgIGxpc3RlbiAgICAgICBbOjpdOjQ0MyBzc2wgaHR0cDI7CiMgICAgICAgIHNlcnZlcl9uYW1lICBfOwojICAgICAgICByb290ICAgICAgICAgL3Vzci9zaGFyZS9uZ2lueC9odG1sOwojCiMgICAgICAgIHNzbF9jZXJ0aWZpY2F0ZSAiL2V0Yy9wa2kvbmdpbngvc2VydmVyLmNydCI7CiMgICAgICAgIHNzbF9jZXJ0aWZpY2F0ZV9rZXkgIi9ldGMvcGtpL25naW54L3ByaXZhdGUvc2VydmVyLmtleSI7CiMgICAgICAgIHNzbF9zZXNzaW9uX2NhY2hlIHNoYXJlZDpTU0w6MW07CiMgICAgICAgIHNzbF9zZXNzaW9uX3RpbWVvdXQgIDEwbTsKIyAgICAgICAgc3NsX2NpcGhlcnMgUFJPRklMRT1TWVNURU07CiMgICAgICAgIHNzbF9wcmVmZXJfc2VydmVyX2NpcGhlcnMgb247CiMKIyAgICAgICAgIyBMb2FkIGNvbmZpZ3VyYXRpb24gZmlsZXMgZm9yIHRoZSBkZWZhdWx0IHNlcnZlciBibG9jay4KIyAgICAgICAgaW5jbHVkZSAvZXRjL25naW54L2RlZmF1bHQuZC8qLmNvbmY7CiMKIyAgICAgICAgZXJyb3JfcGFnZSA0MDQgLzQwNC5odG1sOwojICAgICAgICAgICAgbG9jYXRpb24gPSAvNDB4Lmh0bWwgewojICAgICAgICB9CiMKIyAgICAgICAgZXJyb3JfcGFnZSA1MDAgNTAyIDUwMyA1MDQgLzUweC5odG1sOwojICAgICAgICAgICAgbG9jYXRpb24gPSAvNTB4Lmh0bWwgewojICAgICAgICB9CiMgICAgfQoKfQpFT0YKCmNobW9kIDY0NCAiL3Zhci93d3cvaHRtbC9oZWFsdGh6Ig==",
            "vpc_security_group_ids": [
              "sg-0fe84438557969ae9"
            ]
          },
          "sensitive_attributes": [],
          "private": "bnVsbA==",
          "dependencies": [
            "aws_iam_instance_profile.ip",
            "aws_iam_role.ec2_instance_role",
            "aws_lb.int-alb",
            "aws_security_group.int-alb-sg",
            "aws_security_group.webserver-sg",
            "aws_subnet.private",
            "aws_vpc.main",
            "data.aws_availability_zones.available",
            "random_shuffle.az_list"
          ],
          "create_before_destroy": true
        }
      ]
    },
    {
      "mode": "managed",
      "type": "aws_launch_template",
      "name": "tooling-launch-template",
      "provider": "provider[\"registry.terraform.io/hashicorp/aws\"]",
      "instances": [
        {
          "schema_version": 0,
          "attributes": {
            "arn": "arn:aws:ec2:eu-west-2:412381775336:launch-template/lt-0e8d5ae2f3a2dbaa7",
            "block_device_mappings": [],
            "capacity_reservation_specification": [],
            "cpu_options": [],
            "credit_specification": [],
            "default_version": 1,
            "description": "",
            "disable_api_stop": false,
            "disable_api_termination": false,
            "ebs_optimized": "",
            "elastic_gpu_specifications": [],
            "elastic_inference_accelerator": [],
            "enclave_options": [],
            "hibernation_options": [],
            "iam_instance_profile": [
              {
                "arn": "",
                "name": "aws_iam_instance_profile_test"
              }
            ],
            "id": "lt-0e8d5ae2f3a2dbaa7",
            "image_id": "ami-0aa938b5c246ef111",
            "instance_initiated_shutdown_behavior": "",
            "instance_market_options": [],
            "instance_requirements": [],
            "instance_type": "t3.small",
            "kernel_id": "",
            "key_name": "Bukasiation's-SSH-Key",
            "latest_version": 1,
            "license_specification": [],
            "maintenance_options": [],
            "metadata_options": [],
            "monitoring": [],
            "name": "tooling-launch-template",
            "name_prefix": "",
            "network_interfaces": [],
            "placement": [
              {
                "affinity": "",
                "availability_zone": "eu-west-2b",
                "group_name": "",
                "host_id": "",
                "host_resource_group_arn": "",
                "partition_number": 0,
                "spread_domain": "",
                "tenancy": ""
              }
            ],
            "private_dns_name_options": [],
            "ram_disk_id": "",
            "security_group_names": [],
            "tag_specifications": [
              {
                "resource_type": "instance",
                "tags": {
                  "Environment": "production",
                  "Name": "tooling-launch-template",
                  "Owner": "Emmanuel@kosenuel.com",
                  "Project": "PBL",
                  "Terraform": "true"
                }
              }
            ],
            "tags": {},
            "tags_all": {},
            "update_default_version": null,
            "user_data": "IyEvYmluL2Jhc2gKc2V0IC1ldW8gcGlwZWZhaWwgIyBFeGl0IG9uIGVycm9yLCB1bmRlZmluZWQgdmFyaWFibGVzLCBhbmQgcGlwZWxpbmUgZmFpbHVyZXMKc2hvcHQgLXMgaW5oZXJpdF9lcnJleGl0ICMgRW5zdXJlIGVycm9ycyBwcm9wYWdhdGUgaW4gc3Vic2hlbGxzCmV4ZWMgPiA+KHRlZSAvdmFyL2xvZy91c2VyZGF0YS5sb2cpIDI+JjEgI0xvZyBhbGwgb3V0cHV0CgojIC0tLS0tLS0tLS0tLS0tLS0tLS0tLS0tLS0tLS0tLS0tLS0tLS0tLS0tLS0tLS0tLQojIENvbmZpZ3VyYXRpb24KIyAtLS0tLS0tLS0tLS0tLS0tLS0tLS0tLS0tLS0tLS0tLS0tLS0tLS0tLS0tLS0tLS0KCiMgLS0tLS0tLS0tLS0tLS0tLS0tLS0tLS0tLS0tLS0tLS0tLS0tLS0tLS0tLS0tLS0tCiMgSGVscGVyIEZ1bmN0aW9ucwojIC0tLS0tLS0tLS0tLS0tLS0tLS0tLS0tLS0tLS0tLS0tLS0tLS0tLS0tLS0tLS0tLQpmdW5jdGlvbiBsb2cgewogICAgZWNobyAiWyQoZGF0ZSAnKyVZLSVtLSVkICVIOiVNOiVTJyldICQxIiB8IHRlZSAtYSAiL3Zhci9sb2cvdXNlcmRhdGEubG9nIgp9CgpmdW5jdGlvbiByZXRyeSB7CiAgICBsb2NhbCByZXRyaWVzPTUKICAgIGxvY2FsIGRlbGF5PTEwCiAgICBsb2NhbCBhdHRlbXB0PTEKICAgIHVudGlsICIkQCI7IGRvCiAgICAgICAgbG9nICJDb21tYW5kIGZhaWxlZCAoYXR0ZW1wdCAkYXR0ZW1wdC8kcmV0cmllcykuIFJldHJ5aW5nIGluICRkZWxheSBzZWNvbmRzLi4uIgogICAgICAgIHNsZWVwICIkZGVsYXkiCiAgICAgICAgaWYgKChhdHRlbXB0KysgPj0gcmV0cmllcykpOyB0aGVuCiAgICAgICAgICAgIGxvZyAiQ29tbWFuZCBmYWlsZWQgYWZ0ZXIgJHJldHJpZXMgYXR0ZW1wdHMuIEV4aXRpbmcuLi4iCiAgICAgICAgICAgIHJldHVybiAxCiAgICAgICAgZmkKICAgIGRvbmUKfQoKZnVuY3Rpb24gdmFsaWRhdGVfY29tbWFuZCB7CiAgICBpZiAhIGNvbW1hbmQgLXYgIiQxIiAmPi9kZXYvbnVsbDsgdGhlbgogICAgICAgIGxvZyAiUmVxdWlyZWQgY29tbWFuZCAnJDEnIGlzIG5vdCBpbnN0YWxsZWQuIEV4aXRpbmcuLi4iCiAgICAgICAgZXhpdCAxCiAgICBmaQp9CgpmdW5jdGlvbiBzZWN1cmVfbXlzcWwgewogICAgIyBDcmVhdGUgYSBzZWN1cmUgTXlTUUwgY29uZmlndXJhdGlvbiBmaWxlCiAgICBjYXQgPDxFT0YgPiAiL3RtcC8ubXlzcWxjbmYiCltjbGllbnRdCmhvc3Q9dGVycmFmb3JtLTIwMjUwMjAxMjM0ODU4MDcwODAwMDAwMDA3LmMzZTJxdWd5dXl4OC5ldS13ZXN0LTIucmRzLmFtYXpvbmF3cy5jb20KdXNlcj1hZG1pbgpwYXNzd29yZD1kZXZvcHNhY3RzCkVPRgogICAgY2htb2QgNjAwICIvdG1wLy5teXNxbGNuZiIKfQoKIyAtLS0tLS0tLS0tLS0tLS0tLS0tLS0tLS0tLS0tLS0tLS0tLS0tLS0tLS0tLS0tLS0KIyBTeXN0ZW0gVXBkYXRlcyAmIEJhc2UgUGFja2FnZXMKIyAtLS0tLS0tLS0tLS0tLS0tLS0tLS0tLS0tLS0tLS0tLS0tLS0tLS0tLS0tLS0tLS0KbG9nICJVcGRhdGluZyBzeXN0ZW0gYW5kIEluc3RhbGxpbmcgZGVwZW5kZW5jaWVzLi4uIgpyZXRyeSB5dW0gdXBkYXRlIC15CnJldHJ5IHl1bSBpbnN0YWxsIC15IGdpdCBteXNxbCBtYWtlIHJwbS1idWlsZCBjYXJnbyBvcGVuc3NsLWRldmVsIHJ1c3Qgd2dldCBwb2xpY3ljb3JldXRpbHMtcHl0aG9uLXV0aWxzCgojIC0tLS0tLS0tLS0tLS0tLS0tLS0tLS0tLS0tLS0tLS0tLS0tLS0tLS0tLS0tLS0tLQojIEluc3RhbGwgYW5kIENvbmZpZ3VyZSBFRlMgVXRpbHMKIyAtLS0tLS0tLS0tLS0tLS0tLS0tLS0tLS0tLS0tLS0tLS0tLS0tLS0tLS0tLS0tLS0KbG9nICJTZXR0aW5nIHVwIEVGUy4uLiIKaWYgISBycG0gLXEgYW1hem9uLWVmcy11dGlsczsgdGhlbgogICAgbG9nICJJbnN0YWxsaW5nIEVGUyB1dGlsaXRpZXMuLi4iCiAgICByZXRyeSBnaXQgY2xvbmUgaHR0cHM6Ly9naXRodWIuY29tL2F3cy9lZnMtdXRpbHMKICAgIHB1c2hkIGVmcy11dGlscyA+L2Rldi9udWxsCiAgICByZXRyeSBtYWtlIHJwbQogICAgcmV0cnkgeXVtIGluc3RhbGwgLXkgLi9idWlsZC9hbWF6b24tZWZzLXV0aWxzKnJwbQogICAgcG9wZCA+L2Rldi9udWxsCmZpCgojIENyZWF0ZSBhbmQgTW91bnQgRUZTICh3aXRoIGlkZW1wb3RlbmN5KQpta2RpciAtcCAiL3Zhci93d3ciCmlmICEgbW91bnRwb2ludCAtcSAiL3Zhci93d3ciOyB0aGVuCiAgICBsb2cgIk1vdW50aW5nIEVGUy4uLiIKICAgIHJldHJ5IG1vdW50IC10IGVmcyAtbyB0bHMsYWNjZXNzcG9pbnQ9ImZzYXAtMDE2NjIzZDllMjdlYTg1YWIiICJmcy0wYTBjMGRjYWMzZDMxY2UwZiI6LyAiL3Zhci93d3ciCiAgICAjIEFkZCB0byBmc3RhYiBmb3IgcGVyc2lzdGVuY2UKICAgIGVjaG8gImZzLTBhMGMwZGNhYzNkMzFjZTBmOi8gL3Zhci93d3cgZWZzIF9uZXRkZXYsdGxzLGFjY2Vzc3BvaW50PWZzYXAtMDE2NjIzZDllMjdlYTg1YWIgMCAwIiA+PiAvZXRjL2ZzdGFiCmZpCgojIC0tLS0tLS0tLS0tLS0tLS0tLS0tLS0tLS0tLS0tLS0tLS0tLS0tLS0tLS0tLS0tLQojIEluc3RhbGwgV2ViIFN0YWNrCiMgLS0tLS0tLS0tLS0tLS0tLS0tLS0tLS0tLS0tLS0tLS0tLS0tLS0tLS0tLS0tLS0tCmxvZyAiSW5zdGFsbGluZyBBcGFjaGUgYW5kIFBIUC4uLiIKIyBJbnN0YWxsIFJlbWkgcmVwbwpkbmYgaW5zdGFsbCAteSBodHRwczovL2RsLmZlZG9yYXByb2plY3Qub3JnL3B1Yi9lcGVsL2VwZWwtcmVsZWFzZS1sYXRlc3QtOS5ub2FyY2gucnBtCnJldHJ5IGRuZiBpbnN0YWxsIC15IGRuZi11dGlscyBodHRwOi8vcnBtcy5yZW1pcmVwby5uZXQvZW50ZXJwcmlzZS9yZW1pLXJlbGVhc2UtOS5ycG0KeXVtIG1vZHVsZSByZXNldCBwaHAgLXkKeXVtIG1vZHVsZSBlbmFibGUgcGhwOnJlbWktOC4yIC15CgojSW5zdGFsbCBwYWNrYWdlcwpyZXRyeSB5dW0gaW5zdGFsbCAteSBodHRwZCBwaHAgcGhwLWNvbW1vbiBwaHAtbWJzdHJpbmcgcGhwLW9wY2FjaGUgcGhwLWludGwgXAogICAgcGhwLXhtbCBwaHAtZ2QgcGhwLWN1cmwgcGhwLW15c3FsbmQgcGhwLXppcCBwaHAtZnBtIHBocC1qc29uCgojIC0tLS0tLS0tLS0tLS0tLS0tLS0tLS0tLS0tLS0tLS0tLS0tLS0tLS0tLS0tLS0tLQojIENvbmZpZ3VyZSBBcGFjaGUgJiBQSFAKIyAtLS0tLS0tLS0tLS0tLS0tLS0tLS0tLS0tLS0tLS0tLS0tLS0tLS0tLS0tLS0tLS0KbG9nICJDb25maWd1cmluZyB3ZWIgc2VydmVyLi4uIgpzZWQgLWkgJ3MvO2NnaS5maXhfcGF0aGluZm89MS9jZ2kuZml4X3BhdGhpbmZvPTAvJyAvZXRjL3BocC5pbmkKc3lzdGVtY3RsIGVuYWJsZSAtLW5vdyBwaHAtZnBtIGh0dHBkCgojIEZpcmV3YWxsIGNvbmZpZ3VyYXRpb24KaWYgc3lzdGVtY3RsIGlzLWFjdGl2ZSAtLXF1aWV0IGZpcmV3YWxsZDsgdGhlbgogICAgbG9nICJDb25maWd1cmluZyBmaXJld2FsbC4uLiIKICAgIGZpcmV3YWxsLWNtZCAtLXBlcm1hbmVudCAtLWFkZC1zZXJ2aWNlPXtodHRwLGh0dHBzfQogICAgZmlyZXdhbGwtY21kIC0tcmVsb2FkCmZpCgojIC0tLS0tLS0tLS0tLS0tLS0tLS0tLS0tLS0tLS0tLS0tLS0tLS0tLS0tLS0tLS0tLQojIEFwcGxpY2F0aW9uIERlcGxveW1lbnQKIyAtLS0tLS0tLS0tLS0tLS0tLS0tLS0tLS0tLS0tLS0tLS0tLS0tLS0tLS0tLS0tLS0KbG9nICJEZXBsb3lpbmcgQXBwbGljYXRpb24iCgojIENsb25lIHJlcG8gKHdpdGggaWRlbXBvdGVuY3kpCmlmIFtbICEgLWQgInRvb2xpbmciIF1dOyB0aGVuCiAgICBsb2cgIkNsb25pbmcgYXBwbGljYXRpb24gcmVwb3NpdG9yeS4uLiIKICAgIHJldHJ5IGdpdCBjbG9uZSAiaHR0cHM6Ly9naXRodWIuY29tL2tvc2VudWVsL3Rvb2xpbmcuZ2l0IgpmaQoKIyBDb3B5IGZpbGVzIGlmIGRpcmVjdG9yeSBpcyBlbXB0eQojIGlmIFtbIC16ICIkKGxzIC1BICIvdmFyL3d3dy9odG1sIikiIF1dOyB0aGVuICAKIyAgICAgbG9nICJDb3B5aW5nIGFwcGxpY2F0aW9uIGZpbGVzLi4uIgojICAgICBjcCAtUiB0b29saW5nL2h0bWwvKiAiL3Zhci93d3cvaHRtbC8iCiMgZmkKCiMgQ2hlY2sgaWYgdGhlIGRpcmVjdG9yeSBpcyBlbXB0eQppZiBbICIkKGxzIC1BICIvdmFyL3d3dy9odG1sIikiID09ICIiIF07IHRoZW4KICAgIGxvZyAiQ29weWluZyBhcHBsaWNhdGlvbiBmaWxlcy4uLiIKICAgIGNwIC1SIHRvb2xpbmcvaHRtbC8qICIvdmFyL3d3dy9odG1sLyIKZWxzZQogICAgbG9nICJXRUJfUk9PVCBkaXJlY3RvcnkgaXMgbm90IGVtcHR5LiBObyBmaWxlcyBjb3BpZWQuIgpmaQoKIyBTZXQgcGVybWlzc2lvbnMKbG9nICJTZXR0aW5nIHBlcm1pc3Npb25zLi4uIgpjaG93biAtUiBhcGFjaGU6YXBhY2hlICIvdmFyL3d3dy9odG1sIgoKIyBTRUxpbnV4IGNvbmZpZ3VyYXRpb24KbG9nICJBcHBseWluZyBTRUxpbnV4IHNldHRpbmdzLi4uIgpzZXRzZWJvb2wgLVAgaHR0cGRfY2FuX25ldHdvcmtfY29ubmVjdD0xCnNldHNlYm9vbCAtUCBodHRwZF9jYW5fbmV0d29ya19jb25uZWN0X2RiPTEKc2V0c2Vib29sIC1QIGh0dHBkX2V4ZWNtZW09MQpzZXRzZWJvb2wgLVAgaHR0cGRfdXNlX25mcz0xCnNlbWFuYWdlIGZjb250ZXh0IC1hIC10IGh0dHBkX3N5c19yd19jb250ZW50X3QgIi92YXIvd3d3L2h0bWwoLy4qKT8iCnJlc3RvcmVjb24gLVJ2ICIvdmFyL3d3dy9odG1sIgoKIyBIZWFsdGggY2hlY2sgZmlsZQoKICMgQ3JlYXRlIGhlYWx0aCBjaGVjayBlbmRwb2ludAogICAgZWNobyAiT0sgYW5kIEhlYWx0aHkiID4gIi92YXIvd3d3L2h0bWwvaGVhbHRoeiIKICAgIAogICAgIyBDcmVhdGUgdGhlIFZpcnR1YWwgSG9zdCBjb25maWd1cmF0aW9uIGZpbGUKICAgIGNhdCA8PEVPRiA+IC9ldGMvaHR0cGQvY29uZi5kL2hlYWx0aHouY29uZgo8VmlydHVhbEhvc3QgKjo4MD4KICAgIERvY3VtZW50Um9vdCAvdmFyL3d3dy9odG1sCgogICAgIyBIZWFsdGggY2hlY2sgZW5kcG9pbnQKICAgIEFsaWFzICIvaGVhbHRoeiIgIi92YXIvd3d3L2h0bWwvaGVhbHRoeiIKICAgIDxEaXJlY3RvcnkgIi92YXIvd3d3L2h0bWwvaGVhbHRoeiI+CiAgICAgICAgT3B0aW9ucyBOb25lCiAgICAgICAgQWxsb3dPdmVycmlkZSBOb25lCiAgICAgICAgUmVxdWlyZSBhbGwgZ3JhbnRlZAogICAgPC9EaXJlY3Rvcnk+CgogICAgIyBMb2cgc2V0dGluZ3MgKHRoaXMgaXMgdXN1YWxseSBvcHRpb25hbCkKICAgIEVycm9yTG9nIC92YXIvbG9nL2h0dHBkL2hlYWx0aHpfZXJyb3IubG9nCiAgICBDdXN0b21Mb2cgL3Zhci9sb2cvaHR0cGQvaGVhbHRoel9hY2Nlc3MubG9nIGNvbWJpbmVkCjwvVmlydHVhbEhvc3Q+CkVPRgoKICAgIGNob3duIGFwYWNoZTphcGFjaGUgIi92YXIvd3d3L2h0bWwvaGVhbHRoeiIKICAgIG12IC9ldGMvaHR0cGQvY29uZi5kL3dlbGNvbWUuY29uZiAvZXRjL2h0dHBkL2NvbmYuZC93ZWxjb21lLmNvbmZfYmFja3VwCgojIC0tLS0tLS0tLS0tLS0tLS0tLS0tLS0tLS0tLS0tLS0tLS0tLS0tLS0tLS0tLS0tLQojIERhdGFiYXNlIENvbmZpZ3VyYXRpb24KIyAtLS0tLS0tLS0tLS0tLS0tLS0tLS0tLS0tLS0tLS0tLS0tLS0tLS0tLS0tLS0tLS0KbG9nICJDb25maWd1cmluZyBkYXRhYmFzZS4uLiIKc2VjdXJlX215c3FsCgojIFdhaXQgZm9yIFJEUyB0byBiZSBhdmFpbGFibGUKbG9nICJXYWl0aW5nIGZvciBkYXRhYmFzZSBjb25uZWN0aW9uLi4uIgp1bnRpbCBteXNxbCAtLWRlZmF1bHRzLWV4dHJhLWZpbGU9Ii90bXAvLm15c3FsY25mIiAtZSAnU0VMRUNUIDEnOyBkbwogICAgbG9nICJEYXRhYmFzZSBub3QgeWV0IGF2YWlsYWJsZS4gUmV0cnlpbmcgaW4gMTAgc2Vjb25kcy4uLiIKICAgIHNsZWVwIDEwCmRvbmUKCiMgRXhlY3V0ZSBTUUwgY29tbWFuZHMKbG9nICJTZXR0aW5nIHVwIGRhdGFiYXNlIGFuZCB1c2VyLi4uIgpteXNxbCAtLWRlZmF1bHRzLWV4dHJhLWZpbGU9Ii90bXAvLm15c3FsY25mIiA8PEVPRgpDUkVBVEUgREFUQUJBU0UgSUYgTk9UIEVYSVNUUyB0b29saW5nZGI7CkNSRUFURSBVU0VSIElGIE5PVCBFWElTVFMgJ2tvc2VudWVsJ0AnJScgSURFTlRJRklFRCBCWSAnZGV2b3BzYWN0cyc7CkdSQU5UIEFMTCBQUklWSUxFR0VTIE9OIHRvb2xpbmdkYi4qIFRPICdrb3NlbnVlbCdAJyUnOwpGTFVTSCBQUklWSUxFR0VTOwpFT0YKCiMgSW1wb3J0IHNjaGVtYQpsb2cgIkltcG9ydGluZyBkYXRhYmFzZSBzY2hlbWEuLi4iCm15c3FsIC0tZGVmYXVsdHMtZXh0cmEtZmlsZT0iL3RtcC8ubXlzcWxjbmYiICJ0b29saW5nZGIiIDwgdG9vbGluZy90b29saW5nLWRiLnNxbAoKIyBVcGRhdGUgYXBwbGljYXRpb24gY29uZmlndXJhdGlvbgpsb2cgIlVwZGF0aW5nIGFwcGxpY2F0aW9uIGNvbmZpZ3VyYXRpb24uLi4iCnNlZCAtaSAicy9cJGRiID0gbXlzcWxpX2Nvbm5lY3QoJzEyNy4wLjAuMScsICdhZG1pbicsICdhZG1pbicsICd0b29saW5nJyk7L1wkZGIgPW15c3FsaV9jb25uZWN0KCd0ZXJyYWZvcm0tMjAyNTAyMDEyMzQ4NTgwNzA4MDAwMDAwMDcuYzNlMnF1Z3l1eXg4LmV1LXdlc3QtMi5yZHMuYW1hem9uYXdzLmNvbScsICdrb3NlbnVlbCcsICdkZXZvcHNhY3RzJywgJ3Rvb2xpbmdkYicpOy8iICIvdmFyL3d3dy9odG1sL2Z1bmN0aW9ucy5waHAiCgojIENyZWF0ZSBhIG5ldyB1c2VyIGluIHRoZSBkYXRhYmFzZSB0YWJsZQpsb2cgIkNyZWF0aW5nIGEgdXNlciBpbiB0aGUgZGF0YWJhc2UiCm15c3FsIC0tZGVmYXVsdHMtZXh0cmEtZmlsZT0iL3RtcC8ubXlzcWxjbmYiIDw8RU9GClVTRSB0b29saW5nZGI7CklOU0VSVCBJTlRPIHVzZXJzKGlkLCB1c2VybmFtZSwgcGFzc3dvcmQsIGVtYWlsLCB1c2VyX3R5cGUsIHN0YXR1cykgVkFMVUVTICgyLCAna29zZW51ZWwnLCAnNWY0ZGNjM2I1YWE3NjVkNjFkODMyN2RlYjg4MmNmOTknLCAnaW1tYW51ZWxAa29zZW51ZWwuY29tJywgJ2FkbWluJywgJzEnKTsKRU9GCgojIC0tLS0tLS0tLS0tLS0tLS0tLS0tLS0tLS0tLS0tLS0tLS0tLS0tLS0tLS0tLS0tLQojIEZpbmFsaXphdGlvbiA6KQojIC0tLS0tLS0tLS0tLS0tLS0tLS0tLS0tLS0tLS0tLS0tLS0tLS0tLS0tLS0tLS0tLQpsb2cgIlJlc3RhcnRpbmcgc2VydmljZXMuLi4iCnN5c3RlbWN0bCByZXN0YXJ0IGh0dHBkIHBocC1mcG0KCmxvZyAiUHJvdmlzaW9uaW5nIFRvb2xpbmcgV2Vic2l0ZSBjb21wbGV0ZWQgc3VjY2Vzc2Z1bGx5ISI=",
            "vpc_security_group_ids": [
              "sg-0fe84438557969ae9"
            ]
          },
          "sensitive_attributes": [],
          "private": "bnVsbA==",
          "dependencies": [
            "aws_db_instance.project-rds",
            "aws_db_subnet_group.project-rds",
            "aws_efs_access_point.tooling",
            "aws_efs_file_system.project-efs",
            "aws_iam_instance_profile.ip",
            "aws_iam_role.ec2_instance_role",
            "aws_kms_key.project-kms",
            "aws_security_group.datalayer-sg",
            "aws_security_group.webserver-sg",
            "aws_subnet.private",
            "aws_vpc.main",
            "data.aws_availability_zones.available",
            "random_shuffle.az_list"
          ],
          "create_before_destroy": true
        }
      ]
    },
    {
      "mode": "managed",
      "type": "aws_launch_template",
      "name": "wordpress-launch-template",
      "provider": "provider[\"registry.terraform.io/hashicorp/aws\"]",
      "instances": [
        {
          "schema_version": 0,
          "attributes": {
            "arn": "arn:aws:ec2:eu-west-2:412381775336:launch-template/lt-0d3ddface4e3e05c8",
            "block_device_mappings": [],
            "capacity_reservation_specification": [],
            "cpu_options": [],
            "credit_specification": [],
            "default_version": 1,
            "description": "",
            "disable_api_stop": false,
            "disable_api_termination": false,
            "ebs_optimized": "",
            "elastic_gpu_specifications": [],
            "elastic_inference_accelerator": [],
            "enclave_options": [],
            "hibernation_options": [],
            "iam_instance_profile": [
              {
                "arn": "",
                "name": "aws_iam_instance_profile_test"
              }
            ],
            "id": "lt-0d3ddface4e3e05c8",
            "image_id": "ami-0aa938b5c246ef111",
            "instance_initiated_shutdown_behavior": "",
            "instance_market_options": [],
            "instance_requirements": [],
            "instance_type": "t3.small",
            "kernel_id": "",
            "key_name": "Bukasiation's-SSH-Key",
            "latest_version": 1,
            "license_specification": [],
            "maintenance_options": [],
            "metadata_options": [],
            "monitoring": [],
            "name": "wordpress-launch-template",
            "name_prefix": "",
            "network_interfaces": [],
            "placement": [
              {
                "affinity": "",
                "availability_zone": "eu-west-2b",
                "group_name": "",
                "host_id": "",
                "host_resource_group_arn": "",
                "partition_number": 0,
                "spread_domain": "",
                "tenancy": ""
              }
            ],
            "private_dns_name_options": [],
            "ram_disk_id": "",
            "security_group_names": [],
            "tag_specifications": [
              {
                "resource_type": "instance",
                "tags": {
                  "Environment": "production",
                  "Name": "wordpress-launch-template",
                  "Owner": "Emmanuel@kosenuel.com",
                  "Project": "PBL",
                  "Terraform": "true"
                }
              }
            ],
            "tags": {},
            "tags_all": {},
            "update_default_version": null,
            "user_data": "IyEvYmluL2Jhc2gKc2V0IC1lbyBwaXBlZmFpbApzaG9wdCAtcyBpbmhlcml0X2VycmV4aXQKCiMgQ29uZmlndXJhdGlvbgoKCiMgUmVxdWlyZWQgZW52aXJvbm1lbnQgdmFyaWFibGVzCiMgUkVRVUlSRURfVkFSUz0iZnMtMGEwYzBkY2FjM2QzMWNlMGYgZnNhcC0wOTYwMDhmMDE2YWNjNzQyZiB0ZXJyYWZvcm0tMjAyNTAyMDEyMzQ4NTgwNzA4MDAwMDAwMDcuYzNlMnF1Z3l1eXg4LmV1LXdlc3QtMi5yZHMuYW1hem9uYXdzLmNvbSBhZG1pbiBkZXZvcHNhY3RzIGtvc2VudWVsIGRldm9wc2FjdHMiCgojIExvZ2dpbmcgYW5kIGVycm9yIGhhbmRsaW5nIAp0cmFwICdlcnJvcl9oYW5kbGVyICQ/ICRMSU5FTk8nIEVSUgpleGVjID4gPih0ZWUgLWEgIi92YXIvbG9nL3dwLWluc3RhbGwubG9nIikgMj4mMQoKZXJyb3JfaGFuZGxlcigpewogICAgbG9jYWwgZXhpdF9jb2RlPSQxCiAgICBsb2NhbCBsaW5lX25vPSQyCiAgICBlY2hvICJFcnJvciBvY2N1cnJlZCBhdCBsaW5lICRsaW5lX25vIHdpdGggZXhpdCBjb2RlICRleGl0X2NvZGUiID4mMgogICAgY2xlYW51cAogICAgZXhpdCAiJGV4aXRfY29kZSIKfQoKY2xlYW51cCgpewogICAgcm0gLWYgIi90bXAvLm15c3FsLmNuZiIgfHwgdHJ1ZQogICAgcm0gLXJmIC4vZWZzLXV0aWxzIC4vd29yZHByZXNzIGxhdGVzdC50YXIuZ3ogfHwgdHJ1ZQp9Cgp2YWxpZGF0ZV9lbnZpcm9ubWVudCgpewogICAgbG9jYWwgbWlzc2luZz0iIgogICAgZm9yIHZhciBpbiAkUkVRVUlSRURfVkFSUzsgZG8KICAgICAgICAjIFVzZSBldmFsIHRvIGR5bmFtaWNhbGx5IGFjY2VzcyB0aGUgdmFsdWUgb2YgdGhlIHZhcmlhYmxlCiAgICAgICAgaWYgW1sgLXogIiQoZXZhbCBlY2hvIFwkJHZhcikiIF1dOyB0aGVuIAogICAgICAgICAgICBtaXNzaW5nPSIkbWlzc2luZyAkdmFyIgogICAgICAgIGZpCiAgICBkb25lCgogICAgaWYgW1sgLW4gIiRtaXNzaW5nIiBdXTsgdGhlbiAKICAgICAgICBlY2hvICJNaXNzaW5nIHJlcXVpcmVkIGVudmlyb25tZW50IHZhcmlhYmxlczogJG1pc3NpbmciID4mMgogICAgICAgIGV4aXQgMQogICAgZmkKfQoKaW5zdGFsbF9lZnNfdXRpbHMoKXsKICAgIGVjaG8gIkluc3RhbGxpbmcgRUZTIHV0aWxpdGllcy4uLiIKICAgIHl1bSB1cGRhdGUgLXkKICAgIHl1bSBpbnN0YWxsIC15IFwKICAgICAgICBnaXQgbWFrZSBycG0tYnVpbGQgY2FyZ28gb3BlbnNzbC1kZXZlbCBydXN0ICAgICAgICAKICAgIAogICAgZ2l0IGNsb25lIC0tZGVwdGggMSBodHRwczovL2dpdGh1Yi5jb20vYXdzL2Vmcy11dGlscyB8fCB7CiAgICAgICAgZWNobyAiRUZTIHV0aWxzIGNsb25lIGZhaWxlZCIgPiYyCiAgICAgICAgcmV0dXJuIDEKICAgIH0KCiAgICBwdXNoZCBlZnMtdXRpbHMgPi9kZXYvbnVsbAogICAgbWFrZSBycG0gfHwgewogICAgICAgIGVjaG8gIkVGUyB1dGlscyBidWlsZCBmYWlsZWQiID4mMgogICAgICAgIHJldHVybiAxCiAgICB9CgogICAgeXVtIGluc3RhbGwgLXkgLi9idWlsZC9hbWF6b24tZWZzLXV0aWxzKnJwbSB8fCB7CiAgICAgICAgZWNobyAiRUZTIHV0aWxzIGluc3RhbGxhdGlvbiBmYWlsZWQiID4mMgogICAgICAgIHJldHVybiAxCiAgICB9CgogICAgcG9wZCA+L2Rldi9udWxsCn0KCm1vdW50X2VmcygpIHsKICAgIGVjaG8gIk1vdW50aW5nIEVGUyBmaWxlc3lzdGVtLi4uIgogICAgbWtkaXIgLXAgIi92YXIvd3d3IgogICAgbG9jYWwgbW91bnRfb3B0aW9ucz0idGxzLGFjY2Vzc3BvaW50PWZzYXAtMDk2MDA4ZjAxNmFjYzc0MmYsX25ldGRldiIKCiAgICBpZiAhIG1vdW50cG9pbnQgLXEgIi92YXIvd3d3IjsgdGhlbgogICAgICAgIG1vdW50IC10IGVmcyAtbyAiJG1vdW50X29wdGlvbnMiICJmcy0wYTBjMGRjYWMzZDMxY2UwZjovIiAiL3Zhci93d3ciIHx8IHsKICAgICAgICAgICAgZWNobyAiRUZTIG1vdW50IGZhaWxlZCIgPiYyCiAgICAgICAgICAgIHJldHVybiAxCiAgICAgICAgfQogICAgZmkKCiAgICBpZiAhIGdyZXAgLXEgImZzLTBhMGMwZGNhYzNkMzFjZTBmIiAvZXRjL2ZzdGFiOyB0aGVuCiAgICAgICAgZWNobyAiZnMtMGEwYzBkY2FjM2QzMWNlMGY6LyAvdmFyL3d3dyBlZnMgJG1vdW50X29wdGlvbnMgMCAwIiA+Pi9ldGMvZnN0YWIKICAgIGZpCn0KCmluc3RhbGxfYXBhY2hlX3BocCgpIHsKICAgIGVjaG8gIkluc3RhbGxpbmcgQXBhY2hlIGFuZCBQSFAuLi4iCiAgICB5dW0gaW5zdGFsbCAteSBcCiAgICAgICAgaHR0cGQgbXlzcWwgcGhwIHBocC1teXNxbG5kIHBocC1mcG0gcGhwLWpzb24gcGhwLWdkIHBocC1tYnN0cmluZyBcCiAgICAgICAgcGhwLXhtbCBwaHAtb3BjYWNoZSBwaHAtaW50bCBwaHAtY3VybCBwaHAtemlwCgogICAgc3lzdGVtY3RsIGVuYWJsZSAtLW5vdyBodHRwZCBwaHAtZnBtCn0KCmNvbmZpZ3VyZV93b3JkcHJlc3MoKXsKICAgIGVjaG8gIkNvbmZpZ3VyaW5nIFdvcmRQcmVzcy4uLiIKICAgIFtbIC1kICIvdmFyL3d3dy9odG1sLyIgXV0gfHwgbWtkaXIgLXAgIi92YXIvd3d3L2h0bWwvIgoKICAgIGlmIFtbICEgLWYgIi92YXIvd3d3L2h0bWwvL2luZGV4LnBocCIgXV07IHRoZW4KICAgICAgICBjdXJsIC1zU0wgaHR0cHM6Ly93b3JkcHJlc3Mub3JnL2xhdGVzdC50YXIuZ3ogfCB0YXIgeHogLUMgL3RtcAogICAgICAgIGNwIC1hIC90bXAvd29yZHByZXNzLyogIi92YXIvd3d3L2h0bWwvIgogICAgZmkKCiAgICBjcCAiL3Zhci93d3cvaHRtbC8vd3AtY29uZmlnLXNhbXBsZS5waHAiICIvdmFyL3d3dy9odG1sL3dwLWNvbmZpZy5waHAiCiAgICBjaG93biAtUiBhcGFjaGU6YXBhY2hlICIvdmFyL3d3dy9odG1sLyIKICAgIGNobW9kIDA3NTUgIi92YXIvd3d3L2h0bWwvIgp9CgpzZXR1cF9kYXRhYmFzZSgpIHsKICAgIGVjaG8gIkluaXRpYWxpemluZyBkYXRhYmFzZS4uLiIKICAgIGxvY2FsIG1heF9yZXRyaWVzPTEwCiAgICBsb2NhbCByZXRyeT0wCgogICAgIyBDcmVhdGUgc2VjdXJlIE15U1FMIGNvbmZpZ3VyYXRpb24gZmlsZQogICAgY2F0IDw8RU9GID4iL3RtcC8ubXlzcWwuY25mIgpbY2xpZW50XQp1c2VyPSJhZG1pbiIKcGFzc3dvcmQ9ImRldm9wc2FjdHMiCmhvc3Q9InRlcnJhZm9ybS0yMDI1MDIwMTIzNDg1ODA3MDgwMDAwMDAwNy5jM2UycXVneXV5eDguZXUtd2VzdC0yLnJkcy5hbWF6b25hd3MuY29tIgpFT0YKCiAgICBlY2hvICJUcnlpbmcgdG8gY29ubmVjdCB0byB0aGUgZGF0YWJhc2UuLi4iCiAgICB3aGlsZSBbWyAkcmV0cnkgLWx0ICRtYXhfcmV0cmllcyBdXTsgZG8KICAgICAgICBpZiBteXNxbCAtLWRlZmF1bHRzLWV4dHJhLWZpbGU9Ii90bXAvLm15c3FsLmNuZiIgLWUgIlNFTEVDVCAxIiAmPi9kZXYvbnVsbDsgdGhlbgogICAgICAgICAgICBlY2hvICJEYXRhYmFzZSBjb25uZWN0aW9uIHN1Y2Nlc3NmdWwuIgogICAgICAgICAgICBicmVhawogICAgICAgIGZpCiAgICAgICAgKChyZXRyeSsrKSkKICAgICAgICBlY2hvICJEYXRhYmFzZSBjb25uZWN0aW9uIGZhaWxlZC4gUmV0cnkgJHJldHJ5LyRtYXhfcmV0cmllcy4gV2FpdGluZyBmb3IgJCgocmV0cnkgKiAyKSkgc2Vjb25kcyBiZWZvcmUgdHJ5aW5nIGFnYWluLi4uIgogICAgICAgIHNsZWVwICQoKHJldHJ5ICogMikpCiAgICBkb25lCgogICAgaWYgW1sgJHJldHJ5IC1lcSAkbWF4X3JldHJpZXMgXV07IHRoZW4KICAgICAgICBlY2hvICJGYWlsZWQgdG8gY29ubmVjdCB0byB0aGUgZGF0YWJhc2UgYWZ0ZXIgJG1heF9yZXRyaWVzIGF0dGVtcHRzLiIgPiYyCiAgICAgICAgcmV0dXJuIDEKICAgIGZpCgogICAgZWNobyAiUnVubmluZyBTUUwgY29tbWFuZHMgdG8gc2V0IHVwIHRoZSBkYXRhYmFzZS4uLiIKICAgIG15c3FsIC0tZGVmYXVsdHMtZXh0cmEtZmlsZT0iL3RtcC8ubXlzcWwuY25mIiA8PFNRTApDUkVBVEUgREFUQUJBU0UgSUYgTk9UIEVYSVNUUyB3b3JkcHJlc3NkYjsKQ1JFQVRFIFVTRVIgSUYgTk9UIEVYSVNUUyAna29zZW51ZWwnQCclJyBJREVOVElGSUVEIEJZICdkZXZvcHNhY3RzJzsKR1JBTlQgQUxMIFBSSVZJTEVHRVMgT04gd29yZHByZXNzZGIuKiBUTyAna29zZW51ZWwnQCclJzsKRkxVU0ggUFJJVklMRUdFUzsKU1FMCiAgICBlY2hvICJEYXRhYmFzZSBzZXR1cCBjb21wbGV0ZWQuIgp9Cgpjb25maWd1cmVfd3Bfc2V0dGluZ3MoKSB7CiAgICBlY2hvICJVcGRhdGluZyBXb3JkUHJlc3MgY29uZmlndXJhdGlvbi4uLiIKICAgICMgbG9jYWwgc2FsdHMKICAgICMgc2FsdHM9JChjdXJsIC1zUyBodHRwczovL2FwaS53b3JkcHJlc3Mub3JnL3NlY3JldC1rZXkvMS4xL3NhbHQvKQoKICAgIHNlZCAtaSAicy9kZWZpbmUoICdEQl9OQU1FJywgJ2RhdGFiYXNlX25hbWVfaGVyZScgKTsvZGVmaW5lKCAnREJfTkFNRScsICd3b3JkcHJlc3NkYicgKTsvIiAiL3Zhci93d3cvaHRtbC93cC1jb25maWcucGhwIgogICAgc2VkIC1pICJzL2RlZmluZSggJ0RCX1VTRVInLCAndXNlcm5hbWVfaGVyZScgKTsvZGVmaW5lKCAnREJfVVNFUicsICdrb3NlbnVlbCcpOy8iICIvdmFyL3d3dy9odG1sL3dwLWNvbmZpZy5waHAiCiAgICBzZWQgLWkgInMvZGVmaW5lKCAnREJfUEFTU1dPUkQnLCAncGFzc3dvcmRfaGVyZScgKTsvZGVmaW5lKCAnREJfUEFTU1dPUkQnLCAnZGV2b3BzYWN0cycgKTsvIiAiL3Zhci93d3cvaHRtbC93cC1jb25maWcucGhwIgogICAgc2VkIC1pICJzL2RlZmluZSggJ0RCX0hPU1QnLCAnbG9jYWxob3N0JyApOy9kZWZpbmUoICdEQl9IT1NUJywgJ3RlcnJhZm9ybS0yMDI1MDIwMTIzNDg1ODA3MDgwMDAwMDAwNy5jM2UycXVneXV5eDguZXUtd2VzdC0yLnJkcy5hbWF6b25hd3MuY29tJyApOy8iICIvdmFyL3d3dy9odG1sL3dwLWNvbmZpZy5waHAiCiAgICAKICAgICMgc2VkIC1pICIvQVVUSF9LRVkvZCIgIi92YXIvd3d3L2h0bWwvd3AtY29uZmlnLnBocCIKICAgICMgZWNobyAiJHNhbHRzIiA+PiAiL3Zhci93d3cvaHRtbC93cC1jb25maWcucGhwIgoKICAgICMgQ29uZmlndXJlIEZTX01FVEhPRCBmb3IgcHJvcGVyIGZpbGVzeXN0ZW0gcGVybWlzc2lvbnMKICAgICMgZWNobyAiZGVmaW5lKCdGU19NRVRIT0QnLCAnZGlyZWN0Jyk7IiA+PiAiL3Zhci93d3cvaHRtbC93cC1jb25maWcucGhwIgp9CgpzZWN1cml0eV9oYXJkZW5pbmcoKSB7CiAgICBlY2hvICJBcHBseWluZyBzZWN1cml0eSBzZXR0aW5ncy4uLiIKICAgICMgU0VMaW51eCBjb25maWd1cmF0aW9uCiAgICBzdWRvIHNldHNlYm9vbCAtUCBodHRwZF9jYW5fbmV0d29ya19jb25uZWN0PTEKICAgIHN1ZG8gc2V0c2Vib29sIC1QIGh0dHBkX2Nhbl9uZXR3b3JrX2Nvbm5lY3RfZGI9MQogICAgc3VkbyBzZXRzZWJvb2wgLVAgaHR0cGRfZXhlY21lbT0xCiAgICBzdWRvIHNldHNlYm9vbCAtUCBodHRwZF91c2VfbmZzPTEKICAgICMgSW5zdGFsbCB0aGUgbmVjZXNzYXJ5IGRlcGVuZGVuY2llcyB0byBhbGxvdyB0aGUgc21vb3RoIHJ1bm5pbmcgb2YgdGhlICdTRScgY29tbWFuZHMgYmVsb3cKICAgIGRuZiBpbnN0YWxsIC15IHBvbGljeWNvcmV1dGlscy1weXRob24tdXRpbHMKICAgIHNlbWFuYWdlIGZjb250ZXh0IC1hIC10IGh0dHBkX3N5c19yd19jb250ZW50X3QgIi92YXIvd3d3L2h0bWwvKC8uKik/IgogICAgcmVzdG9yZWNvbiAtcnYgIi92YXIvd3d3L2h0bWwvIgoKICAgICMgRmlyZXdhbGwgY29uZmlndXJhdGlvbgogICAgaWYgY29tbWFuZCAtdiBmaXJld2FsbC1jbWQgJj4vZGV2L251bGw7IHRoZW4KICAgICAgICBmaXJld2FsbC1jbWQgLS1wZXJtYW5lbnQgLS1hZGQtc2VydmljZT1odHRwCiAgICAgICAgZmlyZXdhbGwtY21kIC0tcGVybWFuZW50IC0tYWRkLXNlcnZpY2U9aHR0cHMKICAgICAgICBmaXJld2FsbC1jbWQgLS1yZWxvYWQKICAgIGZpCgogICAgIyBDcmVhdGUgaGVhbHRoIGNoZWNrIGVuZHBvaW50CiAgICBlY2hvICJPSyBhbmQgSGVhbHRoeSIgPiAiL3Zhci93d3cvaHRtbC8vaGVhbHRoeiIKICAgIAogICAgIyBDcmVhdGUgdGhlIFZpcnR1YWwgSG9zdCBjb25maWd1cmF0aW9uIGZpbGUKICAgIGNhdCA8PEVPRiA+IC9ldGMvaHR0cGQvY29uZi5kL2hlYWx0aHouY29uZgo8VmlydHVhbEhvc3QgKjo4MD4KICAgIERvY3VtZW50Um9vdCAvdmFyL3d3dy9odG1sCgogICAgIyBIZWFsdGggY2hlY2sgZW5kcG9pbnQKICAgIEFsaWFzICIvaGVhbHRoeiIgIi92YXIvd3d3L2h0bWwvaGVhbHRoeiIKICAgIDxEaXJlY3RvcnkgIi92YXIvd3d3L2h0bWwvaGVhbHRoeiI+CiAgICAgICAgT3B0aW9ucyBOb25lCiAgICAgICAgQWxsb3dPdmVycmlkZSBOb25lCiAgICAgICAgUmVxdWlyZSBhbGwgZ3JhbnRlZAogICAgPC9EaXJlY3Rvcnk+CgogICAgIyBMb2cgc2V0dGluZ3MgKHRoaXMgaXMgdXN1YWxseSBvcHRpb25hbCkKICAgIEVycm9yTG9nIC92YXIvbG9nL2h0dHBkL2hlYWx0aHpfZXJyb3IubG9nCiAgICBDdXN0b21Mb2cgL3Zhci9sb2cvaHR0cGQvaGVhbHRoel9hY2Nlc3MubG9nIGNvbWJpbmVkCjwvVmlydHVhbEhvc3Q+CkVPRgoKICAgIGNob3duIGFwYWNoZTphcGFjaGUgIi92YXIvd3d3L2h0bWwvL2hlYWx0aHoiCiAgICBtdiAvZXRjL2h0dHBkL2NvbmYuZC93ZWxjb21lLmNvbmYgL2V0Yy9odHRwZC9jb25mLmQvd2VsY29tZS5jb25mX2JhY2t1cAp9CgptYWluKCkgewogICAgdmFsaWRhdGVfZW52aXJvbm1lbnQKICAgIGluc3RhbGxfZWZzX3V0aWxzCiAgICBtb3VudF9lZnMKICAgIGluc3RhbGxfYXBhY2hlX3BocAogICAgY29uZmlndXJlX3dvcmRwcmVzcwogICAgc2V0dXBfZGF0YWJhc2UKICAgIGNvbmZpZ3VyZV93cF9zZXR0aW5ncwogICAgc2VjdXJpdHlfaGFyZGVuaW5nCiAgICBjbGVhbnVwCgogICAgc3lzdGVtY3RsIHJlc3RhcnQgaHR0cGQKICAgIGVjaG8gIldvcmRQcmVzcyBpbnN0YWxsYXRpb24gY29tcGxldGVkIHN1Y2Nlc3NmdWxseSEiCn0KCm1haW4gIiRAIg==",
            "vpc_security_group_ids": [
              "sg-0fe84438557969ae9"
            ]
          },
          "sensitive_attributes": [],
          "private": "bnVsbA==",
          "dependencies": [
            "aws_db_instance.project-rds",
            "aws_db_subnet_group.project-rds",
            "aws_efs_access_point.wordpress",
            "aws_efs_file_system.project-efs",
            "aws_iam_instance_profile.ip",
            "aws_iam_role.ec2_instance_role",
            "aws_kms_key.project-kms",
            "aws_security_group.datalayer-sg",
            "aws_security_group.webserver-sg",
            "aws_subnet.private",
            "aws_vpc.main",
            "data.aws_availability_zones.available",
            "random_shuffle.az_list"
          ],
          "create_before_destroy": true
        }
      ]
    },
    {
      "mode": "managed",
      "type": "aws_lb",
      "name": "ext-alb",
      "provider": "provider[\"registry.terraform.io/hashicorp/aws\"]",
      "instances": [
        {
          "schema_version": 0,
          "attributes": {
            "access_logs": [
              {
                "bucket": "",
                "enabled": false,
                "prefix": ""
              }
            ],
            "arn": "arn:aws:elasticloadbalancing:eu-west-2:412381775336:loadbalancer/app/ext-alb/e2e63bc33f28e69b",
            "arn_suffix": "app/ext-alb/e2e63bc33f28e69b",
            "client_keep_alive": 3600,
            "connection_logs": [
              {
                "bucket": "",
                "enabled": false,
                "prefix": ""
              }
            ],
            "customer_owned_ipv4_pool": "",
            "desync_mitigation_mode": "defensive",
            "dns_name": "ext-alb-1573351467.eu-west-2.elb.amazonaws.com",
            "dns_record_client_routing_policy": null,
            "drop_invalid_header_fields": false,
            "enable_cross_zone_load_balancing": true,
            "enable_deletion_protection": false,
            "enable_http2": true,
            "enable_tls_version_and_cipher_suite_headers": false,
            "enable_waf_fail_open": false,
            "enable_xff_client_port": false,
            "enable_zonal_shift": false,
            "enforce_security_group_inbound_rules_on_private_link_traffic": "",
            "id": "arn:aws:elasticloadbalancing:eu-west-2:412381775336:loadbalancer/app/ext-alb/e2e63bc33f28e69b",
            "idle_timeout": 60,
            "internal": false,
            "ip_address_type": "ipv4",
            "load_balancer_type": "application",
            "name": "ext-alb",
            "name_prefix": "",
            "preserve_host_header": false,
            "security_groups": [
              "sg-03b0350d432de8383"
            ],
            "subnet_mapping": [
              {
                "allocation_id": "",
                "ipv6_address": "",
                "outpost_id": "",
                "private_ipv4_address": "",
                "subnet_id": "subnet-022250ff7a0a7c4ae"
              },
              {
                "allocation_id": "",
                "ipv6_address": "",
                "outpost_id": "",
                "private_ipv4_address": "",
                "subnet_id": "subnet-0699e30c29bc87e44"
              }
            ],
            "subnets": [
              "subnet-022250ff7a0a7c4ae",
              "subnet-0699e30c29bc87e44"
            ],
            "tags": {
              "Environment": "production",
              "Name": "ext-alb",
              "Owner": "Emmanuel@kosenuel.com",
              "Project": "PBL",
              "Terraform": "true"
            },
            "tags_all": {
              "Environment": "production",
              "Name": "ext-alb",
              "Owner": "Emmanuel@kosenuel.com",
              "Project": "PBL",
              "Terraform": "true"
            },
            "timeouts": null,
            "vpc_id": "vpc-083b2309153c374d3",
            "xff_header_processing_mode": "append",
            "zone_id": "ZHURV8PSTC4K8"
          },
          "sensitive_attributes": [],
          "private": "eyJlMmJmYjczMC1lY2FhLTExZTYtOGY4OC0zNDM2M2JjN2M0YzAiOnsiY3JlYXRlIjo2MDAwMDAwMDAwMDAsImRlbGV0ZSI6NjAwMDAwMDAwMDAwLCJ1cGRhdGUiOjYwMDAwMDAwMDAwMH19",
          "dependencies": [
            "aws_security_group.ext-alb-sg",
            "aws_subnet.public",
            "aws_vpc.main",
            "data.aws_availability_zones.available"
          ]
        }
      ]
    },
    {
      "mode": "managed",
      "type": "aws_lb",
      "name": "int-alb",
      "provider": "provider[\"registry.terraform.io/hashicorp/aws\"]",
      "instances": [
        {
          "schema_version": 0,
          "attributes": {
            "access_logs": [
              {
                "bucket": "",
                "enabled": false,
                "prefix": ""
              }
            ],
            "arn": "arn:aws:elasticloadbalancing:eu-west-2:412381775336:loadbalancer/app/int-alb/a95d1709074f77f5",
            "arn_suffix": "app/int-alb/a95d1709074f77f5",
            "client_keep_alive": 3600,
            "connection_logs": [
              {
                "bucket": "",
                "enabled": false,
                "prefix": ""
              }
            ],
            "customer_owned_ipv4_pool": "",
            "desync_mitigation_mode": "defensive",
            "dns_name": "internal-int-alb-1759164133.eu-west-2.elb.amazonaws.com",
            "dns_record_client_routing_policy": null,
            "drop_invalid_header_fields": false,
            "enable_cross_zone_load_balancing": true,
            "enable_deletion_protection": false,
            "enable_http2": true,
            "enable_tls_version_and_cipher_suite_headers": false,
            "enable_waf_fail_open": false,
            "enable_xff_client_port": false,
            "enable_zonal_shift": false,
            "enforce_security_group_inbound_rules_on_private_link_traffic": "",
            "id": "arn:aws:elasticloadbalancing:eu-west-2:412381775336:loadbalancer/app/int-alb/a95d1709074f77f5",
            "idle_timeout": 60,
            "internal": true,
            "ip_address_type": "ipv4",
            "load_balancer_type": "application",
            "name": "int-alb",
            "name_prefix": "",
            "preserve_host_header": false,
            "security_groups": [
              "sg-010e443cc021c7fed"
            ],
            "subnet_mapping": [
              {
                "allocation_id": "",
                "ipv6_address": "",
                "outpost_id": "",
                "private_ipv4_address": "",
                "subnet_id": "subnet-0b6d6f9a61dc493f9"
              },
              {
                "allocation_id": "",
                "ipv6_address": "",
                "outpost_id": "",
                "private_ipv4_address": "",
                "subnet_id": "subnet-0df3d9cbb64fab087"
              },
              {
                "allocation_id": "",
                "ipv6_address": "",
                "outpost_id": "",
                "private_ipv4_address": "",
                "subnet_id": "subnet-0f79c333cf01a648c"
              }
            ],
            "subnets": [
              "subnet-0b6d6f9a61dc493f9",
              "subnet-0df3d9cbb64fab087",
              "subnet-0f79c333cf01a648c"
            ],
            "tags": {
              "Environment": "production",
              "Name": "int-alb",
              "Owner": "Emmanuel@kosenuel.com",
              "Project": "PBL",
              "Terraform": "true"
            },
            "tags_all": {
              "Environment": "production",
              "Name": "int-alb",
              "Owner": "Emmanuel@kosenuel.com",
              "Project": "PBL",
              "Terraform": "true"
            },
            "timeouts": null,
            "vpc_id": "vpc-083b2309153c374d3",
            "xff_header_processing_mode": "append",
            "zone_id": "ZHURV8PSTC4K8"
          },
          "sensitive_attributes": [],
          "private": "eyJlMmJmYjczMC1lY2FhLTExZTYtOGY4OC0zNDM2M2JjN2M0YzAiOnsiY3JlYXRlIjo2MDAwMDAwMDAwMDAsImRlbGV0ZSI6NjAwMDAwMDAwMDAwLCJ1cGRhdGUiOjYwMDAwMDAwMDAwMH19",
          "dependencies": [
            "aws_security_group.int-alb-sg",
            "aws_subnet.private",
            "aws_vpc.main",
            "data.aws_availability_zones.available"
          ],
          "create_before_destroy": true
        }
      ]
    },
    {
      "mode": "managed",
      "type": "aws_lb_listener",
      "name": "ext-alb-listener",
      "provider": "provider[\"registry.terraform.io/hashicorp/aws\"]",
      "instances": [
        {
          "schema_version": 0,
          "attributes": {
            "alpn_policy": null,
            "arn": "arn:aws:elasticloadbalancing:eu-west-2:412381775336:listener/app/ext-alb/e2e63bc33f28e69b/7dfedfa2c329258d",
            "certificate_arn": "arn:aws:acm:eu-west-2:412381775336:certificate/885c9ff5-ac20-4e0c-9d2b-268c26779da3",
            "default_action": [
              {
                "authenticate_cognito": [],
                "authenticate_oidc": [],
                "fixed_response": [],
                "forward": [],
                "order": 1,
                "redirect": [],
                "target_group_arn": "arn:aws:elasticloadbalancing:eu-west-2:412381775336:targetgroup/nginx-tgt/fe568f93338d150f",
                "type": "forward"
              }
            ],
            "id": "arn:aws:elasticloadbalancing:eu-west-2:412381775336:listener/app/ext-alb/e2e63bc33f28e69b/7dfedfa2c329258d",
            "load_balancer_arn": "arn:aws:elasticloadbalancing:eu-west-2:412381775336:loadbalancer/app/ext-alb/e2e63bc33f28e69b",
            "mutual_authentication": [
              {
                "advertise_trust_store_ca_names": "",
                "ignore_client_certificate_expiry": false,
                "mode": "off",
                "trust_store_arn": ""
              }
            ],
            "port": 443,
            "protocol": "HTTPS",
            "ssl_policy": "ELBSecurityPolicy-2016-08",
            "tags": {},
            "tags_all": {},
            "tcp_idle_timeout_seconds": null,
            "timeouts": null
          },
          "sensitive_attributes": [],
          "private": "eyJlMmJmYjczMC1lY2FhLTExZTYtOGY4OC0zNDM2M2JjN2M0YzAiOnsiY3JlYXRlIjozMDAwMDAwMDAwMDAsInVwZGF0ZSI6MzAwMDAwMDAwMDAwfX0=",
          "dependencies": [
            "aws_acm_certificate.project_cert",
            "aws_lb.ext-alb",
            "aws_lb_target_group.nginx-tgt",
            "aws_route53_zone.project_zone",
            "aws_security_group.ext-alb-sg",
            "aws_subnet.public",
            "aws_vpc.main",
            "data.aws_availability_zones.available"
          ]
        }
      ]
    },
    {
      "mode": "managed",
      "type": "aws_lb_listener",
      "name": "int-alb-listener",
      "provider": "provider[\"registry.terraform.io/hashicorp/aws\"]",
      "instances": [
        {
          "schema_version": 0,
          "attributes": {
            "alpn_policy": null,
            "arn": "arn:aws:elasticloadbalancing:eu-west-2:412381775336:listener/app/int-alb/a95d1709074f77f5/18772b54ccfb10b5",
            "certificate_arn": "arn:aws:acm:eu-west-2:412381775336:certificate/885c9ff5-ac20-4e0c-9d2b-268c26779da3",
            "default_action": [
              {
                "authenticate_cognito": [],
                "authenticate_oidc": [],
                "fixed_response": [],
                "forward": [],
                "order": 1,
                "redirect": [],
                "target_group_arn": "arn:aws:elasticloadbalancing:eu-west-2:412381775336:targetgroup/wordpress-tgt/666e87eddc8e252d",
                "type": "forward"
              }
            ],
            "id": "arn:aws:elasticloadbalancing:eu-west-2:412381775336:listener/app/int-alb/a95d1709074f77f5/18772b54ccfb10b5",
            "load_balancer_arn": "arn:aws:elasticloadbalancing:eu-west-2:412381775336:loadbalancer/app/int-alb/a95d1709074f77f5",
            "mutual_authentication": [
              {
                "advertise_trust_store_ca_names": "",
                "ignore_client_certificate_expiry": false,
                "mode": "off",
                "trust_store_arn": ""
              }
            ],
            "port": 443,
            "protocol": "HTTPS",
            "ssl_policy": "ELBSecurityPolicy-2016-08",
            "tags": {},
            "tags_all": {},
            "tcp_idle_timeout_seconds": null,
            "timeouts": null
          },
          "sensitive_attributes": [],
          "private": "eyJlMmJmYjczMC1lY2FhLTExZTYtOGY4OC0zNDM2M2JjN2M0YzAiOnsiY3JlYXRlIjozMDAwMDAwMDAwMDAsInVwZGF0ZSI6MzAwMDAwMDAwMDAwfX0=",
          "dependencies": [
            "aws_acm_certificate.project_cert",
            "aws_lb.int-alb",
            "aws_lb_target_group.wordpress-tgt",
            "aws_route53_zone.project_zone",
            "aws_security_group.int-alb-sg",
            "aws_subnet.private",
            "aws_vpc.main",
            "data.aws_availability_zones.available"
          ]
        }
      ]
    },
    {
      "mode": "managed",
      "type": "aws_lb_listener_rule",
      "name": "tooling-listener",
      "provider": "provider[\"registry.terraform.io/hashicorp/aws\"]",
      "instances": [
        {
          "schema_version": 0,
          "attributes": {
            "action": [
              {
                "authenticate_cognito": [],
                "authenticate_oidc": [],
                "fixed_response": [],
                "forward": [],
                "order": 1,
                "redirect": [],
                "target_group_arn": "arn:aws:elasticloadbalancing:eu-west-2:412381775336:targetgroup/tooling-tgt/3eaac93e92fa9eed",
                "type": "forward"
              }
            ],
            "arn": "arn:aws:elasticloadbalancing:eu-west-2:412381775336:listener-rule/app/int-alb/a95d1709074f77f5/18772b54ccfb10b5/c8d9d0bfce6a6fb5",
            "condition": [
              {
                "host_header": [
                  {
                    "values": [
                      "tooling.kosenuel.ip-ddns.com"
                    ]
                  }
                ],
                "http_header": [],
                "http_request_method": [],
                "path_pattern": [],
                "query_string": [],
                "source_ip": []
              }
            ],
            "id": "arn:aws:elasticloadbalancing:eu-west-2:412381775336:listener-rule/app/int-alb/a95d1709074f77f5/18772b54ccfb10b5/c8d9d0bfce6a6fb5",
            "listener_arn": "arn:aws:elasticloadbalancing:eu-west-2:412381775336:listener/app/int-alb/a95d1709074f77f5/18772b54ccfb10b5",
            "priority": 99,
            "tags": {},
            "tags_all": {}
          },
          "sensitive_attributes": [],
          "private": "bnVsbA==",
          "dependencies": [
            "aws_acm_certificate.project_cert",
            "aws_lb.int-alb",
            "aws_lb_listener.int-alb-listener",
            "aws_lb_target_group.tooling-tgt",
            "aws_lb_target_group.wordpress-tgt",
            "aws_route53_zone.project_zone",
            "aws_security_group.int-alb-sg",
            "aws_subnet.private",
            "aws_vpc.main",
            "data.aws_availability_zones.available"
          ]
        }
      ]
    },
    {
      "mode": "managed",
      "type": "aws_lb_target_group",
      "name": "nginx-tgt",
      "provider": "provider[\"registry.terraform.io/hashicorp/aws\"]",
      "instances": [
        {
          "schema_version": 0,
          "attributes": {
            "arn": "arn:aws:elasticloadbalancing:eu-west-2:412381775336:targetgroup/nginx-tgt/fe568f93338d150f",
            "arn_suffix": "targetgroup/nginx-tgt/fe568f93338d150f",
            "connection_termination": null,
            "deregistration_delay": "300",
            "health_check": [
              {
                "enabled": true,
                "healthy_threshold": 2,
                "interval": 10,
                "matcher": "200",
                "path": "/healthz",
                "port": "traffic-port",
                "protocol": "HTTP",
                "timeout": 5,
                "unhealthy_threshold": 7
              }
            ],
            "id": "arn:aws:elasticloadbalancing:eu-west-2:412381775336:targetgroup/nginx-tgt/fe568f93338d150f",
            "ip_address_type": "ipv4",
            "lambda_multi_value_headers_enabled": false,
            "load_balancer_arns": [
              "arn:aws:elasticloadbalancing:eu-west-2:412381775336:loadbalancer/app/ext-alb/e2e63bc33f28e69b"
            ],
            "load_balancing_algorithm_type": "round_robin",
            "load_balancing_anomaly_mitigation": "off",
            "load_balancing_cross_zone_enabled": "use_load_balancer_configuration",
            "name": "nginx-tgt",
            "name_prefix": "",
            "port": 80,
            "preserve_client_ip": null,
            "protocol": "HTTP",
            "protocol_version": "HTTP1",
            "proxy_protocol_v2": false,
            "slow_start": 0,
            "stickiness": [
              {
                "cookie_duration": 86400,
                "cookie_name": "",
                "enabled": false,
                "type": "lb_cookie"
              }
            ],
            "tags": {
              "Environment": "production",
              "Name": "nginx-tgt",
              "Owner": "Emmanuel@kosenuel.com",
              "Project": "PBL",
              "Terraform": "true"
            },
            "tags_all": {
              "Environment": "production",
              "Name": "nginx-tgt",
              "Owner": "Emmanuel@kosenuel.com",
              "Project": "PBL",
              "Terraform": "true"
            },
            "target_failover": [
              {
                "on_deregistration": null,
                "on_unhealthy": null
              }
            ],
            "target_group_health": [
              {
                "dns_failover": [
                  {
                    "minimum_healthy_targets_count": "1",
                    "minimum_healthy_targets_percentage": "off"
                  }
                ],
                "unhealthy_state_routing": [
                  {
                    "minimum_healthy_targets_count": 1,
                    "minimum_healthy_targets_percentage": "off"
                  }
                ]
              }
            ],
            "target_health_state": [
              {
                "enable_unhealthy_connection_termination": null,
                "unhealthy_draining_interval": null
              }
            ],
            "target_type": "instance",
            "vpc_id": "vpc-083b2309153c374d3"
          },
          "sensitive_attributes": [],
          "private": "bnVsbA==",
          "dependencies": [
            "aws_vpc.main"
          ]
        }
      ]
    },
    {
      "mode": "managed",
      "type": "aws_lb_target_group",
      "name": "tooling-tgt",
      "provider": "provider[\"registry.terraform.io/hashicorp/aws\"]",
      "instances": [
        {
          "schema_version": 0,
          "attributes": {
            "arn": "arn:aws:elasticloadbalancing:eu-west-2:412381775336:targetgroup/tooling-tgt/3eaac93e92fa9eed",
            "arn_suffix": "targetgroup/tooling-tgt/3eaac93e92fa9eed",
            "connection_termination": null,
            "deregistration_delay": "300",
            "health_check": [
              {
                "enabled": true,
                "healthy_threshold": 2,
                "interval": 10,
                "matcher": "200",
                "path": "/healthz",
                "port": "traffic-port",
                "protocol": "HTTP",
                "timeout": 5,
                "unhealthy_threshold": 7
              }
            ],
            "id": "arn:aws:elasticloadbalancing:eu-west-2:412381775336:targetgroup/tooling-tgt/3eaac93e92fa9eed",
            "ip_address_type": "ipv4",
            "lambda_multi_value_headers_enabled": false,
            "load_balancer_arns": [
              "arn:aws:elasticloadbalancing:eu-west-2:412381775336:loadbalancer/app/int-alb/a95d1709074f77f5"
            ],
            "load_balancing_algorithm_type": "round_robin",
            "load_balancing_anomaly_mitigation": "off",
            "load_balancing_cross_zone_enabled": "use_load_balancer_configuration",
            "name": "tooling-tgt",
            "name_prefix": "",
            "port": 80,
            "preserve_client_ip": null,
            "protocol": "HTTP",
            "protocol_version": "HTTP1",
            "proxy_protocol_v2": false,
            "slow_start": 0,
            "stickiness": [
              {
                "cookie_duration": 86400,
                "cookie_name": "",
                "enabled": false,
                "type": "lb_cookie"
              }
            ],
            "tags": {
              "Environment": "production",
              "Name": "tooling-tgt",
              "Owner": "Emmanuel@kosenuel.com",
              "Project": "PBL",
              "Terraform": "true"
            },
            "tags_all": {
              "Environment": "production",
              "Name": "tooling-tgt",
              "Owner": "Emmanuel@kosenuel.com",
              "Project": "PBL",
              "Terraform": "true"
            },
            "target_failover": [
              {
                "on_deregistration": null,
                "on_unhealthy": null
              }
            ],
            "target_group_health": [
              {
                "dns_failover": [
                  {
                    "minimum_healthy_targets_count": "1",
                    "minimum_healthy_targets_percentage": "off"
                  }
                ],
                "unhealthy_state_routing": [
                  {
                    "minimum_healthy_targets_count": 1,
                    "minimum_healthy_targets_percentage": "off"
                  }
                ]
              }
            ],
            "target_health_state": [
              {
                "enable_unhealthy_connection_termination": null,
                "unhealthy_draining_interval": null
              }
            ],
            "target_type": "instance",
            "vpc_id": "vpc-083b2309153c374d3"
          },
          "sensitive_attributes": [],
          "private": "bnVsbA==",
          "dependencies": [
            "aws_vpc.main"
          ]
        }
      ]
    },
    {
      "mode": "managed",
      "type": "aws_lb_target_group",
      "name": "wordpress-tgt",
      "provider": "provider[\"registry.terraform.io/hashicorp/aws\"]",
      "instances": [
        {
          "schema_version": 0,
          "attributes": {
            "arn": "arn:aws:elasticloadbalancing:eu-west-2:412381775336:targetgroup/wordpress-tgt/666e87eddc8e252d",
            "arn_suffix": "targetgroup/wordpress-tgt/666e87eddc8e252d",
            "connection_termination": null,
            "deregistration_delay": "300",
            "health_check": [
              {
                "enabled": true,
                "healthy_threshold": 2,
                "interval": 10,
                "matcher": "200",
                "path": "/healthz",
                "port": "traffic-port",
                "protocol": "HTTP",
                "timeout": 5,
                "unhealthy_threshold": 7
              }
            ],
            "id": "arn:aws:elasticloadbalancing:eu-west-2:412381775336:targetgroup/wordpress-tgt/666e87eddc8e252d",
            "ip_address_type": "ipv4",
            "lambda_multi_value_headers_enabled": false,
            "load_balancer_arns": [
              "arn:aws:elasticloadbalancing:eu-west-2:412381775336:loadbalancer/app/int-alb/a95d1709074f77f5"
            ],
            "load_balancing_algorithm_type": "round_robin",
            "load_balancing_anomaly_mitigation": "off",
            "load_balancing_cross_zone_enabled": "use_load_balancer_configuration",
            "name": "wordpress-tgt",
            "name_prefix": "",
            "port": 80,
            "preserve_client_ip": null,
            "protocol": "HTTP",
            "protocol_version": "HTTP1",
            "proxy_protocol_v2": false,
            "slow_start": 0,
            "stickiness": [
              {
                "cookie_duration": 86400,
                "cookie_name": "",
                "enabled": false,
                "type": "lb_cookie"
              }
            ],
            "tags": {
              "Environment": "production",
              "Name": "wordpress-tgt",
              "Owner": "Emmanuel@kosenuel.com",
              "Project": "PBL",
              "Terraform": "true"
            },
            "tags_all": {
              "Environment": "production",
              "Name": "wordpress-tgt",
              "Owner": "Emmanuel@kosenuel.com",
              "Project": "PBL",
              "Terraform": "true"
            },
            "target_failover": [
              {
                "on_deregistration": null,
                "on_unhealthy": null
              }
            ],
            "target_group_health": [
              {
                "dns_failover": [
                  {
                    "minimum_healthy_targets_count": "1",
                    "minimum_healthy_targets_percentage": "off"
                  }
                ],
                "unhealthy_state_routing": [
                  {
                    "minimum_healthy_targets_count": 1,
                    "minimum_healthy_targets_percentage": "off"
                  }
                ]
              }
            ],
            "target_health_state": [
              {
                "enable_unhealthy_connection_termination": null,
                "unhealthy_draining_interval": null
              }
            ],
            "target_type": "instance",
            "vpc_id": "vpc-083b2309153c374d3"
          },
          "sensitive_attributes": [],
          "private": "bnVsbA==",
          "dependencies": [
            "aws_vpc.main"
          ]
        }
      ]
    },
    {
      "mode": "managed",
      "type": "aws_nat_gateway",
      "name": "nat",
      "provider": "provider[\"registry.terraform.io/hashicorp/aws\"]",
      "instances": [
        {
          "schema_version": 0,
          "attributes": {
            "allocation_id": "eipalloc-0d8acea104f4be7f3",
            "association_id": "eipassoc-0fd74c706c256dfb1",
            "connectivity_type": "public",
            "id": "nat-0e5b930262f079772",
            "network_interface_id": "eni-0d2b45cff0f940e62",
            "private_ip": "172.16.73.218",
            "public_ip": "18.135.25.164",
            "secondary_allocation_ids": [],
            "secondary_private_ip_address_count": 0,
            "secondary_private_ip_addresses": [],
            "subnet_id": "subnet-022250ff7a0a7c4ae",
            "tags": {
              "Environment": "production",
              "Name": "production-NAT-Gateway",
              "Owner": "Emmanuel@kosenuel.com",
              "Project": "PBL",
              "Terraform": "true"
            },
            "tags_all": {
              "Environment": "production",
              "Name": "production-NAT-Gateway",
              "Owner": "Emmanuel@kosenuel.com",
              "Project": "PBL",
              "Terraform": "true"
            },
            "timeouts": null
          },
          "sensitive_attributes": [],
          "private": "eyJlMmJmYjczMC1lY2FhLTExZTYtOGY4OC0zNDM2M2JjN2M0YzAiOnsiY3JlYXRlIjo2MDAwMDAwMDAwMDAsImRlbGV0ZSI6MTgwMDAwMDAwMDAwMCwidXBkYXRlIjo2MDAwMDAwMDAwMDB9fQ==",
          "dependencies": [
            "aws_eip.nat_eip",
            "aws_internet_gateway.igw",
            "aws_subnet.public",
            "aws_vpc.main",
            "data.aws_availability_zones.available"
          ]
        }
      ]
    },
    {
      "mode": "managed",
      "type": "aws_route",
      "name": "public-route",
      "provider": "provider[\"registry.terraform.io/hashicorp/aws\"]",
      "instances": [
        {
          "schema_version": 0,
          "attributes": {
            "carrier_gateway_id": "",
            "core_network_arn": "",
            "destination_cidr_block": "0.0.0.0/0",
            "destination_ipv6_cidr_block": "",
            "destination_prefix_list_id": "",
            "egress_only_gateway_id": "",
            "gateway_id": "igw-00d2b70d09526c39e",
            "id": "r-rtb-06fb64faf021196221080289494",
            "instance_id": "",
            "instance_owner_id": "",
            "local_gateway_id": "",
            "nat_gateway_id": "",
            "network_interface_id": "",
            "origin": "CreateRoute",
            "route_table_id": "rtb-06fb64faf02119622",
            "state": "active",
            "timeouts": null,
            "transit_gateway_id": "",
            "vpc_endpoint_id": "",
            "vpc_peering_connection_id": ""
          },
          "sensitive_attributes": [],
          "private": "eyJlMmJmYjczMC1lY2FhLTExZTYtOGY4OC0zNDM2M2JjN2M0YzAiOnsiY3JlYXRlIjozMDAwMDAwMDAwMDAsImRlbGV0ZSI6MzAwMDAwMDAwMDAwLCJ1cGRhdGUiOjEyMDAwMDAwMDAwMH19",
          "dependencies": [
            "aws_internet_gateway.igw",
            "aws_route_table.public-rtb",
            "aws_vpc.main"
          ]
        }
      ]
    },
    {
      "mode": "managed",
      "type": "aws_route53_record",
      "name": "project_cert_validation",
      "provider": "provider[\"registry.terraform.io/hashicorp/aws\"]",
      "instances": [
        {
          "index_key": "*.kosenuel.ip-ddns.com",
          "schema_version": 2,
          "attributes": {
            "alias": [],
            "allow_overwrite": true,
            "cidr_routing_policy": [],
            "failover_routing_policy": [],
            "fqdn": "_c07d1107c3beebf9385736e846c3586d.kosenuel.ip-ddns.com",
            "geolocation_routing_policy": [],
            "geoproximity_routing_policy": [],
            "health_check_id": "",
            "id": "Z0950523TOEM6VJ92PVS__c07d1107c3beebf9385736e846c3586d.kosenuel.ip-ddns.com._CNAME",
            "latency_routing_policy": [],
            "multivalue_answer_routing_policy": false,
            "name": "_c07d1107c3beebf9385736e846c3586d.kosenuel.ip-ddns.com",
            "records": [
              "_c7cf0d591ac30d58112ee6b10b714f6b.zfyfvmchrl.acm-validations.aws."
            ],
            "set_identifier": "",
            "ttl": 60,
            "type": "CNAME",
            "weighted_routing_policy": [],
            "zone_id": "Z0950523TOEM6VJ92PVS"
          },
          "sensitive_attributes": [],
          "private": "eyJzY2hlbWFfdmVyc2lvbiI6IjIifQ==",
          "dependencies": [
            "aws_acm_certificate.project_cert",
            "aws_route53_zone.project_zone"
          ]
        }
      ]
    },
    {
      "mode": "managed",
      "type": "aws_route53_record",
      "name": "tooling",
      "provider": "provider[\"registry.terraform.io/hashicorp/aws\"]",
      "instances": [
        {
          "schema_version": 2,
          "attributes": {
            "alias": [
              {
                "evaluate_target_health": true,
                "name": "ext-alb-1573351467.eu-west-2.elb.amazonaws.com",
                "zone_id": "ZHURV8PSTC4K8"
              }
            ],
            "allow_overwrite": null,
            "cidr_routing_policy": [],
            "failover_routing_policy": [],
            "fqdn": "tooling.kosenuel.ip-ddns.com",
            "geolocation_routing_policy": [],
            "geoproximity_routing_policy": [],
            "health_check_id": "",
            "id": "Z0950523TOEM6VJ92PVS_tooling.kosenuel.ip-ddns.com_A",
            "latency_routing_policy": [],
            "multivalue_answer_routing_policy": false,
            "name": "tooling.kosenuel.ip-ddns.com",
            "records": [],
            "set_identifier": "",
            "ttl": 0,
            "type": "A",
            "weighted_routing_policy": [],
            "zone_id": "Z0950523TOEM6VJ92PVS"
          },
          "sensitive_attributes": [],
          "private": "eyJzY2hlbWFfdmVyc2lvbiI6IjIifQ==",
          "dependencies": [
            "aws_lb.ext-alb",
            "aws_route53_zone.project_zone",
            "aws_security_group.ext-alb-sg",
            "aws_subnet.public",
            "aws_vpc.main",
            "data.aws_availability_zones.available"
          ]
        }
      ]
    },
    {
      "mode": "managed",
      "type": "aws_route53_record",
      "name": "wordpress",
      "provider": "provider[\"registry.terraform.io/hashicorp/aws\"]",
      "instances": [
        {
          "schema_version": 2,
          "attributes": {
            "alias": [
              {
                "evaluate_target_health": true,
                "name": "ext-alb-1573351467.eu-west-2.elb.amazonaws.com",
                "zone_id": "ZHURV8PSTC4K8"
              }
            ],
            "allow_overwrite": null,
            "cidr_routing_policy": [],
            "failover_routing_policy": [],
            "fqdn": "wordpress.kosenuel.ip-ddns.com",
            "geolocation_routing_policy": [],
            "geoproximity_routing_policy": [],
            "health_check_id": "",
            "id": "Z0950523TOEM6VJ92PVS_wordpress.kosenuel.ip-ddns.com_A",
            "latency_routing_policy": [],
            "multivalue_answer_routing_policy": false,
            "name": "wordpress.kosenuel.ip-ddns.com",
            "records": [],
            "set_identifier": "",
            "ttl": 0,
            "type": "A",
            "weighted_routing_policy": [],
            "zone_id": "Z0950523TOEM6VJ92PVS"
          },
          "sensitive_attributes": [],
          "private": "eyJzY2hlbWFfdmVyc2lvbiI6IjIifQ==",
          "dependencies": [
            "aws_lb.ext-alb",
            "aws_route53_zone.project_zone",
            "aws_security_group.ext-alb-sg",
            "aws_subnet.public",
            "aws_vpc.main",
            "data.aws_availability_zones.available"
          ]
        }
      ]
    },
    {
      "mode": "managed",
      "type": "aws_route53_zone",
      "name": "project_zone",
      "provider": "provider[\"registry.terraform.io/hashicorp/aws\"]",
      "instances": [
        {
          "schema_version": 0,
          "attributes": {
            "arn": "arn:aws:route53:::hostedzone/Z0950523TOEM6VJ92PVS",
            "comment": "Public hosted zone managed by Terraform",
            "delegation_set_id": "",
            "force_destroy": false,
            "id": "Z0950523TOEM6VJ92PVS",
            "name": "kosenuel.ip-ddns.com",
            "name_servers": [
              "ns-1268.awsdns-30.org",
              "ns-1608.awsdns-09.co.uk",
              "ns-480.awsdns-60.com",
              "ns-923.awsdns-51.net"
            ],
            "primary_name_server": "ns-923.awsdns-51.net",
            "tags": {},
            "tags_all": {},
            "vpc": [],
            "zone_id": "Z0950523TOEM6VJ92PVS"
          },
          "sensitive_attributes": [],
          "private": "bnVsbA==",
          "create_before_destroy": true
        }
      ]
    },
    {
      "mode": "managed",
      "type": "aws_route_table",
      "name": "private-rtb",
      "provider": "provider[\"registry.terraform.io/hashicorp/aws\"]",
      "instances": [
        {
          "schema_version": 0,
          "attributes": {
            "arn": "arn:aws:ec2:eu-west-2:412381775336:route-table/rtb-06b6cb55d133fc34b",
            "id": "rtb-06b6cb55d133fc34b",
            "owner_id": "412381775336",
            "propagating_vgws": [],
            "route": [
              {
                "carrier_gateway_id": "",
                "cidr_block": "0.0.0.0/0",
                "core_network_arn": "",
                "destination_prefix_list_id": "",
                "egress_only_gateway_id": "",
                "gateway_id": "",
                "ipv6_cidr_block": "",
                "local_gateway_id": "",
                "nat_gateway_id": "nat-0e5b930262f079772",
                "network_interface_id": "",
                "transit_gateway_id": "",
                "vpc_endpoint_id": "",
                "vpc_peering_connection_id": ""
              }
            ],
            "tags": {
              "Environment": "production",
              "Name": "production-Private-Route-Table",
              "Owner": "Emmanuel@kosenuel.com",
              "Project": "PBL",
              "Terraform": "true"
            },
            "tags_all": {
              "Environment": "production",
              "Name": "production-Private-Route-Table",
              "Owner": "Emmanuel@kosenuel.com",
              "Project": "PBL",
              "Terraform": "true"
            },
            "timeouts": null,
            "vpc_id": "vpc-083b2309153c374d3"
          },
          "sensitive_attributes": [],
          "private": "eyJlMmJmYjczMC1lY2FhLTExZTYtOGY4OC0zNDM2M2JjN2M0YzAiOnsiY3JlYXRlIjozMDAwMDAwMDAwMDAsImRlbGV0ZSI6MzAwMDAwMDAwMDAwLCJ1cGRhdGUiOjEyMDAwMDAwMDAwMH19",
          "dependencies": [
            "aws_eip.nat_eip",
            "aws_internet_gateway.igw",
            "aws_nat_gateway.nat",
            "aws_subnet.public",
            "aws_vpc.main",
            "data.aws_availability_zones.available"
          ]
        }
      ]
    },
    {
      "mode": "managed",
      "type": "aws_route_table",
      "name": "public-rtb",
      "provider": "provider[\"registry.terraform.io/hashicorp/aws\"]",
      "instances": [
        {
          "schema_version": 0,
          "attributes": {
            "arn": "arn:aws:ec2:eu-west-2:412381775336:route-table/rtb-06fb64faf02119622",
            "id": "rtb-06fb64faf02119622",
            "owner_id": "412381775336",
            "propagating_vgws": [],
            "route": [
              {
                "carrier_gateway_id": "",
                "cidr_block": "0.0.0.0/0",
                "core_network_arn": "",
                "destination_prefix_list_id": "",
                "egress_only_gateway_id": "",
                "gateway_id": "igw-00d2b70d09526c39e",
                "ipv6_cidr_block": "",
                "local_gateway_id": "",
                "nat_gateway_id": "",
                "network_interface_id": "",
                "transit_gateway_id": "",
                "vpc_endpoint_id": "",
                "vpc_peering_connection_id": ""
              }
            ],
            "tags": {
              "Environment": "production",
              "Name": "production-Public-Route-Table",
              "Owner": "Emmanuel@kosenuel.com",
              "Project": "PBL",
              "Terraform": "true"
            },
            "tags_all": {
              "Environment": "production",
              "Name": "production-Public-Route-Table",
              "Owner": "Emmanuel@kosenuel.com",
              "Project": "PBL",
              "Terraform": "true"
            },
            "timeouts": null,
            "vpc_id": "vpc-083b2309153c374d3"
          },
          "sensitive_attributes": [],
          "private": "eyJlMmJmYjczMC1lY2FhLTExZTYtOGY4OC0zNDM2M2JjN2M0YzAiOnsiY3JlYXRlIjozMDAwMDAwMDAwMDAsImRlbGV0ZSI6MzAwMDAwMDAwMDAwLCJ1cGRhdGUiOjEyMDAwMDAwMDAwMH19",
          "dependencies": [
            "aws_vpc.main"
          ]
        }
      ]
    },
    {
      "mode": "managed",
      "type": "aws_route_table_association",
      "name": "private-subnets-assoc",
      "provider": "provider[\"registry.terraform.io/hashicorp/aws\"]",
      "instances": [
        {
          "index_key": 0,
          "schema_version": 0,
          "attributes": {
            "gateway_id": "",
            "id": "rtbassoc-09c91ea192aca878e",
            "route_table_id": "rtb-06b6cb55d133fc34b",
            "subnet_id": "subnet-0f79c333cf01a648c",
            "timeouts": null
          },
          "sensitive_attributes": [],
          "private": "eyJlMmJmYjczMC1lY2FhLTExZTYtOGY4OC0zNDM2M2JjN2M0YzAiOnsiY3JlYXRlIjozMDAwMDAwMDAwMDAsImRlbGV0ZSI6MzAwMDAwMDAwMDAwLCJ1cGRhdGUiOjEyMDAwMDAwMDAwMH19",
          "dependencies": [
            "aws_eip.nat_eip",
            "aws_internet_gateway.igw",
            "aws_nat_gateway.nat",
            "aws_route_table.private-rtb",
            "aws_subnet.private",
            "aws_subnet.public",
            "aws_vpc.main",
            "data.aws_availability_zones.available"
          ]
        },
        {
          "index_key": 1,
          "schema_version": 0,
          "attributes": {
            "gateway_id": "",
            "id": "rtbassoc-0307a2616a95b4592",
            "route_table_id": "rtb-06b6cb55d133fc34b",
            "subnet_id": "subnet-0df3d9cbb64fab087",
            "timeouts": null
          },
          "sensitive_attributes": [],
          "private": "eyJlMmJmYjczMC1lY2FhLTExZTYtOGY4OC0zNDM2M2JjN2M0YzAiOnsiY3JlYXRlIjozMDAwMDAwMDAwMDAsImRlbGV0ZSI6MzAwMDAwMDAwMDAwLCJ1cGRhdGUiOjEyMDAwMDAwMDAwMH19",
          "dependencies": [
            "aws_eip.nat_eip",
            "aws_internet_gateway.igw",
            "aws_nat_gateway.nat",
            "aws_route_table.private-rtb",
            "aws_subnet.private",
            "aws_subnet.public",
            "aws_vpc.main",
            "data.aws_availability_zones.available"
          ]
        },
        {
          "index_key": 2,
          "schema_version": 0,
          "attributes": {
            "gateway_id": "",
            "id": "rtbassoc-0ca89446c783aa9fb",
            "route_table_id": "rtb-06b6cb55d133fc34b",
            "subnet_id": "subnet-0b6d6f9a61dc493f9",
            "timeouts": null
          },
          "sensitive_attributes": [],
          "private": "eyJlMmJmYjczMC1lY2FhLTExZTYtOGY4OC0zNDM2M2JjN2M0YzAiOnsiY3JlYXRlIjozMDAwMDAwMDAwMDAsImRlbGV0ZSI6MzAwMDAwMDAwMDAwLCJ1cGRhdGUiOjEyMDAwMDAwMDAwMH19",
          "dependencies": [
            "aws_eip.nat_eip",
            "aws_internet_gateway.igw",
            "aws_nat_gateway.nat",
            "aws_route_table.private-rtb",
            "aws_subnet.private",
            "aws_subnet.public",
            "aws_vpc.main",
            "data.aws_availability_zones.available"
          ]
        },
        {
          "index_key": 3,
          "schema_version": 0,
          "attributes": {
            "gateway_id": "",
            "id": "rtbassoc-0a373ef9e4a506647",
            "route_table_id": "rtb-06b6cb55d133fc34b",
            "subnet_id": "subnet-0986c2d9e5f76b4c8",
            "timeouts": null
          },
          "sensitive_attributes": [],
          "private": "eyJlMmJmYjczMC1lY2FhLTExZTYtOGY4OC0zNDM2M2JjN2M0YzAiOnsiY3JlYXRlIjozMDAwMDAwMDAwMDAsImRlbGV0ZSI6MzAwMDAwMDAwMDAwLCJ1cGRhdGUiOjEyMDAwMDAwMDAwMH19",
          "dependencies": [
            "aws_eip.nat_eip",
            "aws_internet_gateway.igw",
            "aws_nat_gateway.nat",
            "aws_route_table.private-rtb",
            "aws_subnet.private",
            "aws_subnet.public",
            "aws_vpc.main",
            "data.aws_availability_zones.available"
          ]
        }
      ]
    },
    {
      "mode": "managed",
      "type": "aws_route_table_association",
      "name": "public-subnets-assoc",
      "provider": "provider[\"registry.terraform.io/hashicorp/aws\"]",
      "instances": [
        {
          "index_key": 0,
          "schema_version": 0,
          "attributes": {
            "gateway_id": "",
            "id": "rtbassoc-0828e1fbc4915c6b6",
            "route_table_id": "rtb-06fb64faf02119622",
            "subnet_id": "subnet-022250ff7a0a7c4ae",
            "timeouts": null
          },
          "sensitive_attributes": [],
          "private": "eyJlMmJmYjczMC1lY2FhLTExZTYtOGY4OC0zNDM2M2JjN2M0YzAiOnsiY3JlYXRlIjozMDAwMDAwMDAwMDAsImRlbGV0ZSI6MzAwMDAwMDAwMDAwLCJ1cGRhdGUiOjEyMDAwMDAwMDAwMH19",
          "dependencies": [
            "aws_route_table.public-rtb",
            "aws_subnet.public",
            "aws_vpc.main",
            "data.aws_availability_zones.available"
          ]
        },
        {
          "index_key": 1,
          "schema_version": 0,
          "attributes": {
            "gateway_id": "",
            "id": "rtbassoc-0b24ec418e2c8c4f4",
            "route_table_id": "rtb-06fb64faf02119622",
            "subnet_id": "subnet-0699e30c29bc87e44",
            "timeouts": null
          },
          "sensitive_attributes": [],
          "private": "eyJlMmJmYjczMC1lY2FhLTExZTYtOGY4OC0zNDM2M2JjN2M0YzAiOnsiY3JlYXRlIjozMDAwMDAwMDAwMDAsImRlbGV0ZSI6MzAwMDAwMDAwMDAwLCJ1cGRhdGUiOjEyMDAwMDAwMDAwMH19",
          "dependencies": [
            "aws_route_table.public-rtb",
            "aws_subnet.public",
            "aws_vpc.main",
            "data.aws_availability_zones.available"
          ]
        }
      ]
    },
    {
      "mode": "managed",
      "type": "aws_security_group",
      "name": "bastion-sg",
      "provider": "provider[\"registry.terraform.io/hashicorp/aws\"]",
      "instances": [
        {
          "schema_version": 1,
          "attributes": {
            "arn": "arn:aws:ec2:eu-west-2:412381775336:security-group/sg-0b2e2cd060b6cbf68",
            "description": "Security group for Bastion Host Secure Shell (SSH) access",
            "egress": [
              {
                "cidr_blocks": [
                  "0.0.0.0/0"
                ],
                "description": "Allow all traffic",
                "from_port": 0,
                "ipv6_cidr_blocks": [],
                "prefix_list_ids": [],
                "protocol": "-1",
                "security_groups": [],
                "self": false,
                "to_port": 0
              }
            ],
            "id": "sg-0b2e2cd060b6cbf68",
            "ingress": [
              {
                "cidr_blocks": [
                  "0.0.0.0/0"
                ],
                "description": "Allow HTTP traffic from the internet",
                "from_port": 80,
                "ipv6_cidr_blocks": [],
                "prefix_list_ids": [],
                "protocol": "tcp",
                "security_groups": [],
                "self": false,
                "to_port": 80
              },
              {
                "cidr_blocks": [
                  "0.0.0.0/0"
                ],
                "description": "Allow SSH from the internet",
                "from_port": 22,
                "ipv6_cidr_blocks": [],
                "prefix_list_ids": [],
                "protocol": "tcp",
                "security_groups": [],
                "self": false,
                "to_port": 22
              }
            ],
            "name": "bastion-sg",
            "name_prefix": "",
            "owner_id": "412381775336",
            "revoke_rules_on_delete": false,
            "tags": {
              "Environment": "production",
              "Name": "bastion-sg",
              "Owner": "Emmanuel@kosenuel.com",
              "Project": "PBL",
              "Terraform": "true"
            },
            "tags_all": {
              "Environment": "production",
              "Name": "bastion-sg",
              "Owner": "Emmanuel@kosenuel.com",
              "Project": "PBL",
              "Terraform": "true"
            },
            "timeouts": null,
            "vpc_id": "vpc-083b2309153c374d3"
          },
          "sensitive_attributes": [],
          "private": "eyJlMmJmYjczMC1lY2FhLTExZTYtOGY4OC0zNDM2M2JjN2M0YzAiOnsiY3JlYXRlIjo2MDAwMDAwMDAwMDAsImRlbGV0ZSI6OTAwMDAwMDAwMDAwfSwic2NoZW1hX3ZlcnNpb24iOiIxIn0=",
          "dependencies": [
            "aws_vpc.main"
          ]
        }
      ]
    },
    {
      "mode": "managed",
      "type": "aws_security_group",
      "name": "datalayer-sg",
      "provider": "provider[\"registry.terraform.io/hashicorp/aws\"]",
      "instances": [
        {
          "schema_version": 1,
          "attributes": {
            "arn": "arn:aws:ec2:eu-west-2:412381775336:security-group/sg-09d2a9ba50800b8d9",
            "description": "Managed by Terraform",
            "egress": [
              {
                "cidr_blocks": [
                  "0.0.0.0/0"
                ],
                "description": "",
                "from_port": 0,
                "ipv6_cidr_blocks": [],
                "prefix_list_ids": [],
                "protocol": "-1",
                "security_groups": [],
                "self": false,
                "to_port": 0
              }
            ],
            "id": "sg-09d2a9ba50800b8d9",
            "ingress": [
              {
                "cidr_blocks": [],
                "description": "Allow MySQL traffic from Bastion Host",
                "from_port": 3306,
                "ipv6_cidr_blocks": [],
                "prefix_list_ids": [],
                "protocol": "tcp",
                "security_groups": [
                  "sg-0b2e2cd060b6cbf68"
                ],
                "self": false,
                "to_port": 3306
              },
              {
                "cidr_blocks": [],
                "description": "Allow MySQL traffic from Webserver",
                "from_port": 3306,
                "ipv6_cidr_blocks": [],
                "prefix_list_ids": [],
                "protocol": "tcp",
                "security_groups": [
                  "sg-0fe84438557969ae9"
                ],
                "self": false,
                "to_port": 3306
              },
              {
                "cidr_blocks": [],
                "description": "Allow NFS traffic from Webserver",
                "from_port": 2049,
                "ipv6_cidr_blocks": [],
                "prefix_list_ids": [],
                "protocol": "tcp",
                "security_groups": [
                  "sg-0fe84438557969ae9"
                ],
                "self": false,
                "to_port": 2049
              }
            ],
            "name": "datalayer-sg",
            "name_prefix": "",
            "owner_id": "412381775336",
            "revoke_rules_on_delete": false,
            "tags": {
              "Environment": "production",
              "Name": "datalayer-sg",
              "Owner": "Emmanuel@kosenuel.com",
              "Project": "PBL",
              "Terraform": "true"
            },
            "tags_all": {
              "Environment": "production",
              "Name": "datalayer-sg",
              "Owner": "Emmanuel@kosenuel.com",
              "Project": "PBL",
              "Terraform": "true"
            },
            "timeouts": null,
            "vpc_id": "vpc-083b2309153c374d3"
          },
          "sensitive_attributes": [],
          "private": "eyJlMmJmYjczMC1lY2FhLTExZTYtOGY4OC0zNDM2M2JjN2M0YzAiOnsiY3JlYXRlIjo2MDAwMDAwMDAwMDAsImRlbGV0ZSI6OTAwMDAwMDAwMDAwfSwic2NoZW1hX3ZlcnNpb24iOiIxIn0=",
          "dependencies": [
            "aws_vpc.main"
          ]
        }
      ]
    },
    {
      "mode": "managed",
      "type": "aws_security_group",
      "name": "ext-alb-sg",
      "provider": "provider[\"registry.terraform.io/hashicorp/aws\"]",
      "instances": [
        {
          "schema_version": 1,
          "attributes": {
            "arn": "arn:aws:ec2:eu-west-2:412381775336:security-group/sg-03b0350d432de8383",
            "description": "Allow HTTP/HTTPS/SSH inbound traffic",
            "egress": [
              {
                "cidr_blocks": [
                  "0.0.0.0/0"
                ],
                "description": "Allow all traffic",
                "from_port": 0,
                "ipv6_cidr_blocks": [],
                "prefix_list_ids": [],
                "protocol": "-1",
                "security_groups": [],
                "self": false,
                "to_port": 0
              }
            ],
            "id": "sg-03b0350d432de8383",
            "ingress": [
              {
                "cidr_blocks": [
                  "0.0.0.0/0"
                ],
                "description": "HTTP from the internet",
                "from_port": 80,
                "ipv6_cidr_blocks": [],
                "prefix_list_ids": [],
                "protocol": "tcp",
                "security_groups": [],
                "self": false,
                "to_port": 80
              },
              {
                "cidr_blocks": [
                  "0.0.0.0/0"
                ],
                "description": "HTTPS from the internet",
                "from_port": 443,
                "ipv6_cidr_blocks": [],
                "prefix_list_ids": [],
                "protocol": "tcp",
                "security_groups": [],
                "self": false,
                "to_port": 443
              },
              {
                "cidr_blocks": [
                  "0.0.0.0/0"
                ],
                "description": "SSH from the internet",
                "from_port": 22,
                "ipv6_cidr_blocks": [],
                "prefix_list_ids": [],
                "protocol": "tcp",
                "security_groups": [],
                "self": false,
                "to_port": 22
              }
            ],
            "name": "ext-alb-sg",
            "name_prefix": "",
            "owner_id": "412381775336",
            "revoke_rules_on_delete": false,
            "tags": {
              "Environment": "production",
              "Name": "ext-alb-sg",
              "Owner": "Emmanuel@kosenuel.com",
              "Project": "PBL",
              "Terraform": "true"
            },
            "tags_all": {
              "Environment": "production",
              "Name": "ext-alb-sg",
              "Owner": "Emmanuel@kosenuel.com",
              "Project": "PBL",
              "Terraform": "true"
            },
            "timeouts": null,
            "vpc_id": "vpc-083b2309153c374d3"
          },
          "sensitive_attributes": [],
          "private": "eyJlMmJmYjczMC1lY2FhLTExZTYtOGY4OC0zNDM2M2JjN2M0YzAiOnsiY3JlYXRlIjo2MDAwMDAwMDAwMDAsImRlbGV0ZSI6OTAwMDAwMDAwMDAwfSwic2NoZW1hX3ZlcnNpb24iOiIxIn0=",
          "dependencies": [
            "aws_vpc.main"
          ]
        }
      ]
    },
    {
      "mode": "managed",
      "type": "aws_security_group",
      "name": "int-alb-sg",
      "provider": "provider[\"registry.terraform.io/hashicorp/aws\"]",
      "instances": [
        {
          "schema_version": 1,
          "attributes": {
            "arn": "arn:aws:ec2:eu-west-2:412381775336:security-group/sg-010e443cc021c7fed",
            "description": "Managed by Terraform",
            "egress": [
              {
                "cidr_blocks": [
                  "0.0.0.0/0"
                ],
                "description": "",
                "from_port": 0,
                "ipv6_cidr_blocks": [],
                "prefix_list_ids": [],
                "protocol": "-1",
                "security_groups": [],
                "self": false,
                "to_port": 0
              }
            ],
            "id": "sg-010e443cc021c7fed",
            "ingress": [
              {
                "cidr_blocks": [],
                "description": "",
                "from_port": 443,
                "ipv6_cidr_blocks": [],
                "prefix_list_ids": [],
                "protocol": "tcp",
                "security_groups": [
                  "sg-0de819c0b378bf1bf"
                ],
                "self": false,
                "to_port": 443
              }
            ],
            "name": "int-alb-sg",
            "name_prefix": "",
            "owner_id": "412381775336",
            "revoke_rules_on_delete": false,
            "tags": {
              "Environment": "production",
              "Name": "int-alb-sg",
              "Owner": "Emmanuel@kosenuel.com",
              "Project": "PBL",
              "Terraform": "true"
            },
            "tags_all": {
              "Environment": "production",
              "Name": "int-alb-sg",
              "Owner": "Emmanuel@kosenuel.com",
              "Project": "PBL",
              "Terraform": "true"
            },
            "timeouts": null,
            "vpc_id": "vpc-083b2309153c374d3"
          },
          "sensitive_attributes": [],
          "private": "eyJlMmJmYjczMC1lY2FhLTExZTYtOGY4OC0zNDM2M2JjN2M0YzAiOnsiY3JlYXRlIjo2MDAwMDAwMDAwMDAsImRlbGV0ZSI6OTAwMDAwMDAwMDAwfSwic2NoZW1hX3ZlcnNpb24iOiIxIn0=",
          "dependencies": [
            "aws_vpc.main"
          ],
          "create_before_destroy": true
        }
      ]
    },
    {
      "mode": "managed",
      "type": "aws_security_group",
      "name": "nginx-sg",
      "provider": "provider[\"registry.terraform.io/hashicorp/aws\"]",
      "instances": [
        {
          "schema_version": 1,
          "attributes": {
            "arn": "arn:aws:ec2:eu-west-2:412381775336:security-group/sg-0de819c0b378bf1bf",
            "description": "Managed by Terraform",
            "egress": [
              {
                "cidr_blocks": [
                  "0.0.0.0/0"
                ],
                "description": "Allow all traffic",
                "from_port": 0,
                "ipv6_cidr_blocks": [],
                "prefix_list_ids": [],
                "protocol": "-1",
                "security_groups": [],
                "self": false,
                "to_port": 0
              }
            ],
            "id": "sg-0de819c0b378bf1bf",
            "ingress": [
              {
                "cidr_blocks": [],
                "description": "",
                "from_port": 22,
                "ipv6_cidr_blocks": [],
                "prefix_list_ids": [],
                "protocol": "tcp",
                "security_groups": [
                  "sg-0b2e2cd060b6cbf68"
                ],
                "self": false,
                "to_port": 22
              },
              {
                "cidr_blocks": [],
                "description": "",
                "from_port": 443,
                "ipv6_cidr_blocks": [],
                "prefix_list_ids": [],
                "protocol": "tcp",
                "security_groups": [
                  "sg-03b0350d432de8383"
                ],
                "self": false,
                "to_port": 443
              }
            ],
            "name": "nginx-sg",
            "name_prefix": "",
            "owner_id": "412381775336",
            "revoke_rules_on_delete": false,
            "tags": {
              "Environment": "production",
              "Name": "nginx-sg",
              "Owner": "Emmanuel@kosenuel.com",
              "Project": "PBL",
              "Terraform": "true"
            },
            "tags_all": {
              "Environment": "production",
              "Name": "nginx-sg",
              "Owner": "Emmanuel@kosenuel.com",
              "Project": "PBL",
              "Terraform": "true"
            },
            "timeouts": null,
            "vpc_id": "vpc-083b2309153c374d3"
          },
          "sensitive_attributes": [],
          "private": "eyJlMmJmYjczMC1lY2FhLTExZTYtOGY4OC0zNDM2M2JjN2M0YzAiOnsiY3JlYXRlIjo2MDAwMDAwMDAwMDAsImRlbGV0ZSI6OTAwMDAwMDAwMDAwfSwic2NoZW1hX3ZlcnNpb24iOiIxIn0=",
          "dependencies": [
            "aws_vpc.main"
          ]
        }
      ]
    },
    {
      "mode": "managed",
      "type": "aws_security_group",
      "name": "webserver-sg",
      "provider": "provider[\"registry.terraform.io/hashicorp/aws\"]",
      "instances": [
        {
          "schema_version": 1,
          "attributes": {
            "arn": "arn:aws:ec2:eu-west-2:412381775336:security-group/sg-0fe84438557969ae9",
            "description": "Managed by Terraform",
            "egress": [
              {
                "cidr_blocks": [
                  "0.0.0.0/0"
                ],
                "description": "Allow all traffic",
                "from_port": 0,
                "ipv6_cidr_blocks": [],
                "prefix_list_ids": [],
                "protocol": "-1",
                "security_groups": [],
                "self": false,
                "to_port": 0
              }
            ],
            "id": "sg-0fe84438557969ae9",
            "ingress": [
              {
                "cidr_blocks": [],
                "description": "Allow HTTP traffic from bastion Security group for testing purposes",
                "from_port": 80,
                "ipv6_cidr_blocks": [],
                "prefix_list_ids": [],
                "protocol": "tcp",
                "security_groups": [
                  "sg-010e443cc021c7fed",
                  "sg-0b2e2cd060b6cbf68"
                ],
                "self": false,
                "to_port": 80
              },
              {
                "cidr_blocks": [],
                "description": "Allow HTTPS traffic from Internal ALB",
                "from_port": 443,
                "ipv6_cidr_blocks": [],
                "prefix_list_ids": [],
                "protocol": "tcp",
                "security_groups": [
                  "sg-010e443cc021c7fed"
                ],
                "self": false,
                "to_port": 443
              },
              {
                "cidr_blocks": [],
                "description": "Allow SSH traffic from Bastion Host",
                "from_port": 22,
                "ipv6_cidr_blocks": [],
                "prefix_list_ids": [],
                "protocol": "tcp",
                "security_groups": [
                  "sg-0b2e2cd060b6cbf68"
                ],
                "self": false,
                "to_port": 22
              }
            ],
            "name": "webserver-sg",
            "name_prefix": "",
            "owner_id": "412381775336",
            "revoke_rules_on_delete": false,
            "tags": {},
            "tags_all": {},
            "timeouts": null,
            "vpc_id": "vpc-083b2309153c374d3"
          },
          "sensitive_attributes": [],
          "private": "eyJlMmJmYjczMC1lY2FhLTExZTYtOGY4OC0zNDM2M2JjN2M0YzAiOnsiY3JlYXRlIjo2MDAwMDAwMDAwMDAsImRlbGV0ZSI6OTAwMDAwMDAwMDAwfSwic2NoZW1hX3ZlcnNpb24iOiIxIn0=",
          "dependencies": [
            "aws_vpc.main"
          ]
        }
      ]
    },
    {
      "mode": "managed",
      "type": "aws_security_group_rule",
      "name": "inbound-bastion-ssh",
      "provider": "provider[\"registry.terraform.io/hashicorp/aws\"]",
      "instances": [
        {
          "schema_version": 2,
          "attributes": {
            "cidr_blocks": null,
            "description": null,
            "from_port": 22,
            "id": "sgrule-4233047703",
            "ipv6_cidr_blocks": null,
            "prefix_list_ids": null,
            "protocol": "tcp",
            "security_group_id": "sg-0de819c0b378bf1bf",
            "security_group_rule_id": "sgr-0596ee6d61646061f",
            "self": false,
            "source_security_group_id": "sg-0b2e2cd060b6cbf68",
            "timeouts": null,
            "to_port": 22,
            "type": "ingress"
          },
          "sensitive_attributes": [],
          "private": "eyJlMmJmYjczMC1lY2FhLTExZTYtOGY4OC0zNDM2M2JjN2M0YzAiOnsiY3JlYXRlIjozMDAwMDAwMDAwMDB9LCJzY2hlbWFfdmVyc2lvbiI6IjIifQ==",
          "dependencies": [
            "aws_security_group.bastion-sg",
            "aws_security_group.nginx-sg",
            "aws_vpc.main"
          ]
        }
      ]
    },
    {
      "mode": "managed",
      "type": "aws_security_group_rule",
      "name": "inbound-ialb-https",
      "provider": "provider[\"registry.terraform.io/hashicorp/aws\"]",
      "instances": [
        {
          "schema_version": 2,
          "attributes": {
            "cidr_blocks": null,
            "description": null,
            "from_port": 443,
            "id": "sgrule-3901597366",
            "ipv6_cidr_blocks": null,
            "prefix_list_ids": null,
            "protocol": "tcp",
            "security_group_id": "sg-010e443cc021c7fed",
            "security_group_rule_id": "sgr-01d1a5f26bf2484c4",
            "self": false,
            "source_security_group_id": "sg-0de819c0b378bf1bf",
            "timeouts": null,
            "to_port": 443,
            "type": "ingress"
          },
          "sensitive_attributes": [],
          "private": "eyJlMmJmYjczMC1lY2FhLTExZTYtOGY4OC0zNDM2M2JjN2M0YzAiOnsiY3JlYXRlIjozMDAwMDAwMDAwMDB9LCJzY2hlbWFfdmVyc2lvbiI6IjIifQ==",
          "dependencies": [
            "aws_security_group.int-alb-sg",
            "aws_security_group.nginx-sg",
            "aws_vpc.main"
          ]
        }
      ]
    },
    {
      "mode": "managed",
      "type": "aws_security_group_rule",
      "name": "inbound-mysql-bastion",
      "provider": "provider[\"registry.terraform.io/hashicorp/aws\"]",
      "instances": [
        {
          "schema_version": 2,
          "attributes": {
            "cidr_blocks": null,
            "description": "Allow MySQL traffic from Bastion Host",
            "from_port": 3306,
            "id": "sgrule-2930887249",
            "ipv6_cidr_blocks": null,
            "prefix_list_ids": null,
            "protocol": "tcp",
            "security_group_id": "sg-09d2a9ba50800b8d9",
            "security_group_rule_id": "sgr-0d6380b87d084f85a",
            "self": false,
            "source_security_group_id": "sg-0b2e2cd060b6cbf68",
            "timeouts": null,
            "to_port": 3306,
            "type": "ingress"
          },
          "sensitive_attributes": [],
          "private": "eyJlMmJmYjczMC1lY2FhLTExZTYtOGY4OC0zNDM2M2JjN2M0YzAiOnsiY3JlYXRlIjozMDAwMDAwMDAwMDB9LCJzY2hlbWFfdmVyc2lvbiI6IjIifQ==",
          "dependencies": [
            "aws_security_group.bastion-sg",
            "aws_security_group.datalayer-sg",
            "aws_vpc.main"
          ]
        }
      ]
    },
    {
      "mode": "managed",
      "type": "aws_security_group_rule",
      "name": "inbound-mysql-webserver",
      "provider": "provider[\"registry.terraform.io/hashicorp/aws\"]",
      "instances": [
        {
          "schema_version": 2,
          "attributes": {
            "cidr_blocks": null,
            "description": "Allow MySQL traffic from Webserver",
            "from_port": 3306,
            "id": "sgrule-4288050767",
            "ipv6_cidr_blocks": null,
            "prefix_list_ids": null,
            "protocol": "tcp",
            "security_group_id": "sg-09d2a9ba50800b8d9",
            "security_group_rule_id": "sgr-0e3d5b88ce10707a2",
            "self": false,
            "source_security_group_id": "sg-0fe84438557969ae9",
            "timeouts": null,
            "to_port": 3306,
            "type": "ingress"
          },
          "sensitive_attributes": [],
          "private": "eyJlMmJmYjczMC1lY2FhLTExZTYtOGY4OC0zNDM2M2JjN2M0YzAiOnsiY3JlYXRlIjozMDAwMDAwMDAwMDB9LCJzY2hlbWFfdmVyc2lvbiI6IjIifQ==",
          "dependencies": [
            "aws_security_group.datalayer-sg",
            "aws_security_group.webserver-sg",
            "aws_vpc.main"
          ]
        }
      ]
    },
    {
      "mode": "managed",
      "type": "aws_security_group_rule",
      "name": "inbound-nfs-port",
      "provider": "provider[\"registry.terraform.io/hashicorp/aws\"]",
      "instances": [
        {
          "schema_version": 2,
          "attributes": {
            "cidr_blocks": null,
            "description": "Allow NFS traffic from Webserver",
            "from_port": 2049,
            "id": "sgrule-1817241285",
            "ipv6_cidr_blocks": null,
            "prefix_list_ids": null,
            "protocol": "tcp",
            "security_group_id": "sg-09d2a9ba50800b8d9",
            "security_group_rule_id": "sgr-0f3d3e7fd7ad75209",
            "self": false,
            "source_security_group_id": "sg-0fe84438557969ae9",
            "timeouts": null,
            "to_port": 2049,
            "type": "ingress"
          },
          "sensitive_attributes": [],
          "private": "eyJlMmJmYjczMC1lY2FhLTExZTYtOGY4OC0zNDM2M2JjN2M0YzAiOnsiY3JlYXRlIjozMDAwMDAwMDAwMDB9LCJzY2hlbWFfdmVyc2lvbiI6IjIifQ==",
          "dependencies": [
            "aws_security_group.datalayer-sg",
            "aws_security_group.webserver-sg",
            "aws_vpc.main"
          ]
        }
      ]
    },
    {
      "mode": "managed",
      "type": "aws_security_group_rule",
      "name": "inbound-nginx-https",
      "provider": "provider[\"registry.terraform.io/hashicorp/aws\"]",
      "instances": [
        {
          "schema_version": 2,
          "attributes": {
            "cidr_blocks": null,
            "description": null,
            "from_port": 443,
            "id": "sgrule-337829798",
            "ipv6_cidr_blocks": null,
            "prefix_list_ids": null,
            "protocol": "tcp",
            "security_group_id": "sg-0de819c0b378bf1bf",
            "security_group_rule_id": "sgr-08c6c70aa6c0d1174",
            "self": false,
            "source_security_group_id": "sg-03b0350d432de8383",
            "timeouts": null,
            "to_port": 443,
            "type": "ingress"
          },
          "sensitive_attributes": [],
          "private": "eyJlMmJmYjczMC1lY2FhLTExZTYtOGY4OC0zNDM2M2JjN2M0YzAiOnsiY3JlYXRlIjozMDAwMDAwMDAwMDB9LCJzY2hlbWFfdmVyc2lvbiI6IjIifQ==",
          "dependencies": [
            "aws_security_group.ext-alb-sg",
            "aws_security_group.nginx-sg",
            "aws_vpc.main"
          ]
        }
      ]
    },
    {
      "mode": "managed",
      "type": "aws_security_group_rule",
      "name": "inbound-web-http",
      "provider": "provider[\"registry.terraform.io/hashicorp/aws\"]",
      "instances": [
        {
          "schema_version": 2,
          "attributes": {
            "cidr_blocks": null,
            "description": "Allow HTTP traffic from bastion Security group for testing purposes",
            "from_port": 80,
            "id": "sgrule-721414371",
            "ipv6_cidr_blocks": null,
            "prefix_list_ids": null,
            "protocol": "tcp",
            "security_group_id": "sg-0fe84438557969ae9",
            "security_group_rule_id": "sgr-04202d2710340f065",
            "self": false,
            "source_security_group_id": "sg-0b2e2cd060b6cbf68",
            "timeouts": null,
            "to_port": 80,
            "type": "ingress"
          },
          "sensitive_attributes": [],
          "private": "eyJlMmJmYjczMC1lY2FhLTExZTYtOGY4OC0zNDM2M2JjN2M0YzAiOnsiY3JlYXRlIjozMDAwMDAwMDAwMDB9LCJzY2hlbWFfdmVyc2lvbiI6IjIifQ==",
          "dependencies": [
            "aws_security_group.bastion-sg",
            "aws_security_group.webserver-sg",
            "aws_vpc.main"
          ]
        }
      ]
    },
    {
      "mode": "managed",
      "type": "aws_security_group_rule",
      "name": "inbound-web-http-intAlb",
      "provider": "provider[\"registry.terraform.io/hashicorp/aws\"]",
      "instances": [
        {
          "schema_version": 2,
          "attributes": {
            "cidr_blocks": null,
            "description": "Allow HTTP traffic from bastion Security group for testing purposes",
            "from_port": 80,
            "id": "sgrule-1315459729",
            "ipv6_cidr_blocks": null,
            "prefix_list_ids": null,
            "protocol": "tcp",
            "security_group_id": "sg-0fe84438557969ae9",
            "security_group_rule_id": "sgr-03253e08c624b9cde",
            "self": false,
            "source_security_group_id": "sg-010e443cc021c7fed",
            "timeouts": null,
            "to_port": 80,
            "type": "ingress"
          },
          "sensitive_attributes": [],
          "private": "eyJlMmJmYjczMC1lY2FhLTExZTYtOGY4OC0zNDM2M2JjN2M0YzAiOnsiY3JlYXRlIjozMDAwMDAwMDAwMDB9LCJzY2hlbWFfdmVyc2lvbiI6IjIifQ==",
          "dependencies": [
            "aws_security_group.int-alb-sg",
            "aws_security_group.webserver-sg",
            "aws_vpc.main"
          ]
        }
      ]
    },
    {
      "mode": "managed",
      "type": "aws_security_group_rule",
      "name": "inbound-web-https",
      "provider": "provider[\"registry.terraform.io/hashicorp/aws\"]",
      "instances": [
        {
          "schema_version": 2,
          "attributes": {
            "cidr_blocks": null,
            "description": "Allow HTTPS traffic from Internal ALB",
            "from_port": 443,
            "id": "sgrule-2167319710",
            "ipv6_cidr_blocks": null,
            "prefix_list_ids": null,
            "protocol": "tcp",
            "security_group_id": "sg-0fe84438557969ae9",
            "security_group_rule_id": "sgr-0b8a6174e1412b39a",
            "self": false,
            "source_security_group_id": "sg-010e443cc021c7fed",
            "timeouts": null,
            "to_port": 443,
            "type": "ingress"
          },
          "sensitive_attributes": [],
          "private": "eyJlMmJmYjczMC1lY2FhLTExZTYtOGY4OC0zNDM2M2JjN2M0YzAiOnsiY3JlYXRlIjozMDAwMDAwMDAwMDB9LCJzY2hlbWFfdmVyc2lvbiI6IjIifQ==",
          "dependencies": [
            "aws_security_group.int-alb-sg",
            "aws_security_group.webserver-sg",
            "aws_vpc.main"
          ]
        }
      ]
    },
    {
      "mode": "managed",
      "type": "aws_security_group_rule",
      "name": "inbound-web-ssh",
      "provider": "provider[\"registry.terraform.io/hashicorp/aws\"]",
      "instances": [
        {
          "schema_version": 2,
          "attributes": {
            "cidr_blocks": null,
            "description": "Allow SSH traffic from Bastion Host",
            "from_port": 22,
            "id": "sgrule-3217127147",
            "ipv6_cidr_blocks": null,
            "prefix_list_ids": null,
            "protocol": "tcp",
            "security_group_id": "sg-0fe84438557969ae9",
            "security_group_rule_id": "sgr-0cf7fe068ef23b7eb",
            "self": false,
            "source_security_group_id": "sg-0b2e2cd060b6cbf68",
            "timeouts": null,
            "to_port": 22,
            "type": "ingress"
          },
          "sensitive_attributes": [],
          "private": "eyJlMmJmYjczMC1lY2FhLTExZTYtOGY4OC0zNDM2M2JjN2M0YzAiOnsiY3JlYXRlIjozMDAwMDAwMDAwMDB9LCJzY2hlbWFfdmVyc2lvbiI6IjIifQ==",
          "dependencies": [
            "aws_security_group.bastion-sg",
            "aws_security_group.webserver-sg",
            "aws_vpc.main"
          ]
        }
      ]
    },
    {
      "mode": "managed",
      "type": "aws_sns_topic",
      "name": "project-sns",
      "provider": "provider[\"registry.terraform.io/hashicorp/aws\"]",
      "instances": [
        {
          "schema_version": 0,
          "attributes": {
            "application_failure_feedback_role_arn": "",
            "application_success_feedback_role_arn": "",
            "application_success_feedback_sample_rate": 0,
            "archive_policy": "",
            "arn": "arn:aws:sns:eu-west-2:412381775336:Default_CloudWatch_Alarms_Topic",
            "beginning_archive_time": "",
            "content_based_deduplication": false,
            "delivery_policy": "",
            "display_name": "",
            "fifo_topic": false,
            "firehose_failure_feedback_role_arn": "",
            "firehose_success_feedback_role_arn": "",
            "firehose_success_feedback_sample_rate": 0,
            "http_failure_feedback_role_arn": "",
            "http_success_feedback_role_arn": "",
            "http_success_feedback_sample_rate": 0,
            "id": "arn:aws:sns:eu-west-2:412381775336:Default_CloudWatch_Alarms_Topic",
            "kms_master_key_id": "",
            "lambda_failure_feedback_role_arn": "",
            "lambda_success_feedback_role_arn": "",
            "lambda_success_feedback_sample_rate": 0,
            "name": "Default_CloudWatch_Alarms_Topic",
            "name_prefix": "",
            "owner": "412381775336",
            "policy": "{\"Id\":\"__default_policy_ID\",\"Statement\":[{\"Action\":[\"SNS:GetTopicAttributes\",\"SNS:SetTopicAttributes\",\"SNS:AddPermission\",\"SNS:RemovePermission\",\"SNS:DeleteTopic\",\"SNS:Subscribe\",\"SNS:ListSubscriptionsByTopic\",\"SNS:Publish\"],\"Condition\":{\"StringEquals\":{\"AWS:SourceOwner\":\"412381775336\"}},\"Effect\":\"Allow\",\"Principal\":{\"AWS\":\"*\"},\"Resource\":\"arn:aws:sns:eu-west-2:412381775336:Default_CloudWatch_Alarms_Topic\",\"Sid\":\"__default_statement_ID\"}],\"Version\":\"2008-10-17\"}",
            "signature_version": 0,
            "sqs_failure_feedback_role_arn": "",
            "sqs_success_feedback_role_arn": "",
            "sqs_success_feedback_sample_rate": 0,
            "tags": {},
            "tags_all": {},
            "tracing_config": ""
          },
          "sensitive_attributes": [],
          "private": "bnVsbA=="
        }
      ]
    },
    {
      "mode": "managed",
      "type": "aws_subnet",
      "name": "private",
      "provider": "provider[\"registry.terraform.io/hashicorp/aws\"]",
      "instances": [
        {
          "index_key": 0,
          "schema_version": 1,
          "attributes": {
            "arn": "arn:aws:ec2:eu-west-2:412381775336:subnet/subnet-0f79c333cf01a648c",
            "assign_ipv6_address_on_creation": false,
            "availability_zone": "eu-west-2a",
            "availability_zone_id": "euw2-az2",
            "cidr_block": "172.16.0.0/20",
            "customer_owned_ipv4_pool": "",
            "enable_dns64": false,
            "enable_lni_at_device_index": 0,
            "enable_resource_name_dns_a_record_on_launch": false,
            "enable_resource_name_dns_aaaa_record_on_launch": false,
            "id": "subnet-0f79c333cf01a648c",
            "ipv6_cidr_block": "",
            "ipv6_cidr_block_association_id": "",
            "ipv6_native": false,
            "map_customer_owned_ip_on_launch": false,
            "map_public_ip_on_launch": false,
            "outpost_arn": "",
            "owner_id": "412381775336",
            "private_dns_hostname_type_on_launch": "ip-name",
            "tags": {
              "Environment": "production",
              "Name": "Private-Subnet-1",
              "Owner": "Emmanuel@kosenuel.com",
              "Project": "PBL",
              "Terraform": "true"
            },
            "tags_all": {
              "Environment": "production",
              "Name": "Private-Subnet-1",
              "Owner": "Emmanuel@kosenuel.com",
              "Project": "PBL",
              "Terraform": "true"
            },
            "timeouts": null,
            "vpc_id": "vpc-083b2309153c374d3"
          },
          "sensitive_attributes": [],
          "private": "eyJlMmJmYjczMC1lY2FhLTExZTYtOGY4OC0zNDM2M2JjN2M0YzAiOnsiY3JlYXRlIjo2MDAwMDAwMDAwMDAsImRlbGV0ZSI6MTIwMDAwMDAwMDAwMH0sInNjaGVtYV92ZXJzaW9uIjoiMSJ9",
          "dependencies": [
            "aws_vpc.main",
            "data.aws_availability_zones.available"
          ]
        },
        {
          "index_key": 1,
          "schema_version": 1,
          "attributes": {
            "arn": "arn:aws:ec2:eu-west-2:412381775336:subnet/subnet-0df3d9cbb64fab087",
            "assign_ipv6_address_on_creation": false,
            "availability_zone": "eu-west-2b",
            "availability_zone_id": "euw2-az3",
            "cidr_block": "172.16.16.0/20",
            "customer_owned_ipv4_pool": "",
            "enable_dns64": false,
            "enable_lni_at_device_index": 0,
            "enable_resource_name_dns_a_record_on_launch": false,
            "enable_resource_name_dns_aaaa_record_on_launch": false,
            "id": "subnet-0df3d9cbb64fab087",
            "ipv6_cidr_block": "",
            "ipv6_cidr_block_association_id": "",
            "ipv6_native": false,
            "map_customer_owned_ip_on_launch": false,
            "map_public_ip_on_launch": false,
            "outpost_arn": "",
            "owner_id": "412381775336",
            "private_dns_hostname_type_on_launch": "ip-name",
            "tags": {
              "Environment": "production",
              "Name": "Private-Subnet-2",
              "Owner": "Emmanuel@kosenuel.com",
              "Project": "PBL",
              "Terraform": "true"
            },
            "tags_all": {
              "Environment": "production",
              "Name": "Private-Subnet-2",
              "Owner": "Emmanuel@kosenuel.com",
              "Project": "PBL",
              "Terraform": "true"
            },
            "timeouts": null,
            "vpc_id": "vpc-083b2309153c374d3"
          },
          "sensitive_attributes": [],
          "private": "eyJlMmJmYjczMC1lY2FhLTExZTYtOGY4OC0zNDM2M2JjN2M0YzAiOnsiY3JlYXRlIjo2MDAwMDAwMDAwMDAsImRlbGV0ZSI6MTIwMDAwMDAwMDAwMH0sInNjaGVtYV92ZXJzaW9uIjoiMSJ9",
          "dependencies": [
            "aws_vpc.main",
            "data.aws_availability_zones.available"
          ]
        },
        {
          "index_key": 2,
          "schema_version": 1,
          "attributes": {
            "arn": "arn:aws:ec2:eu-west-2:412381775336:subnet/subnet-0b6d6f9a61dc493f9",
            "assign_ipv6_address_on_creation": false,
            "availability_zone": "eu-west-2c",
            "availability_zone_id": "euw2-az1",
            "cidr_block": "172.16.32.0/20",
            "customer_owned_ipv4_pool": "",
            "enable_dns64": false,
            "enable_lni_at_device_index": 0,
            "enable_resource_name_dns_a_record_on_launch": false,
            "enable_resource_name_dns_aaaa_record_on_launch": false,
            "id": "subnet-0b6d6f9a61dc493f9",
            "ipv6_cidr_block": "",
            "ipv6_cidr_block_association_id": "",
            "ipv6_native": false,
            "map_customer_owned_ip_on_launch": false,
            "map_public_ip_on_launch": false,
            "outpost_arn": "",
            "owner_id": "412381775336",
            "private_dns_hostname_type_on_launch": "ip-name",
            "tags": {
              "Environment": "production",
              "Name": "Private-Subnet-3",
              "Owner": "Emmanuel@kosenuel.com",
              "Project": "PBL",
              "Terraform": "true"
            },
            "tags_all": {
              "Environment": "production",
              "Name": "Private-Subnet-3",
              "Owner": "Emmanuel@kosenuel.com",
              "Project": "PBL",
              "Terraform": "true"
            },
            "timeouts": null,
            "vpc_id": "vpc-083b2309153c374d3"
          },
          "sensitive_attributes": [],
          "private": "eyJlMmJmYjczMC1lY2FhLTExZTYtOGY4OC0zNDM2M2JjN2M0YzAiOnsiY3JlYXRlIjo2MDAwMDAwMDAwMDAsImRlbGV0ZSI6MTIwMDAwMDAwMDAwMH0sInNjaGVtYV92ZXJzaW9uIjoiMSJ9",
          "dependencies": [
            "aws_vpc.main",
            "data.aws_availability_zones.available"
          ]
        },
        {
          "index_key": 3,
          "schema_version": 1,
          "attributes": {
            "arn": "arn:aws:ec2:eu-west-2:412381775336:subnet/subnet-0986c2d9e5f76b4c8",
            "assign_ipv6_address_on_creation": false,
            "availability_zone": "eu-west-2a",
            "availability_zone_id": "euw2-az2",
            "cidr_block": "172.16.48.0/20",
            "customer_owned_ipv4_pool": "",
            "enable_dns64": false,
            "enable_lni_at_device_index": 0,
            "enable_resource_name_dns_a_record_on_launch": false,
            "enable_resource_name_dns_aaaa_record_on_launch": false,
            "id": "subnet-0986c2d9e5f76b4c8",
            "ipv6_cidr_block": "",
            "ipv6_cidr_block_association_id": "",
            "ipv6_native": false,
            "map_customer_owned_ip_on_launch": false,
            "map_public_ip_on_launch": false,
            "outpost_arn": "",
            "owner_id": "412381775336",
            "private_dns_hostname_type_on_launch": "ip-name",
            "tags": {
              "Environment": "production",
              "Name": "Private-Subnet-4",
              "Owner": "Emmanuel@kosenuel.com",
              "Project": "PBL",
              "Terraform": "true"
            },
            "tags_all": {
              "Environment": "production",
              "Name": "Private-Subnet-4",
              "Owner": "Emmanuel@kosenuel.com",
              "Project": "PBL",
              "Terraform": "true"
            },
            "timeouts": null,
            "vpc_id": "vpc-083b2309153c374d3"
          },
          "sensitive_attributes": [],
          "private": "eyJlMmJmYjczMC1lY2FhLTExZTYtOGY4OC0zNDM2M2JjN2M0YzAiOnsiY3JlYXRlIjo2MDAwMDAwMDAwMDAsImRlbGV0ZSI6MTIwMDAwMDAwMDAwMH0sInNjaGVtYV92ZXJzaW9uIjoiMSJ9",
          "dependencies": [
            "aws_vpc.main",
            "data.aws_availability_zones.available"
          ]
        }
      ]
    },
    {
      "mode": "managed",
      "type": "aws_subnet",
      "name": "public",
      "provider": "provider[\"registry.terraform.io/hashicorp/aws\"]",
      "instances": [
        {
          "index_key": 0,
          "schema_version": 1,
          "attributes": {
            "arn": "arn:aws:ec2:eu-west-2:412381775336:subnet/subnet-022250ff7a0a7c4ae",
            "assign_ipv6_address_on_creation": false,
            "availability_zone": "eu-west-2a",
            "availability_zone_id": "euw2-az2",
            "cidr_block": "172.16.64.0/20",
            "customer_owned_ipv4_pool": "",
            "enable_dns64": false,
            "enable_lni_at_device_index": 0,
            "enable_resource_name_dns_a_record_on_launch": false,
            "enable_resource_name_dns_aaaa_record_on_launch": false,
            "id": "subnet-022250ff7a0a7c4ae",
            "ipv6_cidr_block": "",
            "ipv6_cidr_block_association_id": "",
            "ipv6_native": false,
            "map_customer_owned_ip_on_launch": false,
            "map_public_ip_on_launch": true,
            "outpost_arn": "",
            "owner_id": "412381775336",
            "private_dns_hostname_type_on_launch": "ip-name",
            "tags": {
              "Environment": "production",
              "Name": "Public-Subnet-1",
              "Owner": "Emmanuel@kosenuel.com",
              "Project": "PBL",
              "Terraform": "true"
            },
            "tags_all": {
              "Environment": "production",
              "Name": "Public-Subnet-1",
              "Owner": "Emmanuel@kosenuel.com",
              "Project": "PBL",
              "Terraform": "true"
            },
            "timeouts": null,
            "vpc_id": "vpc-083b2309153c374d3"
          },
          "sensitive_attributes": [],
          "private": "eyJlMmJmYjczMC1lY2FhLTExZTYtOGY4OC0zNDM2M2JjN2M0YzAiOnsiY3JlYXRlIjo2MDAwMDAwMDAwMDAsImRlbGV0ZSI6MTIwMDAwMDAwMDAwMH0sInNjaGVtYV92ZXJzaW9uIjoiMSJ9",
          "dependencies": [
            "aws_vpc.main",
            "data.aws_availability_zones.available"
          ]
        },
        {
          "index_key": 1,
          "schema_version": 1,
          "attributes": {
            "arn": "arn:aws:ec2:eu-west-2:412381775336:subnet/subnet-0699e30c29bc87e44",
            "assign_ipv6_address_on_creation": false,
            "availability_zone": "eu-west-2b",
            "availability_zone_id": "euw2-az3",
            "cidr_block": "172.16.80.0/20",
            "customer_owned_ipv4_pool": "",
            "enable_dns64": false,
            "enable_lni_at_device_index": 0,
            "enable_resource_name_dns_a_record_on_launch": false,
            "enable_resource_name_dns_aaaa_record_on_launch": false,
            "id": "subnet-0699e30c29bc87e44",
            "ipv6_cidr_block": "",
            "ipv6_cidr_block_association_id": "",
            "ipv6_native": false,
            "map_customer_owned_ip_on_launch": false,
            "map_public_ip_on_launch": true,
            "outpost_arn": "",
            "owner_id": "412381775336",
            "private_dns_hostname_type_on_launch": "ip-name",
            "tags": {
              "Environment": "production",
              "Name": "Public-Subnet-2",
              "Owner": "Emmanuel@kosenuel.com",
              "Project": "PBL",
              "Terraform": "true"
            },
            "tags_all": {
              "Environment": "production",
              "Name": "Public-Subnet-2",
              "Owner": "Emmanuel@kosenuel.com",
              "Project": "PBL",
              "Terraform": "true"
            },
            "timeouts": null,
            "vpc_id": "vpc-083b2309153c374d3"
          },
          "sensitive_attributes": [],
          "private": "eyJlMmJmYjczMC1lY2FhLTExZTYtOGY4OC0zNDM2M2JjN2M0YzAiOnsiY3JlYXRlIjo2MDAwMDAwMDAwMDAsImRlbGV0ZSI6MTIwMDAwMDAwMDAwMH0sInNjaGVtYV92ZXJzaW9uIjoiMSJ9",
          "dependencies": [
            "aws_vpc.main",
            "data.aws_availability_zones.available"
          ]
        }
      ]
    },
    {
      "mode": "managed",
      "type": "aws_vpc",
      "name": "main",
      "provider": "provider[\"registry.terraform.io/hashicorp/aws\"]",
      "instances": [
        {
          "schema_version": 1,
          "attributes": {
            "arn": "arn:aws:ec2:eu-west-2:412381775336:vpc/vpc-083b2309153c374d3",
            "assign_generated_ipv6_cidr_block": false,
            "cidr_block": "172.16.0.0/16",
            "default_network_acl_id": "acl-0c69c832c1ca3d6fb",
            "default_route_table_id": "rtb-00d91f4d386d0c4da",
            "default_security_group_id": "sg-0447ca12ef1262d9e",
            "dhcp_options_id": "dopt-05f965a184964a6be",
            "enable_dns_hostnames": true,
            "enable_dns_support": true,
            "enable_network_address_usage_metrics": false,
            "id": "vpc-083b2309153c374d3",
            "instance_tenancy": "default",
            "ipv4_ipam_pool_id": null,
            "ipv4_netmask_length": null,
            "ipv6_association_id": "",
            "ipv6_cidr_block": "",
            "ipv6_cidr_block_network_border_group": "",
            "ipv6_ipam_pool_id": "",
            "ipv6_netmask_length": 0,
            "main_route_table_id": "rtb-00d91f4d386d0c4da",
            "owner_id": "412381775336",
            "tags": {
              "Environment": "production",
              "Name": "Production-VPC",
              "Owner": "Emmanuel@kosenuel.com",
              "Project": "PBL",
              "Terraform": "true"
            },
            "tags_all": {
              "Environment": "production",
              "Name": "Production-VPC",
              "Owner": "Emmanuel@kosenuel.com",
              "Project": "PBL",
              "Terraform": "true"
            }
          },
          "sensitive_attributes": [],
          "private": "eyJzY2hlbWFfdmVyc2lvbiI6IjEifQ=="
        }
      ]
    },
    {
      "mode": "managed",
      "type": "random_shuffle",
      "name": "az_list",
      "provider": "provider[\"registry.terraform.io/hashicorp/random\"]",
      "instances": [
        {
          "schema_version": 0,
          "attributes": {
            "id": "-",
            "input": [
              "eu-west-2a",
              "eu-west-2b",
              "eu-west-2c"
            ],
            "keepers": null,
            "result": [
              "eu-west-2b",
              "eu-west-2c",
              "eu-west-2a"
            ],
            "result_count": null,
            "seed": null
          },
          "sensitive_attributes": [],
          "dependencies": [
            "data.aws_availability_zones.available"
          ],
          "create_before_destroy": true
        }
      ]
    }
  ],
  "check_results": null
}
